
Microsoft Visual Studio Solution File, Format Version 12.00
# Visual Studio Version 16
VisualStudioVersion = 16.0.29324.140
MinimumVisualStudioVersion = 10.0.40219.1
Project("{FAE04EC0-301F-11D3-BF4B-00C04F79EFBC}") = "Client", "Client\Client.csproj", "{F2AF6BEB-EBA6-46FE-987A-8438603C4290}"
EndProject
Global
	GlobalSection(SolutionConfigurationPlatforms) = preSolution
		Debug|Any CPU = Debug|Any CPU
		Release|Any CPU = Release|Any CPU
	EndGlobalSection
	GlobalSection(ProjectConfigurationPlatforms) = postSolution
		{F2AF6BEB-EBA6-46FE-987A-8438603C4290}.Debug|Any CPU.ActiveCfg = Debug|Any CPU
		{F2AF6BEB-EBA6-46FE-987A-8438603C4290}.Debug|Any CPU.Build.0 = Debug|Any CPU
		{F2AF6BEB-EBA6-46FE-987A-8438603C4290}.Release|Any CPU.ActiveCfg = Release|Any CPU
		{F2AF6BEB-EBA6-46FE-987A-8438603C4290}.Release|Any CPU.Build.0 = Release|Any CPU
	EndGlobalSection
	GlobalSection(SolutionProperties) = preSolution
		HideSolutionNode = FALSE
	EndGlobalSection
	GlobalSection(ExtensibilityGlobals) = postSolution
		SolutionGuid = {DA7DC16B-96F3-4F4B-BB1A-DCB7369A2D6E}
	EndGlobalSection
EndGlobal
