
Microsoft Visual Studio Solution File, Format Version 12.00
# Visual Studio 15
VisualStudioVersion = 15.0.27703.2042
MinimumVisualStudioVersion = 10.0.40219.1
Project("{FAE04EC0-301F-11D3-BF4B-00C04F79EFBC}") = "SplitParServer", "SplitParServer\SplitParServer.csproj", "{DC7A3834-1BC3-4D94-8DA8-237074B26575}"
EndProject
Project("{FAE04EC0-301F-11D3-BF4B-00C04F79EFBC}") = "SplitParClient", "SplitParClient\SplitParClient.csproj", "{1999F111-B7CE-491D-A96D-4637F753051C}"
EndProject
Project("{FAE04EC0-301F-11D3-BF4B-00C04F79EFBC}") = "CommonLib", "CommonLib\CommonLib.csproj", "{1E0DFFB3-6175-457A-80C4-859B073F790C}"
EndProject
Global
	GlobalSection(SolutionConfigurationPlatforms) = preSolution
		Checked|.NET = Checked|.NET
		Checked|Any CPU = Checked|Any CPU
		Checked|Mixed Platforms = Checked|Mixed Platforms
		Checked|x86 = Checked|x86
		Debug|.NET = Debug|.NET
		Debug|Any CPU = Debug|Any CPU
		Debug|Mixed Platforms = Debug|Mixed Platforms
		Debug|x86 = Debug|x86
		HWSW|.NET = HWSW|.NET
		HWSW|Any CPU = HWSW|Any CPU
		HWSW|Mixed Platforms = HWSW|Mixed Platforms
		HWSW|x86 = HWSW|x86
		Internal|.NET = Internal|.NET
		Internal|Any CPU = Internal|Any CPU
		Internal|Mixed Platforms = Internal|Mixed Platforms
		Internal|x86 = Internal|x86
		QED|.NET = QED|.NET
		QED|Any CPU = QED|Any CPU
		QED|Mixed Platforms = QED|Mixed Platforms
		QED|x86 = QED|x86
		Release|.NET = Release|.NET
		Release|Any CPU = Release|Any CPU
		Release|Mixed Platforms = Release|Mixed Platforms
		Release|x86 = Release|x86
		z3apidebug|.NET = z3apidebug|.NET
		z3apidebug|Any CPU = z3apidebug|Any CPU
		z3apidebug|Mixed Platforms = z3apidebug|Mixed Platforms
		z3apidebug|x86 = z3apidebug|x86
	EndGlobalSection
	GlobalSection(ProjectConfigurationPlatforms) = postSolution
		{DC7A3834-1BC3-4D94-8DA8-237074B26575}.Checked|.NET.ActiveCfg = Release|Any CPU
		{DC7A3834-1BC3-4D94-8DA8-237074B26575}.Checked|.NET.Build.0 = Release|Any CPU
		{DC7A3834-1BC3-4D94-8DA8-237074B26575}.Checked|Any CPU.ActiveCfg = Release|Any CPU
		{DC7A3834-1BC3-4D94-8DA8-237074B26575}.Checked|Any CPU.Build.0 = Release|Any CPU
		{DC7A3834-1BC3-4D94-8DA8-237074B26575}.Checked|Mixed Platforms.ActiveCfg = Release|Any CPU
		{DC7A3834-1BC3-4D94-8DA8-237074B26575}.Checked|Mixed Platforms.Build.0 = Release|Any CPU
		{DC7A3834-1BC3-4D94-8DA8-237074B26575}.Checked|x86.ActiveCfg = Release|Any CPU
		{DC7A3834-1BC3-4D94-8DA8-237074B26575}.Checked|x86.Build.0 = Release|Any CPU
		{DC7A3834-1BC3-4D94-8DA8-237074B26575}.Debug|.NET.ActiveCfg = Debug|Any CPU
		{DC7A3834-1BC3-4D94-8DA8-237074B26575}.Debug|.NET.Build.0 = Debug|Any CPU
		{DC7A3834-1BC3-4D94-8DA8-237074B26575}.Debug|Any CPU.ActiveCfg = Debug|Any CPU
		{DC7A3834-1BC3-4D94-8DA8-237074B26575}.Debug|Any CPU.Build.0 = Debug|Any CPU
		{DC7A3834-1BC3-4D94-8DA8-237074B26575}.Debug|Mixed Platforms.ActiveCfg = Debug|Any CPU
		{DC7A3834-1BC3-4D94-8DA8-237074B26575}.Debug|Mixed Platforms.Build.0 = Debug|Any CPU
		{DC7A3834-1BC3-4D94-8DA8-237074B26575}.Debug|x86.ActiveCfg = Debug|Any CPU
		{DC7A3834-1BC3-4D94-8DA8-237074B26575}.Debug|x86.Build.0 = Debug|Any CPU
		{DC7A3834-1BC3-4D94-8DA8-237074B26575}.HWSW|.NET.ActiveCfg = Release|Any CPU
		{DC7A3834-1BC3-4D94-8DA8-237074B26575}.HWSW|.NET.Build.0 = Release|Any CPU
		{DC7A3834-1BC3-4D94-8DA8-237074B26575}.HWSW|Any CPU.ActiveCfg = Release|Any CPU
		{DC7A3834-1BC3-4D94-8DA8-237074B26575}.HWSW|Any CPU.Build.0 = Release|Any CPU
		{DC7A3834-1BC3-4D94-8DA8-237074B26575}.HWSW|Mixed Platforms.ActiveCfg = Release|Any CPU
		{DC7A3834-1BC3-4D94-8DA8-237074B26575}.HWSW|Mixed Platforms.Build.0 = Release|Any CPU
		{DC7A3834-1BC3-4D94-8DA8-237074B26575}.HWSW|x86.ActiveCfg = Release|Any CPU
		{DC7A3834-1BC3-4D94-8DA8-237074B26575}.HWSW|x86.Build.0 = Release|Any CPU
		{DC7A3834-1BC3-4D94-8DA8-237074B26575}.Internal|.NET.ActiveCfg = Release|Any CPU
		{DC7A3834-1BC3-4D94-8DA8-237074B26575}.Internal|.NET.Build.0 = Release|Any CPU
		{DC7A3834-1BC3-4D94-8DA8-237074B26575}.Internal|Any CPU.ActiveCfg = Release|Any CPU
		{DC7A3834-1BC3-4D94-8DA8-237074B26575}.Internal|Any CPU.Build.0 = Release|Any CPU
		{DC7A3834-1BC3-4D94-8DA8-237074B26575}.Internal|Mixed Platforms.ActiveCfg = Release|Any CPU
		{DC7A3834-1BC3-4D94-8DA8-237074B26575}.Internal|Mixed Platforms.Build.0 = Release|Any CPU
		{DC7A3834-1BC3-4D94-8DA8-237074B26575}.Internal|x86.ActiveCfg = Release|Any CPU
		{DC7A3834-1BC3-4D94-8DA8-237074B26575}.Internal|x86.Build.0 = Release|Any CPU
		{DC7A3834-1BC3-4D94-8DA8-237074B26575}.QED|.NET.ActiveCfg = Release|Any CPU
		{DC7A3834-1BC3-4D94-8DA8-237074B26575}.QED|.NET.Build.0 = Release|Any CPU
		{DC7A3834-1BC3-4D94-8DA8-237074B26575}.QED|Any CPU.ActiveCfg = Release|Any CPU
		{DC7A3834-1BC3-4D94-8DA8-237074B26575}.QED|Any CPU.Build.0 = Release|Any CPU
		{DC7A3834-1BC3-4D94-8DA8-237074B26575}.QED|Mixed Platforms.ActiveCfg = Release|Any CPU
		{DC7A3834-1BC3-4D94-8DA8-237074B26575}.QED|Mixed Platforms.Build.0 = Release|Any CPU
		{DC7A3834-1BC3-4D94-8DA8-237074B26575}.QED|x86.ActiveCfg = Release|Any CPU
		{DC7A3834-1BC3-4D94-8DA8-237074B26575}.QED|x86.Build.0 = Release|Any CPU
		{DC7A3834-1BC3-4D94-8DA8-237074B26575}.Release|.NET.ActiveCfg = Release|Any CPU
		{DC7A3834-1BC3-4D94-8DA8-237074B26575}.Release|.NET.Build.0 = Release|Any CPU
		{DC7A3834-1BC3-4D94-8DA8-237074B26575}.Release|Any CPU.ActiveCfg = Release|Any CPU
		{DC7A3834-1BC3-4D94-8DA8-237074B26575}.Release|Any CPU.Build.0 = Release|Any CPU
		{DC7A3834-1BC3-4D94-8DA8-237074B26575}.Release|Mixed Platforms.ActiveCfg = Release|Any CPU
		{DC7A3834-1BC3-4D94-8DA8-237074B26575}.Release|Mixed Platforms.Build.0 = Release|Any CPU
		{DC7A3834-1BC3-4D94-8DA8-237074B26575}.Release|x86.ActiveCfg = Release|Any CPU
		{DC7A3834-1BC3-4D94-8DA8-237074B26575}.Release|x86.Build.0 = Release|Any CPU
		{DC7A3834-1BC3-4D94-8DA8-237074B26575}.z3apidebug|.NET.ActiveCfg = Release|Any CPU
		{DC7A3834-1BC3-4D94-8DA8-237074B26575}.z3apidebug|.NET.Build.0 = Release|Any CPU
		{DC7A3834-1BC3-4D94-8DA8-237074B26575}.z3apidebug|Any CPU.ActiveCfg = Release|Any CPU
		{DC7A3834-1BC3-4D94-8DA8-237074B26575}.z3apidebug|Any CPU.Build.0 = Release|Any CPU
		{DC7A3834-1BC3-4D94-8DA8-237074B26575}.z3apidebug|Mixed Platforms.ActiveCfg = Release|Any CPU
		{DC7A3834-1BC3-4D94-8DA8-237074B26575}.z3apidebug|Mixed Platforms.Build.0 = Release|Any CPU
		{DC7A3834-1BC3-4D94-8DA8-237074B26575}.z3apidebug|x86.ActiveCfg = Release|Any CPU
		{DC7A3834-1BC3-4D94-8DA8-237074B26575}.z3apidebug|x86.Build.0 = Release|Any CPU
		{1999F111-B7CE-491D-A96D-4637F753051C}.Checked|.NET.ActiveCfg = Release|Any CPU
		{1999F111-B7CE-491D-A96D-4637F753051C}.Checked|.NET.Build.0 = Release|Any CPU
		{1999F111-B7CE-491D-A96D-4637F753051C}.Checked|Any CPU.ActiveCfg = Release|Any CPU
		{1999F111-B7CE-491D-A96D-4637F753051C}.Checked|Any CPU.Build.0 = Release|Any CPU
		{1999F111-B7CE-491D-A96D-4637F753051C}.Checked|Mixed Platforms.ActiveCfg = Release|Any CPU
		{1999F111-B7CE-491D-A96D-4637F753051C}.Checked|Mixed Platforms.Build.0 = Release|Any CPU
		{1999F111-B7CE-491D-A96D-4637F753051C}.Checked|x86.ActiveCfg = Release|Any CPU
		{1999F111-B7CE-491D-A96D-4637F753051C}.Checked|x86.Build.0 = Release|Any CPU
		{1999F111-B7CE-491D-A96D-4637F753051C}.Debug|.NET.ActiveCfg = Debug|Any CPU
		{1999F111-B7CE-491D-A96D-4637F753051C}.Debug|.NET.Build.0 = Debug|Any CPU
		{1999F111-B7CE-491D-A96D-4637F753051C}.Debug|Any CPU.ActiveCfg = Debug|Any CPU
		{1999F111-B7CE-491D-A96D-4637F753051C}.Debug|Any CPU.Build.0 = Debug|Any CPU
		{1999F111-B7CE-491D-A96D-4637F753051C}.Debug|Mixed Platforms.ActiveCfg = Debug|Any CPU
		{1999F111-B7CE-491D-A96D-4637F753051C}.Debug|Mixed Platforms.Build.0 = Debug|Any CPU
		{1999F111-B7CE-491D-A96D-4637F753051C}.Debug|x86.ActiveCfg = Debug|Any CPU
		{1999F111-B7CE-491D-A96D-4637F753051C}.Debug|x86.Build.0 = Debug|Any CPU
		{1999F111-B7CE-491D-A96D-4637F753051C}.HWSW|.NET.ActiveCfg = Release|Any CPU
		{1999F111-B7CE-491D-A96D-4637F753051C}.HWSW|.NET.Build.0 = Release|Any CPU
		{1999F111-B7CE-491D-A96D-4637F753051C}.HWSW|Any CPU.ActiveCfg = Release|Any CPU
		{1999F111-B7CE-491D-A96D-4637F753051C}.HWSW|Any CPU.Build.0 = Release|Any CPU
		{1999F111-B7CE-491D-A96D-4637F753051C}.HWSW|Mixed Platforms.ActiveCfg = Release|Any CPU
		{1999F111-B7CE-491D-A96D-4637F753051C}.HWSW|Mixed Platforms.Build.0 = Release|Any CPU
		{1999F111-B7CE-491D-A96D-4637F753051C}.HWSW|x86.ActiveCfg = Release|Any CPU
		{1999F111-B7CE-491D-A96D-4637F753051C}.HWSW|x86.Build.0 = Release|Any CPU
		{1999F111-B7CE-491D-A96D-4637F753051C}.Internal|.NET.ActiveCfg = Release|Any CPU
		{1999F111-B7CE-491D-A96D-4637F753051C}.Internal|.NET.Build.0 = Release|Any CPU
		{1999F111-B7CE-491D-A96D-4637F753051C}.Internal|Any CPU.ActiveCfg = Release|Any CPU
		{1999F111-B7CE-491D-A96D-4637F753051C}.Internal|Any CPU.Build.0 = Release|Any CPU
		{1999F111-B7CE-491D-A96D-4637F753051C}.Internal|Mixed Platforms.ActiveCfg = Release|Any CPU
		{1999F111-B7CE-491D-A96D-4637F753051C}.Internal|Mixed Platforms.Build.0 = Release|Any CPU
		{1999F111-B7CE-491D-A96D-4637F753051C}.Internal|x86.ActiveCfg = Release|Any CPU
		{1999F111-B7CE-491D-A96D-4637F753051C}.Internal|x86.Build.0 = Release|Any CPU
		{1999F111-B7CE-491D-A96D-4637F753051C}.QED|.NET.ActiveCfg = Release|Any CPU
		{1999F111-B7CE-491D-A96D-4637F753051C}.QED|.NET.Build.0 = Release|Any CPU
		{1999F111-B7CE-491D-A96D-4637F753051C}.QED|Any CPU.ActiveCfg = Release|Any CPU
		{1999F111-B7CE-491D-A96D-4637F753051C}.QED|Any CPU.Build.0 = Release|Any CPU
		{1999F111-B7CE-491D-A96D-4637F753051C}.QED|Mixed Platforms.ActiveCfg = Release|Any CPU
		{1999F111-B7CE-491D-A96D-4637F753051C}.QED|Mixed Platforms.Build.0 = Release|Any CPU
		{1999F111-B7CE-491D-A96D-4637F753051C}.QED|x86.ActiveCfg = Release|Any CPU
		{1999F111-B7CE-491D-A96D-4637F753051C}.QED|x86.Build.0 = Release|Any CPU
		{1999F111-B7CE-491D-A96D-4637F753051C}.Release|.NET.ActiveCfg = Release|Any CPU
		{1999F111-B7CE-491D-A96D-4637F753051C}.Release|.NET.Build.0 = Release|Any CPU
		{1999F111-B7CE-491D-A96D-4637F753051C}.Release|Any CPU.ActiveCfg = Release|Any CPU
		{1999F111-B7CE-491D-A96D-4637F753051C}.Release|Any CPU.Build.0 = Release|Any CPU
		{1999F111-B7CE-491D-A96D-4637F753051C}.Release|Mixed Platforms.ActiveCfg = Release|Any CPU
		{1999F111-B7CE-491D-A96D-4637F753051C}.Release|Mixed Platforms.Build.0 = Release|Any CPU
		{1999F111-B7CE-491D-A96D-4637F753051C}.Release|x86.ActiveCfg = Release|Any CPU
		{1999F111-B7CE-491D-A96D-4637F753051C}.Release|x86.Build.0 = Release|Any CPU
		{1999F111-B7CE-491D-A96D-4637F753051C}.z3apidebug|.NET.ActiveCfg = Release|Any CPU
		{1999F111-B7CE-491D-A96D-4637F753051C}.z3apidebug|.NET.Build.0 = Release|Any CPU
		{1999F111-B7CE-491D-A96D-4637F753051C}.z3apidebug|Any CPU.ActiveCfg = Release|Any CPU
		{1999F111-B7CE-491D-A96D-4637F753051C}.z3apidebug|Any CPU.Build.0 = Release|Any CPU
		{1999F111-B7CE-491D-A96D-4637F753051C}.z3apidebug|Mixed Platforms.ActiveCfg = Release|Any CPU
		{1999F111-B7CE-491D-A96D-4637F753051C}.z3apidebug|Mixed Platforms.Build.0 = Release|Any CPU
		{1999F111-B7CE-491D-A96D-4637F753051C}.z3apidebug|x86.ActiveCfg = Release|Any CPU
		{1999F111-B7CE-491D-A96D-4637F753051C}.z3apidebug|x86.Build.0 = Release|Any CPU
		{1E0DFFB3-6175-457A-80C4-859B073F790C}.Checked|.NET.ActiveCfg = Release|Any CPU
		{1E0DFFB3-6175-457A-80C4-859B073F790C}.Checked|.NET.Build.0 = Release|Any CPU
		{1E0DFFB3-6175-457A-80C4-859B073F790C}.Checked|Any CPU.ActiveCfg = Release|Any CPU
		{1E0DFFB3-6175-457A-80C4-859B073F790C}.Checked|Any CPU.Build.0 = Release|Any CPU
		{1E0DFFB3-6175-457A-80C4-859B073F790C}.Checked|Mixed Platforms.ActiveCfg = Release|Any CPU
		{1E0DFFB3-6175-457A-80C4-859B073F790C}.Checked|Mixed Platforms.Build.0 = Release|Any CPU
		{1E0DFFB3-6175-457A-80C4-859B073F790C}.Checked|x86.ActiveCfg = Release|Any CPU
		{1E0DFFB3-6175-457A-80C4-859B073F790C}.Checked|x86.Build.0 = Release|Any CPU
		{1E0DFFB3-6175-457A-80C4-859B073F790C}.Debug|.NET.ActiveCfg = Debug|Any CPU
		{1E0DFFB3-6175-457A-80C4-859B073F790C}.Debug|.NET.Build.0 = Debug|Any CPU
		{1E0DFFB3-6175-457A-80C4-859B073F790C}.Debug|Any CPU.ActiveCfg = Debug|Any CPU
		{1E0DFFB3-6175-457A-80C4-859B073F790C}.Debug|Any CPU.Build.0 = Debug|Any CPU
		{1E0DFFB3-6175-457A-80C4-859B073F790C}.Debug|Mixed Platforms.ActiveCfg = Debug|Any CPU
		{1E0DFFB3-6175-457A-80C4-859B073F790C}.Debug|Mixed Platforms.Build.0 = Debug|Any CPU
		{1E0DFFB3-6175-457A-80C4-859B073F790C}.Debug|x86.ActiveCfg = Debug|Any CPU
		{1E0DFFB3-6175-457A-80C4-859B073F790C}.Debug|x86.Build.0 = Debug|Any CPU
		{1E0DFFB3-6175-457A-80C4-859B073F790C}.HWSW|.NET.ActiveCfg = Release|Any CPU
		{1E0DFFB3-6175-457A-80C4-859B073F790C}.HWSW|.NET.Build.0 = Release|Any CPU
		{1E0DFFB3-6175-457A-80C4-859B073F790C}.HWSW|Any CPU.ActiveCfg = Release|Any CPU
		{1E0DFFB3-6175-457A-80C4-859B073F790C}.HWSW|Any CPU.Build.0 = Release|Any CPU
		{1E0DFFB3-6175-457A-80C4-859B073F790C}.HWSW|Mixed Platforms.ActiveCfg = Release|Any CPU
		{1E0DFFB3-6175-457A-80C4-859B073F790C}.HWSW|Mixed Platforms.Build.0 = Release|Any CPU
		{1E0DFFB3-6175-457A-80C4-859B073F790C}.HWSW|x86.ActiveCfg = Release|Any CPU
		{1E0DFFB3-6175-457A-80C4-859B073F790C}.HWSW|x86.Build.0 = Release|Any CPU
		{1E0DFFB3-6175-457A-80C4-859B073F790C}.Internal|.NET.ActiveCfg = Release|Any CPU
		{1E0DFFB3-6175-457A-80C4-859B073F790C}.Internal|.NET.Build.0 = Release|Any CPU
		{1E0DFFB3-6175-457A-80C4-859B073F790C}.Internal|Any CPU.ActiveCfg = Release|Any CPU
		{1E0DFFB3-6175-457A-80C4-859B073F790C}.Internal|Any CPU.Build.0 = Release|Any CPU
		{1E0DFFB3-6175-457A-80C4-859B073F790C}.Internal|Mixed Platforms.ActiveCfg = Release|Any CPU
		{1E0DFFB3-6175-457A-80C4-859B073F790C}.Internal|Mixed Platforms.Build.0 = Release|Any CPU
		{1E0DFFB3-6175-457A-80C4-859B073F790C}.Internal|x86.ActiveCfg = Release|Any CPU
		{1E0DFFB3-6175-457A-80C4-859B073F790C}.Internal|x86.Build.0 = Release|Any CPU
		{1E0DFFB3-6175-457A-80C4-859B073F790C}.QED|.NET.ActiveCfg = Release|Any CPU
		{1E0DFFB3-6175-457A-80C4-859B073F790C}.QED|.NET.Build.0 = Release|Any CPU
		{1E0DFFB3-6175-457A-80C4-859B073F790C}.QED|Any CPU.ActiveCfg = Release|Any CPU
		{1E0DFFB3-6175-457A-80C4-859B073F790C}.QED|Any CPU.Build.0 = Release|Any CPU
		{1E0DFFB3-6175-457A-80C4-859B073F790C}.QED|Mixed Platforms.ActiveCfg = Release|Any CPU
		{1E0DFFB3-6175-457A-80C4-859B073F790C}.QED|Mixed Platforms.Build.0 = Release|Any CPU
		{1E0DFFB3-6175-457A-80C4-859B073F790C}.QED|x86.ActiveCfg = Release|Any CPU
		{1E0DFFB3-6175-457A-80C4-859B073F790C}.QED|x86.Build.0 = Release|Any CPU
		{1E0DFFB3-6175-457A-80C4-859B073F790C}.Release|.NET.ActiveCfg = Release|Any CPU
		{1E0DFFB3-6175-457A-80C4-859B073F790C}.Release|.NET.Build.0 = Release|Any CPU
		{1E0DFFB3-6175-457A-80C4-859B073F790C}.Release|Any CPU.ActiveCfg = Release|Any CPU
		{1E0DFFB3-6175-457A-80C4-859B073F790C}.Release|Any CPU.Build.0 = Release|Any CPU
		{1E0DFFB3-6175-457A-80C4-859B073F790C}.Release|Mixed Platforms.ActiveCfg = Release|Any CPU
		{1E0DFFB3-6175-457A-80C4-859B073F790C}.Release|Mixed Platforms.Build.0 = Release|Any CPU
		{1E0DFFB3-6175-457A-80C4-859B073F790C}.Release|x86.ActiveCfg = Release|Any CPU
		{1E0DFFB3-6175-457A-80C4-859B073F790C}.Release|x86.Build.0 = Release|Any CPU
		{1E0DFFB3-6175-457A-80C4-859B073F790C}.z3apidebug|.NET.ActiveCfg = Release|Any CPU
		{1E0DFFB3-6175-457A-80C4-859B073F790C}.z3apidebug|.NET.Build.0 = Release|Any CPU
		{1E0DFFB3-6175-457A-80C4-859B073F790C}.z3apidebug|Any CPU.ActiveCfg = Release|Any CPU
		{1E0DFFB3-6175-457A-80C4-859B073F790C}.z3apidebug|Any CPU.Build.0 = Release|Any CPU
		{1E0DFFB3-6175-457A-80C4-859B073F790C}.z3apidebug|Mixed Platforms.ActiveCfg = Release|Any CPU
		{1E0DFFB3-6175-457A-80C4-859B073F790C}.z3apidebug|Mixed Platforms.Build.0 = Release|Any CPU
		{1E0DFFB3-6175-457A-80C4-859B073F790C}.z3apidebug|x86.ActiveCfg = Release|Any CPU
		{1E0DFFB3-6175-457A-80C4-859B073F790C}.z3apidebug|x86.Build.0 = Release|Any CPU
	EndGlobalSection
	GlobalSection(SolutionProperties) = preSolution
		HideSolutionNode = FALSE
	EndGlobalSection
	GlobalSection(ExtensibilityGlobals) = postSolution
		SolutionGuid = {E92F186B-F88E-4E5E-821B-CB28C6965248}
	EndGlobalSection
EndGlobal
