
Microsoft Visual Studio Solution File, Format Version 12.00
# Visual Studio 2012
Project("{FAE04EC0-301F-11D3-BF4B-00C04F79EFBC}") = "cba", "cba.csproj", "{B05D046D-A620-4233-9D52-0255C7A69760}"
EndProject
Project("{FAE04EC0-301F-11D3-BF4B-00C04F79EFBC}") = "CorralUtil", "source\Util\CorralUtil.csproj", "{186DE4BD-014D-47C7-A914-831EA98116A9}"
EndProject
Project("{FAE04EC0-301F-11D3-BF4B-00C04F79EFBC}") = "ProgTransformation", "source\ProgTransformation\ProgTransformation.csproj", "{6532B8A9-8CC2-4D7F-9D5E-7669841B6871}"
EndProject
Project("{FAE04EC0-301F-11D3-BF4B-00C04F79EFBC}") = "CoreLib", "source\CoreLib\CoreLib.csproj", "{437B3C57-A7E7-4D99-A027-4BB4E5105E7A}"
EndProject
Project("{FAE04EC0-301F-11D3-BF4B-00C04F79EFBC}") = "HavocCleanup", "source\HavocCleanup\HavocCleanup.csproj", "{21E83B2A-AECC-445C-8FD6-12AFB87716E5}"
EndProject
Project("{FAE04EC0-301F-11D3-BF4B-00C04F79EFBC}") = "BctCleanup", "source\BctCleanup\BctCleanup.csproj", "{CB49F405-32DE-4B41-B49D-5F8E54E43100}"
EndProject
Global
	GlobalSection(SolutionConfigurationPlatforms) = preSolution
		Debug|.NET = Debug|.NET
		Debug|Any CPU = Debug|Any CPU
		Debug|Mixed Platforms = Debug|Mixed Platforms
		Debug|x86 = Debug|x86
		HWSW|.NET = HWSW|.NET
		HWSW|Any CPU = HWSW|Any CPU
		HWSW|Mixed Platforms = HWSW|Mixed Platforms
		HWSW|x86 = HWSW|x86
		Internal|.NET = Internal|.NET
		Internal|Any CPU = Internal|Any CPU
		Internal|Mixed Platforms = Internal|Mixed Platforms
		Internal|x86 = Internal|x86
		Release|.NET = Release|.NET
		Release|Any CPU = Release|Any CPU
		Release|Mixed Platforms = Release|Mixed Platforms
		Release|x86 = Release|x86
	EndGlobalSection
	GlobalSection(ProjectConfigurationPlatforms) = postSolution
		{B05D046D-A620-4233-9D52-0255C7A69760}.Debug|.NET.ActiveCfg = Debug|Any CPU
		{B05D046D-A620-4233-9D52-0255C7A69760}.Debug|Any CPU.ActiveCfg = Debug|Any CPU
		{B05D046D-A620-4233-9D52-0255C7A69760}.Debug|Any CPU.Build.0 = Debug|Any CPU
		{B05D046D-A620-4233-9D52-0255C7A69760}.Debug|Mixed Platforms.ActiveCfg = Debug|Any CPU
		{B05D046D-A620-4233-9D52-0255C7A69760}.Debug|Mixed Platforms.Build.0 = Debug|Any CPU
		{B05D046D-A620-4233-9D52-0255C7A69760}.Debug|x86.ActiveCfg = Debug|Any CPU
		{B05D046D-A620-4233-9D52-0255C7A69760}.HWSW|.NET.ActiveCfg = HWSW|Any CPU
		{B05D046D-A620-4233-9D52-0255C7A69760}.HWSW|Any CPU.ActiveCfg = HWSW|Any CPU
		{B05D046D-A620-4233-9D52-0255C7A69760}.HWSW|Any CPU.Build.0 = HWSW|Any CPU
		{B05D046D-A620-4233-9D52-0255C7A69760}.HWSW|Mixed Platforms.ActiveCfg = HWSW|Any CPU
		{B05D046D-A620-4233-9D52-0255C7A69760}.HWSW|Mixed Platforms.Build.0 = HWSW|Any CPU
		{B05D046D-A620-4233-9D52-0255C7A69760}.HWSW|x86.ActiveCfg = HWSW|Any CPU
		{B05D046D-A620-4233-9D52-0255C7A69760}.Internal|.NET.ActiveCfg = Internal|Any CPU
		{B05D046D-A620-4233-9D52-0255C7A69760}.Internal|Any CPU.ActiveCfg = Internal|Any CPU
		{B05D046D-A620-4233-9D52-0255C7A69760}.Internal|Any CPU.Build.0 = Internal|Any CPU
		{B05D046D-A620-4233-9D52-0255C7A69760}.Internal|Mixed Platforms.ActiveCfg = Internal|Any CPU
		{B05D046D-A620-4233-9D52-0255C7A69760}.Internal|Mixed Platforms.Build.0 = Internal|Any CPU
		{B05D046D-A620-4233-9D52-0255C7A69760}.Internal|x86.ActiveCfg = Internal|Any CPU
		{B05D046D-A620-4233-9D52-0255C7A69760}.Release|.NET.ActiveCfg = Release|Any CPU
		{B05D046D-A620-4233-9D52-0255C7A69760}.Release|Any CPU.ActiveCfg = Release|Any CPU
		{B05D046D-A620-4233-9D52-0255C7A69760}.Release|Any CPU.Build.0 = Release|Any CPU
		{B05D046D-A620-4233-9D52-0255C7A69760}.Release|Mixed Platforms.ActiveCfg = Release|Any CPU
		{B05D046D-A620-4233-9D52-0255C7A69760}.Release|Mixed Platforms.Build.0 = Release|Any CPU
		{B05D046D-A620-4233-9D52-0255C7A69760}.Release|x86.ActiveCfg = Release|Any CPU
		{186DE4BD-014D-47C7-A914-831EA98116A9}.Debug|.NET.ActiveCfg = Debug|Any CPU
		{186DE4BD-014D-47C7-A914-831EA98116A9}.Debug|Any CPU.ActiveCfg = Debug|Any CPU
		{186DE4BD-014D-47C7-A914-831EA98116A9}.Debug|Any CPU.Build.0 = Debug|Any CPU
		{186DE4BD-014D-47C7-A914-831EA98116A9}.Debug|Mixed Platforms.ActiveCfg = Debug|Any CPU
		{186DE4BD-014D-47C7-A914-831EA98116A9}.Debug|Mixed Platforms.Build.0 = Debug|Any CPU
		{186DE4BD-014D-47C7-A914-831EA98116A9}.Debug|x86.ActiveCfg = Debug|Any CPU
		{186DE4BD-014D-47C7-A914-831EA98116A9}.HWSW|.NET.ActiveCfg = HWSW|Any CPU
		{186DE4BD-014D-47C7-A914-831EA98116A9}.HWSW|Any CPU.ActiveCfg = HWSW|Any CPU
		{186DE4BD-014D-47C7-A914-831EA98116A9}.HWSW|Any CPU.Build.0 = HWSW|Any CPU
		{186DE4BD-014D-47C7-A914-831EA98116A9}.HWSW|Mixed Platforms.ActiveCfg = HWSW|Any CPU
		{186DE4BD-014D-47C7-A914-831EA98116A9}.HWSW|Mixed Platforms.Build.0 = HWSW|Any CPU
		{186DE4BD-014D-47C7-A914-831EA98116A9}.HWSW|x86.ActiveCfg = HWSW|Any CPU
		{186DE4BD-014D-47C7-A914-831EA98116A9}.Internal|.NET.ActiveCfg = Internal|Any CPU
		{186DE4BD-014D-47C7-A914-831EA98116A9}.Internal|Any CPU.ActiveCfg = Internal|Any CPU
		{186DE4BD-014D-47C7-A914-831EA98116A9}.Internal|Any CPU.Build.0 = Internal|Any CPU
		{186DE4BD-014D-47C7-A914-831EA98116A9}.Internal|Mixed Platforms.ActiveCfg = Internal|Any CPU
		{186DE4BD-014D-47C7-A914-831EA98116A9}.Internal|Mixed Platforms.Build.0 = Internal|Any CPU
		{186DE4BD-014D-47C7-A914-831EA98116A9}.Internal|x86.ActiveCfg = Internal|Any CPU
		{186DE4BD-014D-47C7-A914-831EA98116A9}.Release|.NET.ActiveCfg = Release|Any CPU
		{186DE4BD-014D-47C7-A914-831EA98116A9}.Release|Any CPU.ActiveCfg = Release|Any CPU
		{186DE4BD-014D-47C7-A914-831EA98116A9}.Release|Any CPU.Build.0 = Release|Any CPU
		{186DE4BD-014D-47C7-A914-831EA98116A9}.Release|Mixed Platforms.ActiveCfg = Release|Any CPU
		{186DE4BD-014D-47C7-A914-831EA98116A9}.Release|Mixed Platforms.Build.0 = Release|Any CPU
		{186DE4BD-014D-47C7-A914-831EA98116A9}.Release|x86.ActiveCfg = Release|Any CPU
		{6532B8A9-8CC2-4D7F-9D5E-7669841B6871}.Debug|.NET.ActiveCfg = Debug|Any CPU
		{6532B8A9-8CC2-4D7F-9D5E-7669841B6871}.Debug|Any CPU.ActiveCfg = Debug|Any CPU
		{6532B8A9-8CC2-4D7F-9D5E-7669841B6871}.Debug|Any CPU.Build.0 = Debug|Any CPU
		{6532B8A9-8CC2-4D7F-9D5E-7669841B6871}.Debug|Mixed Platforms.ActiveCfg = Debug|Any CPU
		{6532B8A9-8CC2-4D7F-9D5E-7669841B6871}.Debug|Mixed Platforms.Build.0 = Debug|Any CPU
		{6532B8A9-8CC2-4D7F-9D5E-7669841B6871}.Debug|x86.ActiveCfg = Debug|Any CPU
		{6532B8A9-8CC2-4D7F-9D5E-7669841B6871}.HWSW|.NET.ActiveCfg = HWSW|Any CPU
		{6532B8A9-8CC2-4D7F-9D5E-7669841B6871}.HWSW|Any CPU.ActiveCfg = HWSW|Any CPU
		{6532B8A9-8CC2-4D7F-9D5E-7669841B6871}.HWSW|Any CPU.Build.0 = HWSW|Any CPU
		{6532B8A9-8CC2-4D7F-9D5E-7669841B6871}.HWSW|Mixed Platforms.ActiveCfg = HWSW|Any CPU
		{6532B8A9-8CC2-4D7F-9D5E-7669841B6871}.HWSW|Mixed Platforms.Build.0 = HWSW|Any CPU
		{6532B8A9-8CC2-4D7F-9D5E-7669841B6871}.HWSW|x86.ActiveCfg = HWSW|Any CPU
		{6532B8A9-8CC2-4D7F-9D5E-7669841B6871}.Internal|.NET.ActiveCfg = Internal|Any CPU
		{6532B8A9-8CC2-4D7F-9D5E-7669841B6871}.Internal|Any CPU.ActiveCfg = Internal|Any CPU
		{6532B8A9-8CC2-4D7F-9D5E-7669841B6871}.Internal|Any CPU.Build.0 = Internal|Any CPU
		{6532B8A9-8CC2-4D7F-9D5E-7669841B6871}.Internal|Mixed Platforms.ActiveCfg = Internal|Any CPU
		{6532B8A9-8CC2-4D7F-9D5E-7669841B6871}.Internal|Mixed Platforms.Build.0 = Internal|Any CPU
		{6532B8A9-8CC2-4D7F-9D5E-7669841B6871}.Internal|x86.ActiveCfg = Internal|Any CPU
		{6532B8A9-8CC2-4D7F-9D5E-7669841B6871}.Release|.NET.ActiveCfg = Release|Any CPU
		{6532B8A9-8CC2-4D7F-9D5E-7669841B6871}.Release|Any CPU.ActiveCfg = Release|Any CPU
		{6532B8A9-8CC2-4D7F-9D5E-7669841B6871}.Release|Any CPU.Build.0 = Release|Any CPU
		{6532B8A9-8CC2-4D7F-9D5E-7669841B6871}.Release|Mixed Platforms.ActiveCfg = Release|Any CPU
		{6532B8A9-8CC2-4D7F-9D5E-7669841B6871}.Release|Mixed Platforms.Build.0 = Release|Any CPU
		{6532B8A9-8CC2-4D7F-9D5E-7669841B6871}.Release|x86.ActiveCfg = Release|Any CPU
		{437B3C57-A7E7-4D99-A027-4BB4E5105E7A}.Debug|.NET.ActiveCfg = Debug|Any CPU
		{437B3C57-A7E7-4D99-A027-4BB4E5105E7A}.Debug|Any CPU.ActiveCfg = Debug|Any CPU
		{437B3C57-A7E7-4D99-A027-4BB4E5105E7A}.Debug|Any CPU.Build.0 = Debug|Any CPU
		{437B3C57-A7E7-4D99-A027-4BB4E5105E7A}.Debug|Mixed Platforms.ActiveCfg = Debug|Any CPU
		{437B3C57-A7E7-4D99-A027-4BB4E5105E7A}.Debug|Mixed Platforms.Build.0 = Debug|Any CPU
		{437B3C57-A7E7-4D99-A027-4BB4E5105E7A}.Debug|x86.ActiveCfg = Debug|Any CPU
		{437B3C57-A7E7-4D99-A027-4BB4E5105E7A}.HWSW|.NET.ActiveCfg = HWSW|Any CPU
		{437B3C57-A7E7-4D99-A027-4BB4E5105E7A}.HWSW|Any CPU.ActiveCfg = HWSW|Any CPU
		{437B3C57-A7E7-4D99-A027-4BB4E5105E7A}.HWSW|Any CPU.Build.0 = HWSW|Any CPU
		{437B3C57-A7E7-4D99-A027-4BB4E5105E7A}.HWSW|Mixed Platforms.ActiveCfg = HWSW|Any CPU
		{437B3C57-A7E7-4D99-A027-4BB4E5105E7A}.HWSW|Mixed Platforms.Build.0 = HWSW|Any CPU
		{437B3C57-A7E7-4D99-A027-4BB4E5105E7A}.HWSW|x86.ActiveCfg = HWSW|Any CPU
		{437B3C57-A7E7-4D99-A027-4BB4E5105E7A}.Internal|.NET.ActiveCfg = Internal|Any CPU
		{437B3C57-A7E7-4D99-A027-4BB4E5105E7A}.Internal|Any CPU.ActiveCfg = Internal|Any CPU
		{437B3C57-A7E7-4D99-A027-4BB4E5105E7A}.Internal|Any CPU.Build.0 = Internal|Any CPU
		{437B3C57-A7E7-4D99-A027-4BB4E5105E7A}.Internal|Mixed Platforms.ActiveCfg = Internal|Any CPU
		{437B3C57-A7E7-4D99-A027-4BB4E5105E7A}.Internal|Mixed Platforms.Build.0 = Internal|Any CPU
		{437B3C57-A7E7-4D99-A027-4BB4E5105E7A}.Internal|x86.ActiveCfg = Internal|Any CPU
		{437B3C57-A7E7-4D99-A027-4BB4E5105E7A}.Release|.NET.ActiveCfg = Release|Any CPU
		{437B3C57-A7E7-4D99-A027-4BB4E5105E7A}.Release|Any CPU.ActiveCfg = Release|Any CPU
		{437B3C57-A7E7-4D99-A027-4BB4E5105E7A}.Release|Any CPU.Build.0 = Release|Any CPU
		{437B3C57-A7E7-4D99-A027-4BB4E5105E7A}.Release|Mixed Platforms.ActiveCfg = Release|Any CPU
		{437B3C57-A7E7-4D99-A027-4BB4E5105E7A}.Release|Mixed Platforms.Build.0 = Release|Any CPU
		{437B3C57-A7E7-4D99-A027-4BB4E5105E7A}.Release|x86.ActiveCfg = Release|Any CPU
		{21E83B2A-AECC-445C-8FD6-12AFB87716E5}.Debug|.NET.ActiveCfg = Debug|Any CPU
		{21E83B2A-AECC-445C-8FD6-12AFB87716E5}.Debug|Any CPU.ActiveCfg = Debug|Any CPU
		{21E83B2A-AECC-445C-8FD6-12AFB87716E5}.Debug|Any CPU.Build.0 = Debug|Any CPU
		{21E83B2A-AECC-445C-8FD6-12AFB87716E5}.Debug|Mixed Platforms.ActiveCfg = Debug|Any CPU
		{21E83B2A-AECC-445C-8FD6-12AFB87716E5}.Debug|Mixed Platforms.Build.0 = Debug|Any CPU
		{21E83B2A-AECC-445C-8FD6-12AFB87716E5}.Debug|x86.ActiveCfg = Debug|Any CPU
		{21E83B2A-AECC-445C-8FD6-12AFB87716E5}.HWSW|.NET.ActiveCfg = HWSW|Any CPU
		{21E83B2A-AECC-445C-8FD6-12AFB87716E5}.HWSW|Any CPU.ActiveCfg = HWSW|Any CPU
		{21E83B2A-AECC-445C-8FD6-12AFB87716E5}.HWSW|Any CPU.Build.0 = HWSW|Any CPU
		{21E83B2A-AECC-445C-8FD6-12AFB87716E5}.HWSW|Mixed Platforms.ActiveCfg = HWSW|Any CPU
		{21E83B2A-AECC-445C-8FD6-12AFB87716E5}.HWSW|Mixed Platforms.Build.0 = HWSW|Any CPU
		{21E83B2A-AECC-445C-8FD6-12AFB87716E5}.HWSW|x86.ActiveCfg = HWSW|Any CPU
		{21E83B2A-AECC-445C-8FD6-12AFB87716E5}.Internal|.NET.ActiveCfg = Internal|Any CPU
		{21E83B2A-AECC-445C-8FD6-12AFB87716E5}.Internal|Any CPU.ActiveCfg = Internal|Any CPU
		{21E83B2A-AECC-445C-8FD6-12AFB87716E5}.Internal|Any CPU.Build.0 = Internal|Any CPU
		{21E83B2A-AECC-445C-8FD6-12AFB87716E5}.Internal|Mixed Platforms.ActiveCfg = Internal|Any CPU
		{21E83B2A-AECC-445C-8FD6-12AFB87716E5}.Internal|Mixed Platforms.Build.0 = Internal|Any CPU
		{21E83B2A-AECC-445C-8FD6-12AFB87716E5}.Internal|x86.ActiveCfg = Internal|Any CPU
		{21E83B2A-AECC-445C-8FD6-12AFB87716E5}.Release|.NET.ActiveCfg = Release|Any CPU
		{21E83B2A-AECC-445C-8FD6-12AFB87716E5}.Release|Any CPU.ActiveCfg = Release|Any CPU
		{21E83B2A-AECC-445C-8FD6-12AFB87716E5}.Release|Any CPU.Build.0 = Release|Any CPU
		{21E83B2A-AECC-445C-8FD6-12AFB87716E5}.Release|Mixed Platforms.ActiveCfg = Release|Any CPU
		{21E83B2A-AECC-445C-8FD6-12AFB87716E5}.Release|Mixed Platforms.Build.0 = Release|Any CPU
		{21E83B2A-AECC-445C-8FD6-12AFB87716E5}.Release|x86.ActiveCfg = Release|Any CPU
		{CB49F405-32DE-4B41-B49D-5F8E54E43100}.Debug|.NET.ActiveCfg = Debug|x86
		{CB49F405-32DE-4B41-B49D-5F8E54E43100}.Debug|Any CPU.ActiveCfg = Debug|x86
		{CB49F405-32DE-4B41-B49D-5F8E54E43100}.Debug|Mixed Platforms.ActiveCfg = Debug|x86
		{CB49F405-32DE-4B41-B49D-5F8E54E43100}.Debug|Mixed Platforms.Build.0 = Debug|x86
		{CB49F405-32DE-4B41-B49D-5F8E54E43100}.Debug|x86.ActiveCfg = Debug|x86
		{CB49F405-32DE-4B41-B49D-5F8E54E43100}.Debug|x86.Build.0 = Debug|x86
		{CB49F405-32DE-4B41-B49D-5F8E54E43100}.HWSW|.NET.ActiveCfg = HWSW|x86
		{CB49F405-32DE-4B41-B49D-5F8E54E43100}.HWSW|Any CPU.ActiveCfg = HWSW|x86
		{CB49F405-32DE-4B41-B49D-5F8E54E43100}.HWSW|Mixed Platforms.ActiveCfg = HWSW|x86
		{CB49F405-32DE-4B41-B49D-5F8E54E43100}.HWSW|x86.ActiveCfg = HWSW|x86
		{CB49F405-32DE-4B41-B49D-5F8E54E43100}.HWSW|x86.Build.0 = HWSW|x86
		{CB49F405-32DE-4B41-B49D-5F8E54E43100}.Internal|.NET.ActiveCfg = Release|x86
		{CB49F405-32DE-4B41-B49D-5F8E54E43100}.Internal|Any CPU.ActiveCfg = Release|x86
		{CB49F405-32DE-4B41-B49D-5F8E54E43100}.Internal|Mixed Platforms.ActiveCfg = Release|x86
		{CB49F405-32DE-4B41-B49D-5F8E54E43100}.Internal|Mixed Platforms.Build.0 = Release|x86
		{CB49F405-32DE-4B41-B49D-5F8E54E43100}.Internal|x86.ActiveCfg = Release|x86
		{CB49F405-32DE-4B41-B49D-5F8E54E43100}.Internal|x86.Build.0 = Release|x86
		{CB49F405-32DE-4B41-B49D-5F8E54E43100}.Release|.NET.ActiveCfg = Release|x86
		{CB49F405-32DE-4B41-B49D-5F8E54E43100}.Release|Any CPU.ActiveCfg = Release|x86
		{CB49F405-32DE-4B41-B49D-5F8E54E43100}.Release|Mixed Platforms.ActiveCfg = Release|x86
		{CB49F405-32DE-4B41-B49D-5F8E54E43100}.Release|Mixed Platforms.Build.0 = Release|x86
		{CB49F405-32DE-4B41-B49D-5F8E54E43100}.Release|x86.ActiveCfg = Release|x86
		{CB49F405-32DE-4B41-B49D-5F8E54E43100}.Release|x86.Build.0 = Release|x86
	EndGlobalSection
	GlobalSection(SolutionProperties) = preSolution
		HideSolutionNode = FALSE
	EndGlobalSection
EndGlobal
