
Microsoft Visual Studio Solution File, Format Version 12.00
# Visual Studio 2013
VisualStudioVersion = 12.0.21005.1
MinimumVisualStudioVersion = 10.0.40219.1
Project("{FAE04EC0-301F-11D3-BF4B-00C04F79EFBC}") = "AngelicVerifierNull", "AngelicVerifierNull\AngelicVerifierNull.csproj", "{71E626CD-6FC4-42F0-B91D-5CC42B2875CF}"
EndProject
Project("{FAE04EC0-301F-11D3-BF4B-00C04F79EFBC}") = "CorralUtil", "..\..\source\Util\CorralUtil.csproj", "{186DE4BD-014D-47C7-A914-831EA98116A9}"
EndProject
Project("{FAE04EC0-301F-11D3-BF4B-00C04F79EFBC}") = "cba", "..\..\cba.csproj", "{B05D046D-A620-4233-9D52-0255C7A69760}"
EndProject
Project("{FAE04EC0-301F-11D3-BF4B-00C04F79EFBC}") = "CoreLib", "..\..\source\CoreLib\CoreLib.csproj", "{437B3C57-A7E7-4D99-A027-4BB4E5105E7A}"
EndProject
Project("{FAE04EC0-301F-11D3-BF4B-00C04F79EFBC}") = "ProgTransformation", "..\..\source\ProgTransformation\ProgTransformation.csproj", "{6532B8A9-8CC2-4D7F-9D5E-7669841B6871}"
EndProject
Project("{FAE04EC0-301F-11D3-BF4B-00C04F79EFBC}") = "ExplainError", "..\..\source\ExplainError\ExplainError.csproj", "{2417259E-803F-4017-A3B4-5F3C87470D2E}"
EndProject
Project("{FAE04EC0-301F-11D3-BF4B-00C04F79EFBC}") = "AliasAnalysis", "..\AliasAnalysis\AliasAnalysis\AliasAnalysis.csproj", "{584822A6-F933-484F-AFF3-5D3CC2337198}"
EndProject
Project("{FAE04EC0-301F-11D3-BF4B-00C04F79EFBC}") = "FastAVN", "..\FastAVN\FastAVN\FastAVN.csproj", "{CF2E53FE-96C7-4CDB-AE35-43DE7620C1DF}"
EndProject
Project("{FAE04EC0-301F-11D3-BF4B-00C04F79EFBC}") = "AvnResultDashboard", "AvnResultDashboard\AvnResultDashboard.csproj", "{244AD0FC-CB54-4DC5-AD3A-8DF22BE2C220}"
EndProject
Project("{FAE04EC0-301F-11D3-BF4B-00C04F79EFBC}") = "AvHarnessInstrumentation", "AvHarnessInstrumentation\AvHarnessInstrumentation.csproj", "{E2C5B356-6D38-406D-A074-1185834634DD}"
EndProject
Project("{FAE04EC0-301F-11D3-BF4B-00C04F79EFBC}") = "AvUtil", "AvUtil\AvUtil.csproj", "{04D1EBFE-F934-44D2-86C6-407BC99AE00A}"
EndProject
Project("{FAE04EC0-301F-11D3-BF4B-00C04F79EFBC}") = "PropInstUtils", "..\PropInst\PropInstUtils\PropInstUtils.csproj", "{D2FE84CF-A502-4941-877E-5F82DAFE4D57}"
EndProject
Global
	GlobalSection(SolutionConfigurationPlatforms) = preSolution
		Debug|Any CPU = Debug|Any CPU
		Debug|Mixed Platforms = Debug|Mixed Platforms
		Debug|Win32 = Debug|Win32
		HWSW|Any CPU = HWSW|Any CPU
		HWSW|Mixed Platforms = HWSW|Mixed Platforms
		HWSW|Win32 = HWSW|Win32
		Internal|Any CPU = Internal|Any CPU
		Internal|Mixed Platforms = Internal|Mixed Platforms
		Internal|Win32 = Internal|Win32
		Release|Any CPU = Release|Any CPU
		Release|Mixed Platforms = Release|Mixed Platforms
		Release|Win32 = Release|Win32
	EndGlobalSection
	GlobalSection(ProjectConfigurationPlatforms) = postSolution
		{71E626CD-6FC4-42F0-B91D-5CC42B2875CF}.Debug|Any CPU.ActiveCfg = Debug|Any CPU
		{71E626CD-6FC4-42F0-B91D-5CC42B2875CF}.Debug|Any CPU.Build.0 = Debug|Any CPU
		{71E626CD-6FC4-42F0-B91D-5CC42B2875CF}.Debug|Mixed Platforms.ActiveCfg = Debug|Any CPU
		{71E626CD-6FC4-42F0-B91D-5CC42B2875CF}.Debug|Mixed Platforms.Build.0 = Debug|Any CPU
		{71E626CD-6FC4-42F0-B91D-5CC42B2875CF}.Debug|Win32.ActiveCfg = Debug|Any CPU
		{71E626CD-6FC4-42F0-B91D-5CC42B2875CF}.HWSW|Any CPU.ActiveCfg = Release|Any CPU
		{71E626CD-6FC4-42F0-B91D-5CC42B2875CF}.HWSW|Any CPU.Build.0 = Release|Any CPU
		{71E626CD-6FC4-42F0-B91D-5CC42B2875CF}.HWSW|Mixed Platforms.ActiveCfg = Release|Any CPU
		{71E626CD-6FC4-42F0-B91D-5CC42B2875CF}.HWSW|Mixed Platforms.Build.0 = Release|Any CPU
		{71E626CD-6FC4-42F0-B91D-5CC42B2875CF}.HWSW|Win32.ActiveCfg = Release|Any CPU
		{71E626CD-6FC4-42F0-B91D-5CC42B2875CF}.Internal|Any CPU.ActiveCfg = Release|Any CPU
		{71E626CD-6FC4-42F0-B91D-5CC42B2875CF}.Internal|Any CPU.Build.0 = Release|Any CPU
		{71E626CD-6FC4-42F0-B91D-5CC42B2875CF}.Internal|Mixed Platforms.ActiveCfg = Release|Any CPU
		{71E626CD-6FC4-42F0-B91D-5CC42B2875CF}.Internal|Mixed Platforms.Build.0 = Release|Any CPU
		{71E626CD-6FC4-42F0-B91D-5CC42B2875CF}.Internal|Win32.ActiveCfg = Release|Any CPU
		{71E626CD-6FC4-42F0-B91D-5CC42B2875CF}.Release|Any CPU.ActiveCfg = Release|Any CPU
		{71E626CD-6FC4-42F0-B91D-5CC42B2875CF}.Release|Any CPU.Build.0 = Release|Any CPU
		{71E626CD-6FC4-42F0-B91D-5CC42B2875CF}.Release|Mixed Platforms.ActiveCfg = Release|Any CPU
		{71E626CD-6FC4-42F0-B91D-5CC42B2875CF}.Release|Mixed Platforms.Build.0 = Release|Any CPU
		{71E626CD-6FC4-42F0-B91D-5CC42B2875CF}.Release|Win32.ActiveCfg = Release|Any CPU
		{186DE4BD-014D-47C7-A914-831EA98116A9}.Debug|Any CPU.ActiveCfg = Debug|Any CPU
		{186DE4BD-014D-47C7-A914-831EA98116A9}.Debug|Any CPU.Build.0 = Debug|Any CPU
		{186DE4BD-014D-47C7-A914-831EA98116A9}.Debug|Mixed Platforms.ActiveCfg = Debug|Any CPU
		{186DE4BD-014D-47C7-A914-831EA98116A9}.Debug|Mixed Platforms.Build.0 = Debug|Any CPU
		{186DE4BD-014D-47C7-A914-831EA98116A9}.Debug|Win32.ActiveCfg = Debug|Any CPU
		{186DE4BD-014D-47C7-A914-831EA98116A9}.HWSW|Any CPU.ActiveCfg = HWSW|Any CPU
		{186DE4BD-014D-47C7-A914-831EA98116A9}.HWSW|Any CPU.Build.0 = HWSW|Any CPU
		{186DE4BD-014D-47C7-A914-831EA98116A9}.HWSW|Mixed Platforms.ActiveCfg = HWSW|Any CPU
		{186DE4BD-014D-47C7-A914-831EA98116A9}.HWSW|Mixed Platforms.Build.0 = HWSW|Any CPU
		{186DE4BD-014D-47C7-A914-831EA98116A9}.HWSW|Win32.ActiveCfg = HWSW|Any CPU
		{186DE4BD-014D-47C7-A914-831EA98116A9}.Internal|Any CPU.ActiveCfg = Internal|Any CPU
		{186DE4BD-014D-47C7-A914-831EA98116A9}.Internal|Any CPU.Build.0 = Internal|Any CPU
		{186DE4BD-014D-47C7-A914-831EA98116A9}.Internal|Mixed Platforms.ActiveCfg = Internal|Any CPU
		{186DE4BD-014D-47C7-A914-831EA98116A9}.Internal|Mixed Platforms.Build.0 = Internal|Any CPU
		{186DE4BD-014D-47C7-A914-831EA98116A9}.Internal|Win32.ActiveCfg = Internal|Any CPU
		{186DE4BD-014D-47C7-A914-831EA98116A9}.Release|Any CPU.ActiveCfg = Release|Any CPU
		{186DE4BD-014D-47C7-A914-831EA98116A9}.Release|Any CPU.Build.0 = Release|Any CPU
		{186DE4BD-014D-47C7-A914-831EA98116A9}.Release|Mixed Platforms.ActiveCfg = Release|Any CPU
		{186DE4BD-014D-47C7-A914-831EA98116A9}.Release|Mixed Platforms.Build.0 = Release|Any CPU
		{186DE4BD-014D-47C7-A914-831EA98116A9}.Release|Win32.ActiveCfg = Release|Any CPU
		{B05D046D-A620-4233-9D52-0255C7A69760}.Debug|Any CPU.ActiveCfg = Debug|Any CPU
		{B05D046D-A620-4233-9D52-0255C7A69760}.Debug|Any CPU.Build.0 = Debug|Any CPU
		{B05D046D-A620-4233-9D52-0255C7A69760}.Debug|Mixed Platforms.ActiveCfg = Debug|Any CPU
		{B05D046D-A620-4233-9D52-0255C7A69760}.Debug|Mixed Platforms.Build.0 = Debug|Any CPU
		{B05D046D-A620-4233-9D52-0255C7A69760}.Debug|Win32.ActiveCfg = Debug|Any CPU
		{B05D046D-A620-4233-9D52-0255C7A69760}.HWSW|Any CPU.ActiveCfg = HWSW|Any CPU
		{B05D046D-A620-4233-9D52-0255C7A69760}.HWSW|Any CPU.Build.0 = HWSW|Any CPU
		{B05D046D-A620-4233-9D52-0255C7A69760}.HWSW|Mixed Platforms.ActiveCfg = HWSW|Any CPU
		{B05D046D-A620-4233-9D52-0255C7A69760}.HWSW|Mixed Platforms.Build.0 = HWSW|Any CPU
		{B05D046D-A620-4233-9D52-0255C7A69760}.HWSW|Win32.ActiveCfg = HWSW|Any CPU
		{B05D046D-A620-4233-9D52-0255C7A69760}.Internal|Any CPU.ActiveCfg = Internal|Any CPU
		{B05D046D-A620-4233-9D52-0255C7A69760}.Internal|Any CPU.Build.0 = Internal|Any CPU
		{B05D046D-A620-4233-9D52-0255C7A69760}.Internal|Mixed Platforms.ActiveCfg = Internal|Any CPU
		{B05D046D-A620-4233-9D52-0255C7A69760}.Internal|Mixed Platforms.Build.0 = Internal|Any CPU
		{B05D046D-A620-4233-9D52-0255C7A69760}.Internal|Win32.ActiveCfg = Internal|Any CPU
		{B05D046D-A620-4233-9D52-0255C7A69760}.Release|Any CPU.ActiveCfg = Release|Any CPU
		{B05D046D-A620-4233-9D52-0255C7A69760}.Release|Any CPU.Build.0 = Release|Any CPU
		{B05D046D-A620-4233-9D52-0255C7A69760}.Release|Mixed Platforms.ActiveCfg = Release|Any CPU
		{B05D046D-A620-4233-9D52-0255C7A69760}.Release|Mixed Platforms.Build.0 = Release|Any CPU
		{B05D046D-A620-4233-9D52-0255C7A69760}.Release|Win32.ActiveCfg = Release|Any CPU
		{437B3C57-A7E7-4D99-A027-4BB4E5105E7A}.Debug|Any CPU.ActiveCfg = Debug|Any CPU
		{437B3C57-A7E7-4D99-A027-4BB4E5105E7A}.Debug|Any CPU.Build.0 = Debug|Any CPU
		{437B3C57-A7E7-4D99-A027-4BB4E5105E7A}.Debug|Mixed Platforms.ActiveCfg = Debug|Any CPU
		{437B3C57-A7E7-4D99-A027-4BB4E5105E7A}.Debug|Mixed Platforms.Build.0 = Debug|Any CPU
		{437B3C57-A7E7-4D99-A027-4BB4E5105E7A}.Debug|Win32.ActiveCfg = Debug|Any CPU
		{437B3C57-A7E7-4D99-A027-4BB4E5105E7A}.HWSW|Any CPU.ActiveCfg = HWSW|Any CPU
		{437B3C57-A7E7-4D99-A027-4BB4E5105E7A}.HWSW|Any CPU.Build.0 = HWSW|Any CPU
		{437B3C57-A7E7-4D99-A027-4BB4E5105E7A}.HWSW|Mixed Platforms.ActiveCfg = HWSW|Any CPU
		{437B3C57-A7E7-4D99-A027-4BB4E5105E7A}.HWSW|Mixed Platforms.Build.0 = HWSW|Any CPU
		{437B3C57-A7E7-4D99-A027-4BB4E5105E7A}.HWSW|Win32.ActiveCfg = HWSW|Any CPU
		{437B3C57-A7E7-4D99-A027-4BB4E5105E7A}.Internal|Any CPU.ActiveCfg = Internal|Any CPU
		{437B3C57-A7E7-4D99-A027-4BB4E5105E7A}.Internal|Any CPU.Build.0 = Internal|Any CPU
		{437B3C57-A7E7-4D99-A027-4BB4E5105E7A}.Internal|Mixed Platforms.ActiveCfg = Internal|Any CPU
		{437B3C57-A7E7-4D99-A027-4BB4E5105E7A}.Internal|Mixed Platforms.Build.0 = Internal|Any CPU
		{437B3C57-A7E7-4D99-A027-4BB4E5105E7A}.Internal|Win32.ActiveCfg = Internal|Any CPU
		{437B3C57-A7E7-4D99-A027-4BB4E5105E7A}.Release|Any CPU.ActiveCfg = Release|Any CPU
		{437B3C57-A7E7-4D99-A027-4BB4E5105E7A}.Release|Any CPU.Build.0 = Release|Any CPU
		{437B3C57-A7E7-4D99-A027-4BB4E5105E7A}.Release|Mixed Platforms.ActiveCfg = Release|Any CPU
		{437B3C57-A7E7-4D99-A027-4BB4E5105E7A}.Release|Mixed Platforms.Build.0 = Release|Any CPU
		{437B3C57-A7E7-4D99-A027-4BB4E5105E7A}.Release|Win32.ActiveCfg = Release|Any CPU
		{6532B8A9-8CC2-4D7F-9D5E-7669841B6871}.Debug|Any CPU.ActiveCfg = Debug|Any CPU
		{6532B8A9-8CC2-4D7F-9D5E-7669841B6871}.Debug|Any CPU.Build.0 = Debug|Any CPU
		{6532B8A9-8CC2-4D7F-9D5E-7669841B6871}.Debug|Mixed Platforms.ActiveCfg = Debug|Any CPU
		{6532B8A9-8CC2-4D7F-9D5E-7669841B6871}.Debug|Mixed Platforms.Build.0 = Debug|Any CPU
		{6532B8A9-8CC2-4D7F-9D5E-7669841B6871}.Debug|Win32.ActiveCfg = Debug|Any CPU
		{6532B8A9-8CC2-4D7F-9D5E-7669841B6871}.HWSW|Any CPU.ActiveCfg = HWSW|Any CPU
		{6532B8A9-8CC2-4D7F-9D5E-7669841B6871}.HWSW|Any CPU.Build.0 = HWSW|Any CPU
		{6532B8A9-8CC2-4D7F-9D5E-7669841B6871}.HWSW|Mixed Platforms.ActiveCfg = HWSW|Any CPU
		{6532B8A9-8CC2-4D7F-9D5E-7669841B6871}.HWSW|Mixed Platforms.Build.0 = HWSW|Any CPU
		{6532B8A9-8CC2-4D7F-9D5E-7669841B6871}.HWSW|Win32.ActiveCfg = HWSW|Any CPU
		{6532B8A9-8CC2-4D7F-9D5E-7669841B6871}.Internal|Any CPU.ActiveCfg = Internal|Any CPU
		{6532B8A9-8CC2-4D7F-9D5E-7669841B6871}.Internal|Any CPU.Build.0 = Internal|Any CPU
		{6532B8A9-8CC2-4D7F-9D5E-7669841B6871}.Internal|Mixed Platforms.ActiveCfg = Internal|Any CPU
		{6532B8A9-8CC2-4D7F-9D5E-7669841B6871}.Internal|Mixed Platforms.Build.0 = Internal|Any CPU
		{6532B8A9-8CC2-4D7F-9D5E-7669841B6871}.Internal|Win32.ActiveCfg = Internal|Any CPU
		{6532B8A9-8CC2-4D7F-9D5E-7669841B6871}.Release|Any CPU.ActiveCfg = Release|Any CPU
		{6532B8A9-8CC2-4D7F-9D5E-7669841B6871}.Release|Any CPU.Build.0 = Release|Any CPU
		{6532B8A9-8CC2-4D7F-9D5E-7669841B6871}.Release|Mixed Platforms.ActiveCfg = Release|Any CPU
		{6532B8A9-8CC2-4D7F-9D5E-7669841B6871}.Release|Mixed Platforms.Build.0 = Release|Any CPU
		{6532B8A9-8CC2-4D7F-9D5E-7669841B6871}.Release|Win32.ActiveCfg = Release|Any CPU
		{2417259E-803F-4017-A3B4-5F3C87470D2E}.Debug|Any CPU.ActiveCfg = Debug|Any CPU
		{2417259E-803F-4017-A3B4-5F3C87470D2E}.Debug|Any CPU.Build.0 = Debug|Any CPU
		{2417259E-803F-4017-A3B4-5F3C87470D2E}.Debug|Mixed Platforms.ActiveCfg = Debug|Any CPU
		{2417259E-803F-4017-A3B4-5F3C87470D2E}.Debug|Mixed Platforms.Build.0 = Debug|Any CPU
		{2417259E-803F-4017-A3B4-5F3C87470D2E}.Debug|Win32.ActiveCfg = Debug|Any CPU
		{2417259E-803F-4017-A3B4-5F3C87470D2E}.HWSW|Any CPU.ActiveCfg = Release|Any CPU
		{2417259E-803F-4017-A3B4-5F3C87470D2E}.HWSW|Any CPU.Build.0 = Release|Any CPU
		{2417259E-803F-4017-A3B4-5F3C87470D2E}.HWSW|Mixed Platforms.ActiveCfg = Release|Any CPU
		{2417259E-803F-4017-A3B4-5F3C87470D2E}.HWSW|Mixed Platforms.Build.0 = Release|Any CPU
		{2417259E-803F-4017-A3B4-5F3C87470D2E}.HWSW|Win32.ActiveCfg = Release|Any CPU
		{2417259E-803F-4017-A3B4-5F3C87470D2E}.Internal|Any CPU.ActiveCfg = Release|Any CPU
		{2417259E-803F-4017-A3B4-5F3C87470D2E}.Internal|Any CPU.Build.0 = Release|Any CPU
		{2417259E-803F-4017-A3B4-5F3C87470D2E}.Internal|Mixed Platforms.ActiveCfg = Release|Any CPU
		{2417259E-803F-4017-A3B4-5F3C87470D2E}.Internal|Mixed Platforms.Build.0 = Release|Any CPU
		{2417259E-803F-4017-A3B4-5F3C87470D2E}.Internal|Win32.ActiveCfg = Release|Any CPU
		{2417259E-803F-4017-A3B4-5F3C87470D2E}.Release|Any CPU.ActiveCfg = Release|Any CPU
		{2417259E-803F-4017-A3B4-5F3C87470D2E}.Release|Any CPU.Build.0 = Release|Any CPU
		{2417259E-803F-4017-A3B4-5F3C87470D2E}.Release|Mixed Platforms.ActiveCfg = Release|Any CPU
		{2417259E-803F-4017-A3B4-5F3C87470D2E}.Release|Mixed Platforms.Build.0 = Release|Any CPU
		{2417259E-803F-4017-A3B4-5F3C87470D2E}.Release|Win32.ActiveCfg = Release|Any CPU
		{584822A6-F933-484F-AFF3-5D3CC2337198}.Debug|Any CPU.ActiveCfg = Debug|Any CPU
		{584822A6-F933-484F-AFF3-5D3CC2337198}.Debug|Any CPU.Build.0 = Debug|Any CPU
		{584822A6-F933-484F-AFF3-5D3CC2337198}.Debug|Mixed Platforms.ActiveCfg = Debug|Any CPU
		{584822A6-F933-484F-AFF3-5D3CC2337198}.Debug|Mixed Platforms.Build.0 = Debug|Any CPU
		{584822A6-F933-484F-AFF3-5D3CC2337198}.Debug|Win32.ActiveCfg = Debug|Any CPU
		{584822A6-F933-484F-AFF3-5D3CC2337198}.HWSW|Any CPU.ActiveCfg = Release|Any CPU
		{584822A6-F933-484F-AFF3-5D3CC2337198}.HWSW|Any CPU.Build.0 = Release|Any CPU
		{584822A6-F933-484F-AFF3-5D3CC2337198}.HWSW|Mixed Platforms.ActiveCfg = Release|Any CPU
		{584822A6-F933-484F-AFF3-5D3CC2337198}.HWSW|Mixed Platforms.Build.0 = Release|Any CPU
		{584822A6-F933-484F-AFF3-5D3CC2337198}.HWSW|Win32.ActiveCfg = Release|Any CPU
		{584822A6-F933-484F-AFF3-5D3CC2337198}.Internal|Any CPU.ActiveCfg = Release|Any CPU
		{584822A6-F933-484F-AFF3-5D3CC2337198}.Internal|Any CPU.Build.0 = Release|Any CPU
		{584822A6-F933-484F-AFF3-5D3CC2337198}.Internal|Mixed Platforms.ActiveCfg = Release|Any CPU
		{584822A6-F933-484F-AFF3-5D3CC2337198}.Internal|Mixed Platforms.Build.0 = Release|Any CPU
		{584822A6-F933-484F-AFF3-5D3CC2337198}.Internal|Win32.ActiveCfg = Release|Any CPU
		{584822A6-F933-484F-AFF3-5D3CC2337198}.Release|Any CPU.ActiveCfg = Release|Any CPU
		{584822A6-F933-484F-AFF3-5D3CC2337198}.Release|Any CPU.Build.0 = Release|Any CPU
		{584822A6-F933-484F-AFF3-5D3CC2337198}.Release|Mixed Platforms.ActiveCfg = Release|Any CPU
		{584822A6-F933-484F-AFF3-5D3CC2337198}.Release|Mixed Platforms.Build.0 = Release|Any CPU
		{584822A6-F933-484F-AFF3-5D3CC2337198}.Release|Win32.ActiveCfg = Release|Any CPU
		{CF2E53FE-96C7-4CDB-AE35-43DE7620C1DF}.Debug|Any CPU.ActiveCfg = Debug|Any CPU
		{CF2E53FE-96C7-4CDB-AE35-43DE7620C1DF}.Debug|Any CPU.Build.0 = Debug|Any CPU
		{CF2E53FE-96C7-4CDB-AE35-43DE7620C1DF}.Debug|Mixed Platforms.ActiveCfg = Debug|Any CPU
		{CF2E53FE-96C7-4CDB-AE35-43DE7620C1DF}.Debug|Mixed Platforms.Build.0 = Debug|Any CPU
		{CF2E53FE-96C7-4CDB-AE35-43DE7620C1DF}.Debug|Win32.ActiveCfg = Debug|Any CPU
		{CF2E53FE-96C7-4CDB-AE35-43DE7620C1DF}.HWSW|Any CPU.ActiveCfg = Release|Any CPU
		{CF2E53FE-96C7-4CDB-AE35-43DE7620C1DF}.HWSW|Any CPU.Build.0 = Release|Any CPU
		{CF2E53FE-96C7-4CDB-AE35-43DE7620C1DF}.HWSW|Mixed Platforms.ActiveCfg = Release|Any CPU
		{CF2E53FE-96C7-4CDB-AE35-43DE7620C1DF}.HWSW|Mixed Platforms.Build.0 = Release|Any CPU
		{CF2E53FE-96C7-4CDB-AE35-43DE7620C1DF}.HWSW|Win32.ActiveCfg = Release|Any CPU
		{CF2E53FE-96C7-4CDB-AE35-43DE7620C1DF}.Internal|Any CPU.ActiveCfg = Release|Any CPU
		{CF2E53FE-96C7-4CDB-AE35-43DE7620C1DF}.Internal|Any CPU.Build.0 = Release|Any CPU
		{CF2E53FE-96C7-4CDB-AE35-43DE7620C1DF}.Internal|Mixed Platforms.ActiveCfg = Release|Any CPU
		{CF2E53FE-96C7-4CDB-AE35-43DE7620C1DF}.Internal|Mixed Platforms.Build.0 = Release|Any CPU
		{CF2E53FE-96C7-4CDB-AE35-43DE7620C1DF}.Internal|Win32.ActiveCfg = Release|Any CPU
		{CF2E53FE-96C7-4CDB-AE35-43DE7620C1DF}.Release|Any CPU.ActiveCfg = Release|Any CPU
		{CF2E53FE-96C7-4CDB-AE35-43DE7620C1DF}.Release|Any CPU.Build.0 = Release|Any CPU
		{CF2E53FE-96C7-4CDB-AE35-43DE7620C1DF}.Release|Mixed Platforms.ActiveCfg = Release|Any CPU
		{CF2E53FE-96C7-4CDB-AE35-43DE7620C1DF}.Release|Mixed Platforms.Build.0 = Release|Any CPU
		{CF2E53FE-96C7-4CDB-AE35-43DE7620C1DF}.Release|Win32.ActiveCfg = Release|Any CPU
		{244AD0FC-CB54-4DC5-AD3A-8DF22BE2C220}.Debug|Any CPU.ActiveCfg = Debug|Any CPU
		{244AD0FC-CB54-4DC5-AD3A-8DF22BE2C220}.Debug|Any CPU.Build.0 = Debug|Any CPU
		{244AD0FC-CB54-4DC5-AD3A-8DF22BE2C220}.Debug|Mixed Platforms.ActiveCfg = Debug|Any CPU
		{244AD0FC-CB54-4DC5-AD3A-8DF22BE2C220}.Debug|Mixed Platforms.Build.0 = Debug|Any CPU
		{244AD0FC-CB54-4DC5-AD3A-8DF22BE2C220}.Debug|Win32.ActiveCfg = Debug|Any CPU
		{244AD0FC-CB54-4DC5-AD3A-8DF22BE2C220}.HWSW|Any CPU.ActiveCfg = Release|Any CPU
		{244AD0FC-CB54-4DC5-AD3A-8DF22BE2C220}.HWSW|Any CPU.Build.0 = Release|Any CPU
		{244AD0FC-CB54-4DC5-AD3A-8DF22BE2C220}.HWSW|Mixed Platforms.ActiveCfg = Release|Any CPU
		{244AD0FC-CB54-4DC5-AD3A-8DF22BE2C220}.HWSW|Mixed Platforms.Build.0 = Release|Any CPU
		{244AD0FC-CB54-4DC5-AD3A-8DF22BE2C220}.HWSW|Win32.ActiveCfg = Release|Any CPU
		{244AD0FC-CB54-4DC5-AD3A-8DF22BE2C220}.Internal|Any CPU.ActiveCfg = Release|Any CPU
		{244AD0FC-CB54-4DC5-AD3A-8DF22BE2C220}.Internal|Any CPU.Build.0 = Release|Any CPU
		{244AD0FC-CB54-4DC5-AD3A-8DF22BE2C220}.Internal|Mixed Platforms.ActiveCfg = Release|Any CPU
		{244AD0FC-CB54-4DC5-AD3A-8DF22BE2C220}.Internal|Mixed Platforms.Build.0 = Release|Any CPU
		{244AD0FC-CB54-4DC5-AD3A-8DF22BE2C220}.Internal|Win32.ActiveCfg = Release|Any CPU
		{244AD0FC-CB54-4DC5-AD3A-8DF22BE2C220}.Release|Any CPU.ActiveCfg = Release|Any CPU
		{244AD0FC-CB54-4DC5-AD3A-8DF22BE2C220}.Release|Any CPU.Build.0 = Release|Any CPU
		{244AD0FC-CB54-4DC5-AD3A-8DF22BE2C220}.Release|Mixed Platforms.ActiveCfg = Release|Any CPU
		{244AD0FC-CB54-4DC5-AD3A-8DF22BE2C220}.Release|Mixed Platforms.Build.0 = Release|Any CPU
		{244AD0FC-CB54-4DC5-AD3A-8DF22BE2C220}.Release|Win32.ActiveCfg = Release|Any CPU
		{E2C5B356-6D38-406D-A074-1185834634DD}.Debug|Any CPU.ActiveCfg = Debug|Any CPU
		{E2C5B356-6D38-406D-A074-1185834634DD}.Debug|Any CPU.Build.0 = Debug|Any CPU
		{E2C5B356-6D38-406D-A074-1185834634DD}.Debug|Mixed Platforms.ActiveCfg = Debug|Any CPU
		{E2C5B356-6D38-406D-A074-1185834634DD}.Debug|Mixed Platforms.Build.0 = Debug|Any CPU
		{E2C5B356-6D38-406D-A074-1185834634DD}.Debug|Win32.ActiveCfg = Debug|Any CPU
		{E2C5B356-6D38-406D-A074-1185834634DD}.HWSW|Any CPU.ActiveCfg = Release|Any CPU
		{E2C5B356-6D38-406D-A074-1185834634DD}.HWSW|Any CPU.Build.0 = Release|Any CPU
		{E2C5B356-6D38-406D-A074-1185834634DD}.HWSW|Mixed Platforms.ActiveCfg = Release|Any CPU
		{E2C5B356-6D38-406D-A074-1185834634DD}.HWSW|Mixed Platforms.Build.0 = Release|Any CPU
		{E2C5B356-6D38-406D-A074-1185834634DD}.HWSW|Win32.ActiveCfg = Release|Any CPU
		{E2C5B356-6D38-406D-A074-1185834634DD}.Internal|Any CPU.ActiveCfg = Release|Any CPU
		{E2C5B356-6D38-406D-A074-1185834634DD}.Internal|Any CPU.Build.0 = Release|Any CPU
		{E2C5B356-6D38-406D-A074-1185834634DD}.Internal|Mixed Platforms.ActiveCfg = Release|Any CPU
		{E2C5B356-6D38-406D-A074-1185834634DD}.Internal|Mixed Platforms.Build.0 = Release|Any CPU
		{E2C5B356-6D38-406D-A074-1185834634DD}.Internal|Win32.ActiveCfg = Release|Any CPU
		{E2C5B356-6D38-406D-A074-1185834634DD}.Release|Any CPU.ActiveCfg = Release|Any CPU
		{E2C5B356-6D38-406D-A074-1185834634DD}.Release|Any CPU.Build.0 = Release|Any CPU
		{E2C5B356-6D38-406D-A074-1185834634DD}.Release|Mixed Platforms.ActiveCfg = Release|Any CPU
		{E2C5B356-6D38-406D-A074-1185834634DD}.Release|Mixed Platforms.Build.0 = Release|Any CPU
		{E2C5B356-6D38-406D-A074-1185834634DD}.Release|Win32.ActiveCfg = Release|Any CPU
		{04D1EBFE-F934-44D2-86C6-407BC99AE00A}.Debug|Any CPU.ActiveCfg = Debug|Any CPU
		{04D1EBFE-F934-44D2-86C6-407BC99AE00A}.Debug|Any CPU.Build.0 = Debug|Any CPU
		{04D1EBFE-F934-44D2-86C6-407BC99AE00A}.Debug|Mixed Platforms.ActiveCfg = Debug|Any CPU
		{04D1EBFE-F934-44D2-86C6-407BC99AE00A}.Debug|Mixed Platforms.Build.0 = Debug|Any CPU
		{04D1EBFE-F934-44D2-86C6-407BC99AE00A}.Debug|Win32.ActiveCfg = Debug|Any CPU
		{04D1EBFE-F934-44D2-86C6-407BC99AE00A}.HWSW|Any CPU.ActiveCfg = Release|Any CPU
		{04D1EBFE-F934-44D2-86C6-407BC99AE00A}.HWSW|Any CPU.Build.0 = Release|Any CPU
		{04D1EBFE-F934-44D2-86C6-407BC99AE00A}.HWSW|Mixed Platforms.ActiveCfg = Release|Any CPU
		{04D1EBFE-F934-44D2-86C6-407BC99AE00A}.HWSW|Mixed Platforms.Build.0 = Release|Any CPU
		{04D1EBFE-F934-44D2-86C6-407BC99AE00A}.HWSW|Win32.ActiveCfg = Release|Any CPU
		{04D1EBFE-F934-44D2-86C6-407BC99AE00A}.Internal|Any CPU.ActiveCfg = Release|Any CPU
		{04D1EBFE-F934-44D2-86C6-407BC99AE00A}.Internal|Any CPU.Build.0 = Release|Any CPU
		{04D1EBFE-F934-44D2-86C6-407BC99AE00A}.Internal|Mixed Platforms.ActiveCfg = Release|Any CPU
		{04D1EBFE-F934-44D2-86C6-407BC99AE00A}.Internal|Mixed Platforms.Build.0 = Release|Any CPU
		{04D1EBFE-F934-44D2-86C6-407BC99AE00A}.Internal|Win32.ActiveCfg = Release|Any CPU
		{04D1EBFE-F934-44D2-86C6-407BC99AE00A}.Release|Any CPU.ActiveCfg = Release|Any CPU
		{04D1EBFE-F934-44D2-86C6-407BC99AE00A}.Release|Any CPU.Build.0 = Release|Any CPU
		{04D1EBFE-F934-44D2-86C6-407BC99AE00A}.Release|Mixed Platforms.ActiveCfg = Release|Any CPU
		{04D1EBFE-F934-44D2-86C6-407BC99AE00A}.Release|Mixed Platforms.Build.0 = Release|Any CPU
		{04D1EBFE-F934-44D2-86C6-407BC99AE00A}.Release|Win32.ActiveCfg = Release|Any CPU
		{D2FE84CF-A502-4941-877E-5F82DAFE4D57}.Debug|Any CPU.ActiveCfg = Debug|Any CPU
		{D2FE84CF-A502-4941-877E-5F82DAFE4D57}.Debug|Any CPU.Build.0 = Debug|Any CPU
		{D2FE84CF-A502-4941-877E-5F82DAFE4D57}.Debug|Mixed Platforms.ActiveCfg = Debug|Any CPU
		{D2FE84CF-A502-4941-877E-5F82DAFE4D57}.Debug|Mixed Platforms.Build.0 = Debug|Any CPU
		{D2FE84CF-A502-4941-877E-5F82DAFE4D57}.Debug|Win32.ActiveCfg = Debug|Any CPU
		{D2FE84CF-A502-4941-877E-5F82DAFE4D57}.HWSW|Any CPU.ActiveCfg = Release|Any CPU
		{D2FE84CF-A502-4941-877E-5F82DAFE4D57}.HWSW|Any CPU.Build.0 = Release|Any CPU
		{D2FE84CF-A502-4941-877E-5F82DAFE4D57}.HWSW|Mixed Platforms.ActiveCfg = Release|Any CPU
		{D2FE84CF-A502-4941-877E-5F82DAFE4D57}.HWSW|Mixed Platforms.Build.0 = Release|Any CPU
		{D2FE84CF-A502-4941-877E-5F82DAFE4D57}.HWSW|Win32.ActiveCfg = Release|Any CPU
		{D2FE84CF-A502-4941-877E-5F82DAFE4D57}.Internal|Any CPU.ActiveCfg = Release|Any CPU
		{D2FE84CF-A502-4941-877E-5F82DAFE4D57}.Internal|Any CPU.Build.0 = Release|Any CPU
		{D2FE84CF-A502-4941-877E-5F82DAFE4D57}.Internal|Mixed Platforms.ActiveCfg = Release|Any CPU
		{D2FE84CF-A502-4941-877E-5F82DAFE4D57}.Internal|Mixed Platforms.Build.0 = Release|Any CPU
		{D2FE84CF-A502-4941-877E-5F82DAFE4D57}.Internal|Win32.ActiveCfg = Release|Any CPU
		{D2FE84CF-A502-4941-877E-5F82DAFE4D57}.Release|Any CPU.ActiveCfg = Release|Any CPU
		{D2FE84CF-A502-4941-877E-5F82DAFE4D57}.Release|Any CPU.Build.0 = Release|Any CPU
		{D2FE84CF-A502-4941-877E-5F82DAFE4D57}.Release|Mixed Platforms.ActiveCfg = Release|Any CPU
		{D2FE84CF-A502-4941-877E-5F82DAFE4D57}.Release|Mixed Platforms.Build.0 = Release|Any CPU
		{D2FE84CF-A502-4941-877E-5F82DAFE4D57}.Release|Win32.ActiveCfg = Release|Any CPU
	EndGlobalSection
	GlobalSection(SolutionProperties) = preSolution
		HideSolutionNode = FALSE
	EndGlobalSection
EndGlobal
