
Microsoft Visual Studio Solution File, Format Version 12.00
# Visual Studio 14
VisualStudioVersion = 14.0.25123.0
MinimumVisualStudioVersion = 10.0.40219.1
Project("{FAE04EC0-301F-11D3-BF4B-00C04F79EFBC}") = "SmackInst", "SmackInst\SmackInst.csproj", "{AD4BF338-5412-486B-A860-90C16AC092A0}"
EndProject
Project("{FAE04EC0-301F-11D3-BF4B-00C04F79EFBC}") = "CorralUtil", "..\..\source\Util\CorralUtil.csproj", "{186DE4BD-014D-47C7-A914-831EA98116A9}"
EndProject
Project("{FAE04EC0-301F-11D3-BF4B-00C04F79EFBC}") = "AvUtil", "..\AngelicVerifierNull\AvUtil\AvUtil.csproj", "{04D1EBFE-F934-44D2-86C6-407BC99AE00A}"
EndProject
Project("{2150E333-8FDC-42A3-9474-1A3956D46DE8}") = "boogie", "boogie", "{247E7FAB-27D9-4AE7-9240-C421725A9B8A}"
EndProject
Project("{FAE04EC0-301F-11D3-BF4B-00C04F79EFBC}") = "AbsInt", "..\..\boogie\Source\AbsInt\AbsInt.csproj", "{0EFA3E43-690B-48DC-A72C-384A3EA7F31F}"
EndProject
Project("{FAE04EC0-301F-11D3-BF4B-00C04F79EFBC}") = "Basetypes", "..\..\boogie\Source\Basetypes\Basetypes.csproj", "{43DFAD18-3E35-4558-9BE2-CAFF6B5BA8A0}"
EndProject
Project("{FAE04EC0-301F-11D3-BF4B-00C04F79EFBC}") = "CodeContractsExtender", "..\..\boogie\Source\CodeContractsExtender\CodeContractsExtender.csproj", "{ACCC0156-0921-43ED-8F67-AD8BDC8CDE31}"
EndProject
Project("{FAE04EC0-301F-11D3-BF4B-00C04F79EFBC}") = "Concurrency", "..\..\boogie\Source\Concurrency\Concurrency.csproj", "{D07B8E38-E172-47F4-AD02-0373014A46D3}"
EndProject
Project("{FAE04EC0-301F-11D3-BF4B-00C04F79EFBC}") = "Core", "..\..\boogie\Source\Core\Core.csproj", "{B230A69C-C466-4065-B9C1-84D80E76D802}"
EndProject
Project("{FAE04EC0-301F-11D3-BF4B-00C04F79EFBC}") = "ExecutionEngine", "..\..\boogie\Source\ExecutionEngine\ExecutionEngine.csproj", "{EAA5EB79-D475-4601-A59B-825C191CD25F}"
EndProject
Project("{FAE04EC0-301F-11D3-BF4B-00C04F79EFBC}") = "Graph", "..\..\boogie\Source\Graph\Graph.csproj", "{69A2B0B8-BCAC-4101-AE7A-556FCC58C06E}"
EndProject
Project("{FAE04EC0-301F-11D3-BF4B-00C04F79EFBC}") = "Houdini", "..\..\boogie\Source\Houdini\Houdini.csproj", "{CF41E903-78EB-43BA-A355-E5FEB5ECECD4}"
EndProject
Project("{FAE04EC0-301F-11D3-BF4B-00C04F79EFBC}") = "Model", "..\..\boogie\Source\Model\Model.csproj", "{ACEF88D5-DADD-46DA-BAE1-2144D63F4C83}"
EndProject
Project("{FAE04EC0-301F-11D3-BF4B-00C04F79EFBC}") = "ParserHelper", "..\..\boogie\Source\ParserHelper\ParserHelper.csproj", "{FCD3AC7F-9DFD-46C8-AB1E-09F0B0F16DC5}"
EndProject
Project("{FAE04EC0-301F-11D3-BF4B-00C04F79EFBC}") = "VCExpr", "..\..\boogie\Source\VCExpr\VCExpr.csproj", "{56FFDBCA-7D14-43B8-A6CA-22A20E417EE1}"
EndProject
Project("{FAE04EC0-301F-11D3-BF4B-00C04F79EFBC}") = "VCGeneration", "..\..\boogie\Source\VCGeneration\VCGeneration.csproj", "{E1F10180-C7B9-4147-B51F-FA1B701966DC}"
EndProject
Project("{FAE04EC0-301F-11D3-BF4B-00C04F79EFBC}") = "SMTLib", "..\..\boogie\Source\Provers\SMTLib\SMTLib.csproj", "{9B163AA3-36BC-4AFB-88AB-79BC9E97E401}"
EndProject
Project("{FAE04EC0-301F-11D3-BF4B-00C04F79EFBC}") = "Doomed", "..\..\boogie\Source\Doomed\Doomed.csproj", "{884386A3-58E9-40BB-A273-B24976775553}"
EndProject
Project("{FAE04EC0-301F-11D3-BF4B-00C04F79EFBC}") = "Predication", "..\..\boogie\Source\Predication\Predication.csproj", "{AFAA5CE1-C41B-44F0-88F8-FD8A43826D44}"
EndProject
Global
	GlobalSection(SolutionConfigurationPlatforms) = preSolution
		Checked|Any CPU = Checked|Any CPU
		Checked|x86 = Checked|x86
		Debug|Any CPU = Debug|Any CPU
		Debug|x86 = Debug|x86
		HWSW|Any CPU = HWSW|Any CPU
		HWSW|x86 = HWSW|x86
		Internal|Any CPU = Internal|Any CPU
		Internal|x86 = Internal|x86
		QED|Any CPU = QED|Any CPU
		QED|x86 = QED|x86
		Release|Any CPU = Release|Any CPU
		Release|x86 = Release|x86
		z3apidebug|Any CPU = z3apidebug|Any CPU
		z3apidebug|x86 = z3apidebug|x86
	EndGlobalSection
	GlobalSection(ProjectConfigurationPlatforms) = postSolution
		{AD4BF338-5412-486B-A860-90C16AC092A0}.Checked|Any CPU.ActiveCfg = Release|Any CPU
		{AD4BF338-5412-486B-A860-90C16AC092A0}.Checked|Any CPU.Build.0 = Release|Any CPU
		{AD4BF338-5412-486B-A860-90C16AC092A0}.Checked|x86.ActiveCfg = Release|Any CPU
		{AD4BF338-5412-486B-A860-90C16AC092A0}.Checked|x86.Build.0 = Release|Any CPU
		{AD4BF338-5412-486B-A860-90C16AC092A0}.Debug|Any CPU.ActiveCfg = Debug|Any CPU
		{AD4BF338-5412-486B-A860-90C16AC092A0}.Debug|Any CPU.Build.0 = Debug|Any CPU
		{AD4BF338-5412-486B-A860-90C16AC092A0}.Debug|x86.ActiveCfg = Debug|Any CPU
		{AD4BF338-5412-486B-A860-90C16AC092A0}.Debug|x86.Build.0 = Debug|Any CPU
		{AD4BF338-5412-486B-A860-90C16AC092A0}.HWSW|Any CPU.ActiveCfg = Release|Any CPU
		{AD4BF338-5412-486B-A860-90C16AC092A0}.HWSW|Any CPU.Build.0 = Release|Any CPU
		{AD4BF338-5412-486B-A860-90C16AC092A0}.HWSW|x86.ActiveCfg = Release|Any CPU
		{AD4BF338-5412-486B-A860-90C16AC092A0}.HWSW|x86.Build.0 = Release|Any CPU
		{AD4BF338-5412-486B-A860-90C16AC092A0}.Internal|Any CPU.ActiveCfg = Release|Any CPU
		{AD4BF338-5412-486B-A860-90C16AC092A0}.Internal|Any CPU.Build.0 = Release|Any CPU
		{AD4BF338-5412-486B-A860-90C16AC092A0}.Internal|x86.ActiveCfg = Release|Any CPU
		{AD4BF338-5412-486B-A860-90C16AC092A0}.Internal|x86.Build.0 = Release|Any CPU
		{AD4BF338-5412-486B-A860-90C16AC092A0}.QED|Any CPU.ActiveCfg = Release|Any CPU
		{AD4BF338-5412-486B-A860-90C16AC092A0}.QED|Any CPU.Build.0 = Release|Any CPU
		{AD4BF338-5412-486B-A860-90C16AC092A0}.QED|x86.ActiveCfg = Release|Any CPU
		{AD4BF338-5412-486B-A860-90C16AC092A0}.QED|x86.Build.0 = Release|Any CPU
		{AD4BF338-5412-486B-A860-90C16AC092A0}.Release|Any CPU.ActiveCfg = Release|Any CPU
		{AD4BF338-5412-486B-A860-90C16AC092A0}.Release|Any CPU.Build.0 = Release|Any CPU
		{AD4BF338-5412-486B-A860-90C16AC092A0}.Release|x86.ActiveCfg = Release|Any CPU
		{AD4BF338-5412-486B-A860-90C16AC092A0}.Release|x86.Build.0 = Release|Any CPU
		{AD4BF338-5412-486B-A860-90C16AC092A0}.z3apidebug|Any CPU.ActiveCfg = Release|Any CPU
		{AD4BF338-5412-486B-A860-90C16AC092A0}.z3apidebug|Any CPU.Build.0 = Release|Any CPU
		{AD4BF338-5412-486B-A860-90C16AC092A0}.z3apidebug|x86.ActiveCfg = Release|Any CPU
		{AD4BF338-5412-486B-A860-90C16AC092A0}.z3apidebug|x86.Build.0 = Release|Any CPU
		{186DE4BD-014D-47C7-A914-831EA98116A9}.Checked|Any CPU.ActiveCfg = Release|Any CPU
		{186DE4BD-014D-47C7-A914-831EA98116A9}.Checked|Any CPU.Build.0 = Release|Any CPU
		{186DE4BD-014D-47C7-A914-831EA98116A9}.Checked|x86.ActiveCfg = Release|Any CPU
		{186DE4BD-014D-47C7-A914-831EA98116A9}.Checked|x86.Build.0 = Release|Any CPU
		{186DE4BD-014D-47C7-A914-831EA98116A9}.Debug|Any CPU.ActiveCfg = Debug|Any CPU
		{186DE4BD-014D-47C7-A914-831EA98116A9}.Debug|Any CPU.Build.0 = Debug|Any CPU
		{186DE4BD-014D-47C7-A914-831EA98116A9}.Debug|x86.ActiveCfg = Debug|Any CPU
		{186DE4BD-014D-47C7-A914-831EA98116A9}.Debug|x86.Build.0 = Debug|Any CPU
		{186DE4BD-014D-47C7-A914-831EA98116A9}.HWSW|Any CPU.ActiveCfg = HWSW|Any CPU
		{186DE4BD-014D-47C7-A914-831EA98116A9}.HWSW|Any CPU.Build.0 = HWSW|Any CPU
		{186DE4BD-014D-47C7-A914-831EA98116A9}.HWSW|x86.ActiveCfg = HWSW|Any CPU
		{186DE4BD-014D-47C7-A914-831EA98116A9}.HWSW|x86.Build.0 = HWSW|Any CPU
		{186DE4BD-014D-47C7-A914-831EA98116A9}.Internal|Any CPU.ActiveCfg = Internal|Any CPU
		{186DE4BD-014D-47C7-A914-831EA98116A9}.Internal|Any CPU.Build.0 = Internal|Any CPU
		{186DE4BD-014D-47C7-A914-831EA98116A9}.Internal|x86.ActiveCfg = Internal|Any CPU
		{186DE4BD-014D-47C7-A914-831EA98116A9}.Internal|x86.Build.0 = Internal|Any CPU
		{186DE4BD-014D-47C7-A914-831EA98116A9}.QED|Any CPU.ActiveCfg = Release|Any CPU
		{186DE4BD-014D-47C7-A914-831EA98116A9}.QED|Any CPU.Build.0 = Release|Any CPU
		{186DE4BD-014D-47C7-A914-831EA98116A9}.QED|x86.ActiveCfg = Release|Any CPU
		{186DE4BD-014D-47C7-A914-831EA98116A9}.QED|x86.Build.0 = Release|Any CPU
		{186DE4BD-014D-47C7-A914-831EA98116A9}.Release|Any CPU.ActiveCfg = Release|Any CPU
		{186DE4BD-014D-47C7-A914-831EA98116A9}.Release|Any CPU.Build.0 = Release|Any CPU
		{186DE4BD-014D-47C7-A914-831EA98116A9}.Release|x86.ActiveCfg = Release|Any CPU
		{186DE4BD-014D-47C7-A914-831EA98116A9}.Release|x86.Build.0 = Release|Any CPU
		{186DE4BD-014D-47C7-A914-831EA98116A9}.z3apidebug|Any CPU.ActiveCfg = Release|Any CPU
		{186DE4BD-014D-47C7-A914-831EA98116A9}.z3apidebug|Any CPU.Build.0 = Release|Any CPU
		{186DE4BD-014D-47C7-A914-831EA98116A9}.z3apidebug|x86.ActiveCfg = Release|Any CPU
		{186DE4BD-014D-47C7-A914-831EA98116A9}.z3apidebug|x86.Build.0 = Release|Any CPU
		{04D1EBFE-F934-44D2-86C6-407BC99AE00A}.Checked|Any CPU.ActiveCfg = Release|Any CPU
		{04D1EBFE-F934-44D2-86C6-407BC99AE00A}.Checked|Any CPU.Build.0 = Release|Any CPU
		{04D1EBFE-F934-44D2-86C6-407BC99AE00A}.Checked|x86.ActiveCfg = Release|Any CPU
		{04D1EBFE-F934-44D2-86C6-407BC99AE00A}.Checked|x86.Build.0 = Release|Any CPU
		{04D1EBFE-F934-44D2-86C6-407BC99AE00A}.Debug|Any CPU.ActiveCfg = Debug|Any CPU
		{04D1EBFE-F934-44D2-86C6-407BC99AE00A}.Debug|Any CPU.Build.0 = Debug|Any CPU
		{04D1EBFE-F934-44D2-86C6-407BC99AE00A}.Debug|x86.ActiveCfg = Debug|Any CPU
		{04D1EBFE-F934-44D2-86C6-407BC99AE00A}.Debug|x86.Build.0 = Debug|Any CPU
		{04D1EBFE-F934-44D2-86C6-407BC99AE00A}.HWSW|Any CPU.ActiveCfg = Release|Any CPU
		{04D1EBFE-F934-44D2-86C6-407BC99AE00A}.HWSW|Any CPU.Build.0 = Release|Any CPU
		{04D1EBFE-F934-44D2-86C6-407BC99AE00A}.HWSW|x86.ActiveCfg = Release|Any CPU
		{04D1EBFE-F934-44D2-86C6-407BC99AE00A}.HWSW|x86.Build.0 = Release|Any CPU
		{04D1EBFE-F934-44D2-86C6-407BC99AE00A}.Internal|Any CPU.ActiveCfg = Release|Any CPU
		{04D1EBFE-F934-44D2-86C6-407BC99AE00A}.Internal|Any CPU.Build.0 = Release|Any CPU
		{04D1EBFE-F934-44D2-86C6-407BC99AE00A}.Internal|x86.ActiveCfg = Release|Any CPU
		{04D1EBFE-F934-44D2-86C6-407BC99AE00A}.Internal|x86.Build.0 = Release|Any CPU
		{04D1EBFE-F934-44D2-86C6-407BC99AE00A}.QED|Any CPU.ActiveCfg = Release|Any CPU
		{04D1EBFE-F934-44D2-86C6-407BC99AE00A}.QED|Any CPU.Build.0 = Release|Any CPU
		{04D1EBFE-F934-44D2-86C6-407BC99AE00A}.QED|x86.ActiveCfg = Release|Any CPU
		{04D1EBFE-F934-44D2-86C6-407BC99AE00A}.QED|x86.Build.0 = Release|Any CPU
		{04D1EBFE-F934-44D2-86C6-407BC99AE00A}.Release|Any CPU.ActiveCfg = Release|Any CPU
		{04D1EBFE-F934-44D2-86C6-407BC99AE00A}.Release|Any CPU.Build.0 = Release|Any CPU
		{04D1EBFE-F934-44D2-86C6-407BC99AE00A}.Release|x86.ActiveCfg = Release|Any CPU
		{04D1EBFE-F934-44D2-86C6-407BC99AE00A}.Release|x86.Build.0 = Release|Any CPU
		{04D1EBFE-F934-44D2-86C6-407BC99AE00A}.z3apidebug|Any CPU.ActiveCfg = Release|Any CPU
		{04D1EBFE-F934-44D2-86C6-407BC99AE00A}.z3apidebug|Any CPU.Build.0 = Release|Any CPU
		{04D1EBFE-F934-44D2-86C6-407BC99AE00A}.z3apidebug|x86.ActiveCfg = Release|Any CPU
		{04D1EBFE-F934-44D2-86C6-407BC99AE00A}.z3apidebug|x86.Build.0 = Release|Any CPU
		{0EFA3E43-690B-48DC-A72C-384A3EA7F31F}.Checked|Any CPU.ActiveCfg = Checked|Any CPU
		{0EFA3E43-690B-48DC-A72C-384A3EA7F31F}.Checked|Any CPU.Build.0 = Checked|Any CPU
		{0EFA3E43-690B-48DC-A72C-384A3EA7F31F}.Checked|x86.ActiveCfg = Checked|x86
		{0EFA3E43-690B-48DC-A72C-384A3EA7F31F}.Checked|x86.Build.0 = Checked|x86
		{0EFA3E43-690B-48DC-A72C-384A3EA7F31F}.Debug|Any CPU.ActiveCfg = Debug|Any CPU
		{0EFA3E43-690B-48DC-A72C-384A3EA7F31F}.Debug|Any CPU.Build.0 = Debug|Any CPU
		{0EFA3E43-690B-48DC-A72C-384A3EA7F31F}.Debug|x86.ActiveCfg = Debug|x86
		{0EFA3E43-690B-48DC-A72C-384A3EA7F31F}.Debug|x86.Build.0 = Debug|x86
		{0EFA3E43-690B-48DC-A72C-384A3EA7F31F}.HWSW|Any CPU.ActiveCfg = z3apidebug|Any CPU
		{0EFA3E43-690B-48DC-A72C-384A3EA7F31F}.HWSW|Any CPU.Build.0 = z3apidebug|Any CPU
		{0EFA3E43-690B-48DC-A72C-384A3EA7F31F}.HWSW|x86.ActiveCfg = z3apidebug|x86
		{0EFA3E43-690B-48DC-A72C-384A3EA7F31F}.HWSW|x86.Build.0 = z3apidebug|x86
		{0EFA3E43-690B-48DC-A72C-384A3EA7F31F}.Internal|Any CPU.ActiveCfg = z3apidebug|Any CPU
		{0EFA3E43-690B-48DC-A72C-384A3EA7F31F}.Internal|Any CPU.Build.0 = z3apidebug|Any CPU
		{0EFA3E43-690B-48DC-A72C-384A3EA7F31F}.Internal|x86.ActiveCfg = z3apidebug|x86
		{0EFA3E43-690B-48DC-A72C-384A3EA7F31F}.Internal|x86.Build.0 = z3apidebug|x86
		{0EFA3E43-690B-48DC-A72C-384A3EA7F31F}.QED|Any CPU.ActiveCfg = QED|Any CPU
		{0EFA3E43-690B-48DC-A72C-384A3EA7F31F}.QED|Any CPU.Build.0 = QED|Any CPU
		{0EFA3E43-690B-48DC-A72C-384A3EA7F31F}.QED|x86.ActiveCfg = QED|x86
		{0EFA3E43-690B-48DC-A72C-384A3EA7F31F}.QED|x86.Build.0 = QED|x86
		{0EFA3E43-690B-48DC-A72C-384A3EA7F31F}.Release|Any CPU.ActiveCfg = Release|Any CPU
		{0EFA3E43-690B-48DC-A72C-384A3EA7F31F}.Release|Any CPU.Build.0 = Release|Any CPU
		{0EFA3E43-690B-48DC-A72C-384A3EA7F31F}.Release|x86.ActiveCfg = Release|x86
		{0EFA3E43-690B-48DC-A72C-384A3EA7F31F}.Release|x86.Build.0 = Release|x86
		{0EFA3E43-690B-48DC-A72C-384A3EA7F31F}.z3apidebug|Any CPU.ActiveCfg = z3apidebug|Any CPU
		{0EFA3E43-690B-48DC-A72C-384A3EA7F31F}.z3apidebug|Any CPU.Build.0 = z3apidebug|Any CPU
		{0EFA3E43-690B-48DC-A72C-384A3EA7F31F}.z3apidebug|x86.ActiveCfg = z3apidebug|x86
		{0EFA3E43-690B-48DC-A72C-384A3EA7F31F}.z3apidebug|x86.Build.0 = z3apidebug|x86
		{43DFAD18-3E35-4558-9BE2-CAFF6B5BA8A0}.Checked|Any CPU.ActiveCfg = Checked|Any CPU
		{43DFAD18-3E35-4558-9BE2-CAFF6B5BA8A0}.Checked|Any CPU.Build.0 = Checked|Any CPU
		{43DFAD18-3E35-4558-9BE2-CAFF6B5BA8A0}.Checked|x86.ActiveCfg = Checked|Any CPU
		{43DFAD18-3E35-4558-9BE2-CAFF6B5BA8A0}.Checked|x86.Build.0 = Checked|Any CPU
		{43DFAD18-3E35-4558-9BE2-CAFF6B5BA8A0}.Debug|Any CPU.ActiveCfg = Debug|Any CPU
		{43DFAD18-3E35-4558-9BE2-CAFF6B5BA8A0}.Debug|Any CPU.Build.0 = Debug|Any CPU
		{43DFAD18-3E35-4558-9BE2-CAFF6B5BA8A0}.Debug|x86.ActiveCfg = Debug|Any CPU
		{43DFAD18-3E35-4558-9BE2-CAFF6B5BA8A0}.Debug|x86.Build.0 = Debug|Any CPU
		{43DFAD18-3E35-4558-9BE2-CAFF6B5BA8A0}.HWSW|Any CPU.ActiveCfg = z3apidebug|Any CPU
		{43DFAD18-3E35-4558-9BE2-CAFF6B5BA8A0}.HWSW|Any CPU.Build.0 = z3apidebug|Any CPU
		{43DFAD18-3E35-4558-9BE2-CAFF6B5BA8A0}.HWSW|x86.ActiveCfg = z3apidebug|Any CPU
		{43DFAD18-3E35-4558-9BE2-CAFF6B5BA8A0}.HWSW|x86.Build.0 = z3apidebug|Any CPU
		{43DFAD18-3E35-4558-9BE2-CAFF6B5BA8A0}.Internal|Any CPU.ActiveCfg = z3apidebug|Any CPU
		{43DFAD18-3E35-4558-9BE2-CAFF6B5BA8A0}.Internal|Any CPU.Build.0 = z3apidebug|Any CPU
		{43DFAD18-3E35-4558-9BE2-CAFF6B5BA8A0}.Internal|x86.ActiveCfg = z3apidebug|Any CPU
		{43DFAD18-3E35-4558-9BE2-CAFF6B5BA8A0}.Internal|x86.Build.0 = z3apidebug|Any CPU
		{43DFAD18-3E35-4558-9BE2-CAFF6B5BA8A0}.QED|Any CPU.ActiveCfg = QED|Any CPU
		{43DFAD18-3E35-4558-9BE2-CAFF6B5BA8A0}.QED|Any CPU.Build.0 = QED|Any CPU
		{43DFAD18-3E35-4558-9BE2-CAFF6B5BA8A0}.QED|x86.ActiveCfg = QED|Any CPU
		{43DFAD18-3E35-4558-9BE2-CAFF6B5BA8A0}.QED|x86.Build.0 = QED|Any CPU
		{43DFAD18-3E35-4558-9BE2-CAFF6B5BA8A0}.Release|Any CPU.ActiveCfg = Release|Any CPU
		{43DFAD18-3E35-4558-9BE2-CAFF6B5BA8A0}.Release|Any CPU.Build.0 = Release|Any CPU
		{43DFAD18-3E35-4558-9BE2-CAFF6B5BA8A0}.Release|x86.ActiveCfg = Release|Any CPU
		{43DFAD18-3E35-4558-9BE2-CAFF6B5BA8A0}.Release|x86.Build.0 = Release|Any CPU
		{43DFAD18-3E35-4558-9BE2-CAFF6B5BA8A0}.z3apidebug|Any CPU.ActiveCfg = z3apidebug|Any CPU
		{43DFAD18-3E35-4558-9BE2-CAFF6B5BA8A0}.z3apidebug|Any CPU.Build.0 = z3apidebug|Any CPU
		{43DFAD18-3E35-4558-9BE2-CAFF6B5BA8A0}.z3apidebug|x86.ActiveCfg = z3apidebug|Any CPU
		{43DFAD18-3E35-4558-9BE2-CAFF6B5BA8A0}.z3apidebug|x86.Build.0 = z3apidebug|Any CPU
		{ACCC0156-0921-43ED-8F67-AD8BDC8CDE31}.Checked|Any CPU.ActiveCfg = Checked|Any CPU
		{ACCC0156-0921-43ED-8F67-AD8BDC8CDE31}.Checked|Any CPU.Build.0 = Checked|Any CPU
		{ACCC0156-0921-43ED-8F67-AD8BDC8CDE31}.Checked|x86.ActiveCfg = Checked|Any CPU
		{ACCC0156-0921-43ED-8F67-AD8BDC8CDE31}.Checked|x86.Build.0 = Checked|Any CPU
		{ACCC0156-0921-43ED-8F67-AD8BDC8CDE31}.Debug|Any CPU.ActiveCfg = Debug|Any CPU
		{ACCC0156-0921-43ED-8F67-AD8BDC8CDE31}.Debug|Any CPU.Build.0 = Debug|Any CPU
		{ACCC0156-0921-43ED-8F67-AD8BDC8CDE31}.Debug|x86.ActiveCfg = Debug|Any CPU
		{ACCC0156-0921-43ED-8F67-AD8BDC8CDE31}.Debug|x86.Build.0 = Debug|Any CPU
		{ACCC0156-0921-43ED-8F67-AD8BDC8CDE31}.HWSW|Any CPU.ActiveCfg = z3apidebug|Any CPU
		{ACCC0156-0921-43ED-8F67-AD8BDC8CDE31}.HWSW|Any CPU.Build.0 = z3apidebug|Any CPU
		{ACCC0156-0921-43ED-8F67-AD8BDC8CDE31}.HWSW|x86.ActiveCfg = z3apidebug|Any CPU
		{ACCC0156-0921-43ED-8F67-AD8BDC8CDE31}.HWSW|x86.Build.0 = z3apidebug|Any CPU
		{ACCC0156-0921-43ED-8F67-AD8BDC8CDE31}.Internal|Any CPU.ActiveCfg = z3apidebug|Any CPU
		{ACCC0156-0921-43ED-8F67-AD8BDC8CDE31}.Internal|Any CPU.Build.0 = z3apidebug|Any CPU
		{ACCC0156-0921-43ED-8F67-AD8BDC8CDE31}.Internal|x86.ActiveCfg = z3apidebug|Any CPU
		{ACCC0156-0921-43ED-8F67-AD8BDC8CDE31}.Internal|x86.Build.0 = z3apidebug|Any CPU
		{ACCC0156-0921-43ED-8F67-AD8BDC8CDE31}.QED|Any CPU.ActiveCfg = QED|Any CPU
		{ACCC0156-0921-43ED-8F67-AD8BDC8CDE31}.QED|Any CPU.Build.0 = QED|Any CPU
		{ACCC0156-0921-43ED-8F67-AD8BDC8CDE31}.QED|x86.ActiveCfg = QED|Any CPU
		{ACCC0156-0921-43ED-8F67-AD8BDC8CDE31}.QED|x86.Build.0 = QED|Any CPU
		{ACCC0156-0921-43ED-8F67-AD8BDC8CDE31}.Release|Any CPU.ActiveCfg = Release|Any CPU
		{ACCC0156-0921-43ED-8F67-AD8BDC8CDE31}.Release|Any CPU.Build.0 = Release|Any CPU
		{ACCC0156-0921-43ED-8F67-AD8BDC8CDE31}.Release|x86.ActiveCfg = Release|Any CPU
		{ACCC0156-0921-43ED-8F67-AD8BDC8CDE31}.Release|x86.Build.0 = Release|Any CPU
		{ACCC0156-0921-43ED-8F67-AD8BDC8CDE31}.z3apidebug|Any CPU.ActiveCfg = z3apidebug|Any CPU
		{ACCC0156-0921-43ED-8F67-AD8BDC8CDE31}.z3apidebug|Any CPU.Build.0 = z3apidebug|Any CPU
		{ACCC0156-0921-43ED-8F67-AD8BDC8CDE31}.z3apidebug|x86.ActiveCfg = z3apidebug|Any CPU
		{ACCC0156-0921-43ED-8F67-AD8BDC8CDE31}.z3apidebug|x86.Build.0 = z3apidebug|Any CPU
		{D07B8E38-E172-47F4-AD02-0373014A46D3}.Checked|Any CPU.ActiveCfg = QED|Any CPU
		{D07B8E38-E172-47F4-AD02-0373014A46D3}.Checked|Any CPU.Build.0 = QED|Any CPU
		{D07B8E38-E172-47F4-AD02-0373014A46D3}.Checked|x86.ActiveCfg = QED|Any CPU
		{D07B8E38-E172-47F4-AD02-0373014A46D3}.Checked|x86.Build.0 = QED|Any CPU
		{D07B8E38-E172-47F4-AD02-0373014A46D3}.Debug|Any CPU.ActiveCfg = Debug|Any CPU
		{D07B8E38-E172-47F4-AD02-0373014A46D3}.Debug|Any CPU.Build.0 = Debug|Any CPU
		{D07B8E38-E172-47F4-AD02-0373014A46D3}.Debug|x86.ActiveCfg = Debug|Any CPU
		{D07B8E38-E172-47F4-AD02-0373014A46D3}.Debug|x86.Build.0 = Debug|Any CPU
		{D07B8E38-E172-47F4-AD02-0373014A46D3}.HWSW|Any CPU.ActiveCfg = Release|Any CPU
		{D07B8E38-E172-47F4-AD02-0373014A46D3}.HWSW|Any CPU.Build.0 = Release|Any CPU
		{D07B8E38-E172-47F4-AD02-0373014A46D3}.HWSW|x86.ActiveCfg = Release|Any CPU
		{D07B8E38-E172-47F4-AD02-0373014A46D3}.HWSW|x86.Build.0 = Release|Any CPU
		{D07B8E38-E172-47F4-AD02-0373014A46D3}.Internal|Any CPU.ActiveCfg = Release|Any CPU
		{D07B8E38-E172-47F4-AD02-0373014A46D3}.Internal|Any CPU.Build.0 = Release|Any CPU
		{D07B8E38-E172-47F4-AD02-0373014A46D3}.Internal|x86.ActiveCfg = Release|Any CPU
		{D07B8E38-E172-47F4-AD02-0373014A46D3}.Internal|x86.Build.0 = Release|Any CPU
		{D07B8E38-E172-47F4-AD02-0373014A46D3}.QED|Any CPU.ActiveCfg = QED|Any CPU
		{D07B8E38-E172-47F4-AD02-0373014A46D3}.QED|Any CPU.Build.0 = QED|Any CPU
		{D07B8E38-E172-47F4-AD02-0373014A46D3}.QED|x86.ActiveCfg = QED|Any CPU
		{D07B8E38-E172-47F4-AD02-0373014A46D3}.QED|x86.Build.0 = QED|Any CPU
		{D07B8E38-E172-47F4-AD02-0373014A46D3}.Release|Any CPU.ActiveCfg = Release|Any CPU
		{D07B8E38-E172-47F4-AD02-0373014A46D3}.Release|Any CPU.Build.0 = Release|Any CPU
		{D07B8E38-E172-47F4-AD02-0373014A46D3}.Release|x86.ActiveCfg = Release|Any CPU
		{D07B8E38-E172-47F4-AD02-0373014A46D3}.Release|x86.Build.0 = Release|Any CPU
		{D07B8E38-E172-47F4-AD02-0373014A46D3}.z3apidebug|Any CPU.ActiveCfg = QED|Any CPU
		{D07B8E38-E172-47F4-AD02-0373014A46D3}.z3apidebug|Any CPU.Build.0 = QED|Any CPU
		{D07B8E38-E172-47F4-AD02-0373014A46D3}.z3apidebug|x86.ActiveCfg = QED|Any CPU
		{D07B8E38-E172-47F4-AD02-0373014A46D3}.z3apidebug|x86.Build.0 = QED|Any CPU
		{B230A69C-C466-4065-B9C1-84D80E76D802}.Checked|Any CPU.ActiveCfg = Checked|Any CPU
		{B230A69C-C466-4065-B9C1-84D80E76D802}.Checked|Any CPU.Build.0 = Checked|Any CPU
		{B230A69C-C466-4065-B9C1-84D80E76D802}.Checked|x86.ActiveCfg = Checked|Any CPU
		{B230A69C-C466-4065-B9C1-84D80E76D802}.Checked|x86.Build.0 = Checked|Any CPU
		{B230A69C-C466-4065-B9C1-84D80E76D802}.Debug|Any CPU.ActiveCfg = Debug|Any CPU
		{B230A69C-C466-4065-B9C1-84D80E76D802}.Debug|Any CPU.Build.0 = Debug|Any CPU
		{B230A69C-C466-4065-B9C1-84D80E76D802}.Debug|x86.ActiveCfg = Debug|Any CPU
		{B230A69C-C466-4065-B9C1-84D80E76D802}.Debug|x86.Build.0 = Debug|Any CPU
		{B230A69C-C466-4065-B9C1-84D80E76D802}.HWSW|Any CPU.ActiveCfg = z3apidebug|Any CPU
		{B230A69C-C466-4065-B9C1-84D80E76D802}.HWSW|Any CPU.Build.0 = z3apidebug|Any CPU
		{B230A69C-C466-4065-B9C1-84D80E76D802}.HWSW|x86.ActiveCfg = z3apidebug|Any CPU
		{B230A69C-C466-4065-B9C1-84D80E76D802}.HWSW|x86.Build.0 = z3apidebug|Any CPU
		{B230A69C-C466-4065-B9C1-84D80E76D802}.Internal|Any CPU.ActiveCfg = z3apidebug|Any CPU
		{B230A69C-C466-4065-B9C1-84D80E76D802}.Internal|Any CPU.Build.0 = z3apidebug|Any CPU
		{B230A69C-C466-4065-B9C1-84D80E76D802}.Internal|x86.ActiveCfg = z3apidebug|Any CPU
		{B230A69C-C466-4065-B9C1-84D80E76D802}.Internal|x86.Build.0 = z3apidebug|Any CPU
		{B230A69C-C466-4065-B9C1-84D80E76D802}.QED|Any CPU.ActiveCfg = QED|Any CPU
		{B230A69C-C466-4065-B9C1-84D80E76D802}.QED|Any CPU.Build.0 = QED|Any CPU
		{B230A69C-C466-4065-B9C1-84D80E76D802}.QED|x86.ActiveCfg = QED|Any CPU
		{B230A69C-C466-4065-B9C1-84D80E76D802}.QED|x86.Build.0 = QED|Any CPU
		{B230A69C-C466-4065-B9C1-84D80E76D802}.Release|Any CPU.ActiveCfg = Release|Any CPU
		{B230A69C-C466-4065-B9C1-84D80E76D802}.Release|Any CPU.Build.0 = Release|Any CPU
		{B230A69C-C466-4065-B9C1-84D80E76D802}.Release|x86.ActiveCfg = Release|Any CPU
		{B230A69C-C466-4065-B9C1-84D80E76D802}.Release|x86.Build.0 = Release|Any CPU
		{B230A69C-C466-4065-B9C1-84D80E76D802}.z3apidebug|Any CPU.ActiveCfg = z3apidebug|Any CPU
		{B230A69C-C466-4065-B9C1-84D80E76D802}.z3apidebug|Any CPU.Build.0 = z3apidebug|Any CPU
		{B230A69C-C466-4065-B9C1-84D80E76D802}.z3apidebug|x86.ActiveCfg = z3apidebug|Any CPU
		{B230A69C-C466-4065-B9C1-84D80E76D802}.z3apidebug|x86.Build.0 = z3apidebug|Any CPU
		{EAA5EB79-D475-4601-A59B-825C191CD25F}.Checked|Any CPU.ActiveCfg = QED|Any CPU
		{EAA5EB79-D475-4601-A59B-825C191CD25F}.Checked|Any CPU.Build.0 = QED|Any CPU
		{EAA5EB79-D475-4601-A59B-825C191CD25F}.Checked|x86.ActiveCfg = QED|Any CPU
		{EAA5EB79-D475-4601-A59B-825C191CD25F}.Checked|x86.Build.0 = QED|Any CPU
		{EAA5EB79-D475-4601-A59B-825C191CD25F}.Debug|Any CPU.ActiveCfg = Debug|Any CPU
		{EAA5EB79-D475-4601-A59B-825C191CD25F}.Debug|Any CPU.Build.0 = Debug|Any CPU
		{EAA5EB79-D475-4601-A59B-825C191CD25F}.Debug|x86.ActiveCfg = Debug|Any CPU
		{EAA5EB79-D475-4601-A59B-825C191CD25F}.Debug|x86.Build.0 = Debug|Any CPU
		{EAA5EB79-D475-4601-A59B-825C191CD25F}.HWSW|Any CPU.ActiveCfg = Release|Any CPU
		{EAA5EB79-D475-4601-A59B-825C191CD25F}.HWSW|Any CPU.Build.0 = Release|Any CPU
		{EAA5EB79-D475-4601-A59B-825C191CD25F}.HWSW|x86.ActiveCfg = Release|Any CPU
		{EAA5EB79-D475-4601-A59B-825C191CD25F}.HWSW|x86.Build.0 = Release|Any CPU
		{EAA5EB79-D475-4601-A59B-825C191CD25F}.Internal|Any CPU.ActiveCfg = Release|Any CPU
		{EAA5EB79-D475-4601-A59B-825C191CD25F}.Internal|Any CPU.Build.0 = Release|Any CPU
		{EAA5EB79-D475-4601-A59B-825C191CD25F}.Internal|x86.ActiveCfg = Release|Any CPU
		{EAA5EB79-D475-4601-A59B-825C191CD25F}.Internal|x86.Build.0 = Release|Any CPU
		{EAA5EB79-D475-4601-A59B-825C191CD25F}.QED|Any CPU.ActiveCfg = QED|Any CPU
		{EAA5EB79-D475-4601-A59B-825C191CD25F}.QED|Any CPU.Build.0 = QED|Any CPU
		{EAA5EB79-D475-4601-A59B-825C191CD25F}.QED|x86.ActiveCfg = QED|Any CPU
		{EAA5EB79-D475-4601-A59B-825C191CD25F}.QED|x86.Build.0 = QED|Any CPU
		{EAA5EB79-D475-4601-A59B-825C191CD25F}.Release|Any CPU.ActiveCfg = Release|Any CPU
		{EAA5EB79-D475-4601-A59B-825C191CD25F}.Release|Any CPU.Build.0 = Release|Any CPU
		{EAA5EB79-D475-4601-A59B-825C191CD25F}.Release|x86.ActiveCfg = Release|Any CPU
		{EAA5EB79-D475-4601-A59B-825C191CD25F}.Release|x86.Build.0 = Release|Any CPU
		{EAA5EB79-D475-4601-A59B-825C191CD25F}.z3apidebug|Any CPU.ActiveCfg = QED|Any CPU
		{EAA5EB79-D475-4601-A59B-825C191CD25F}.z3apidebug|Any CPU.Build.0 = QED|Any CPU
		{EAA5EB79-D475-4601-A59B-825C191CD25F}.z3apidebug|x86.ActiveCfg = QED|Any CPU
		{EAA5EB79-D475-4601-A59B-825C191CD25F}.z3apidebug|x86.Build.0 = QED|Any CPU
		{69A2B0B8-BCAC-4101-AE7A-556FCC58C06E}.Checked|Any CPU.ActiveCfg = Checked|Any CPU
		{69A2B0B8-BCAC-4101-AE7A-556FCC58C06E}.Checked|Any CPU.Build.0 = Checked|Any CPU
		{69A2B0B8-BCAC-4101-AE7A-556FCC58C06E}.Checked|x86.ActiveCfg = Checked|Any CPU
		{69A2B0B8-BCAC-4101-AE7A-556FCC58C06E}.Checked|x86.Build.0 = Checked|Any CPU
		{69A2B0B8-BCAC-4101-AE7A-556FCC58C06E}.Debug|Any CPU.ActiveCfg = Debug|Any CPU
		{69A2B0B8-BCAC-4101-AE7A-556FCC58C06E}.Debug|Any CPU.Build.0 = Debug|Any CPU
		{69A2B0B8-BCAC-4101-AE7A-556FCC58C06E}.Debug|x86.ActiveCfg = Debug|Any CPU
		{69A2B0B8-BCAC-4101-AE7A-556FCC58C06E}.Debug|x86.Build.0 = Debug|Any CPU
		{69A2B0B8-BCAC-4101-AE7A-556FCC58C06E}.HWSW|Any CPU.ActiveCfg = z3apidebug|Any CPU
		{69A2B0B8-BCAC-4101-AE7A-556FCC58C06E}.HWSW|Any CPU.Build.0 = z3apidebug|Any CPU
		{69A2B0B8-BCAC-4101-AE7A-556FCC58C06E}.HWSW|x86.ActiveCfg = z3apidebug|Any CPU
		{69A2B0B8-BCAC-4101-AE7A-556FCC58C06E}.HWSW|x86.Build.0 = z3apidebug|Any CPU
		{69A2B0B8-BCAC-4101-AE7A-556FCC58C06E}.Internal|Any CPU.ActiveCfg = z3apidebug|Any CPU
		{69A2B0B8-BCAC-4101-AE7A-556FCC58C06E}.Internal|Any CPU.Build.0 = z3apidebug|Any CPU
		{69A2B0B8-BCAC-4101-AE7A-556FCC58C06E}.Internal|x86.ActiveCfg = z3apidebug|Any CPU
		{69A2B0B8-BCAC-4101-AE7A-556FCC58C06E}.Internal|x86.Build.0 = z3apidebug|Any CPU
		{69A2B0B8-BCAC-4101-AE7A-556FCC58C06E}.QED|Any CPU.ActiveCfg = QED|Any CPU
		{69A2B0B8-BCAC-4101-AE7A-556FCC58C06E}.QED|Any CPU.Build.0 = QED|Any CPU
		{69A2B0B8-BCAC-4101-AE7A-556FCC58C06E}.QED|x86.ActiveCfg = QED|Any CPU
		{69A2B0B8-BCAC-4101-AE7A-556FCC58C06E}.QED|x86.Build.0 = QED|Any CPU
		{69A2B0B8-BCAC-4101-AE7A-556FCC58C06E}.Release|Any CPU.ActiveCfg = Release|Any CPU
		{69A2B0B8-BCAC-4101-AE7A-556FCC58C06E}.Release|Any CPU.Build.0 = Release|Any CPU
		{69A2B0B8-BCAC-4101-AE7A-556FCC58C06E}.Release|x86.ActiveCfg = Release|Any CPU
		{69A2B0B8-BCAC-4101-AE7A-556FCC58C06E}.Release|x86.Build.0 = Release|Any CPU
		{69A2B0B8-BCAC-4101-AE7A-556FCC58C06E}.z3apidebug|Any CPU.ActiveCfg = z3apidebug|Any CPU
		{69A2B0B8-BCAC-4101-AE7A-556FCC58C06E}.z3apidebug|Any CPU.Build.0 = z3apidebug|Any CPU
		{69A2B0B8-BCAC-4101-AE7A-556FCC58C06E}.z3apidebug|x86.ActiveCfg = z3apidebug|Any CPU
		{69A2B0B8-BCAC-4101-AE7A-556FCC58C06E}.z3apidebug|x86.Build.0 = z3apidebug|Any CPU
		{CF41E903-78EB-43BA-A355-E5FEB5ECECD4}.Checked|Any CPU.ActiveCfg = Checked|Any CPU
		{CF41E903-78EB-43BA-A355-E5FEB5ECECD4}.Checked|Any CPU.Build.0 = Checked|Any CPU
		{CF41E903-78EB-43BA-A355-E5FEB5ECECD4}.Checked|x86.ActiveCfg = Checked|Any CPU
		{CF41E903-78EB-43BA-A355-E5FEB5ECECD4}.Checked|x86.Build.0 = Checked|Any CPU
		{CF41E903-78EB-43BA-A355-E5FEB5ECECD4}.Debug|Any CPU.ActiveCfg = Debug|Any CPU
		{CF41E903-78EB-43BA-A355-E5FEB5ECECD4}.Debug|Any CPU.Build.0 = Debug|Any CPU
		{CF41E903-78EB-43BA-A355-E5FEB5ECECD4}.Debug|x86.ActiveCfg = Debug|Any CPU
		{CF41E903-78EB-43BA-A355-E5FEB5ECECD4}.Debug|x86.Build.0 = Debug|Any CPU
		{CF41E903-78EB-43BA-A355-E5FEB5ECECD4}.HWSW|Any CPU.ActiveCfg = Release|Any CPU
		{CF41E903-78EB-43BA-A355-E5FEB5ECECD4}.HWSW|Any CPU.Build.0 = Release|Any CPU
		{CF41E903-78EB-43BA-A355-E5FEB5ECECD4}.HWSW|x86.ActiveCfg = Release|Any CPU
		{CF41E903-78EB-43BA-A355-E5FEB5ECECD4}.HWSW|x86.Build.0 = Release|Any CPU
		{CF41E903-78EB-43BA-A355-E5FEB5ECECD4}.Internal|Any CPU.ActiveCfg = Release|Any CPU
		{CF41E903-78EB-43BA-A355-E5FEB5ECECD4}.Internal|Any CPU.Build.0 = Release|Any CPU
		{CF41E903-78EB-43BA-A355-E5FEB5ECECD4}.Internal|x86.ActiveCfg = Release|Any CPU
		{CF41E903-78EB-43BA-A355-E5FEB5ECECD4}.Internal|x86.Build.0 = Release|Any CPU
		{CF41E903-78EB-43BA-A355-E5FEB5ECECD4}.QED|Any CPU.ActiveCfg = QED|Any CPU
		{CF41E903-78EB-43BA-A355-E5FEB5ECECD4}.QED|Any CPU.Build.0 = QED|Any CPU
		{CF41E903-78EB-43BA-A355-E5FEB5ECECD4}.QED|x86.ActiveCfg = QED|Any CPU
		{CF41E903-78EB-43BA-A355-E5FEB5ECECD4}.QED|x86.Build.0 = QED|Any CPU
		{CF41E903-78EB-43BA-A355-E5FEB5ECECD4}.Release|Any CPU.ActiveCfg = Release|Any CPU
		{CF41E903-78EB-43BA-A355-E5FEB5ECECD4}.Release|Any CPU.Build.0 = Release|Any CPU
		{CF41E903-78EB-43BA-A355-E5FEB5ECECD4}.Release|x86.ActiveCfg = Release|Any CPU
		{CF41E903-78EB-43BA-A355-E5FEB5ECECD4}.Release|x86.Build.0 = Release|Any CPU
		{CF41E903-78EB-43BA-A355-E5FEB5ECECD4}.z3apidebug|Any CPU.ActiveCfg = QED|Any CPU
		{CF41E903-78EB-43BA-A355-E5FEB5ECECD4}.z3apidebug|Any CPU.Build.0 = QED|Any CPU
		{CF41E903-78EB-43BA-A355-E5FEB5ECECD4}.z3apidebug|x86.ActiveCfg = QED|Any CPU
		{CF41E903-78EB-43BA-A355-E5FEB5ECECD4}.z3apidebug|x86.Build.0 = QED|Any CPU
		{ACEF88D5-DADD-46DA-BAE1-2144D63F4C83}.Checked|Any CPU.ActiveCfg = Checked|Any CPU
		{ACEF88D5-DADD-46DA-BAE1-2144D63F4C83}.Checked|Any CPU.Build.0 = Checked|Any CPU
		{ACEF88D5-DADD-46DA-BAE1-2144D63F4C83}.Checked|x86.ActiveCfg = Checked|Any CPU
		{ACEF88D5-DADD-46DA-BAE1-2144D63F4C83}.Checked|x86.Build.0 = Checked|Any CPU
		{ACEF88D5-DADD-46DA-BAE1-2144D63F4C83}.Debug|Any CPU.ActiveCfg = Debug|Any CPU
		{ACEF88D5-DADD-46DA-BAE1-2144D63F4C83}.Debug|Any CPU.Build.0 = Debug|Any CPU
		{ACEF88D5-DADD-46DA-BAE1-2144D63F4C83}.Debug|x86.ActiveCfg = Debug|Any CPU
		{ACEF88D5-DADD-46DA-BAE1-2144D63F4C83}.Debug|x86.Build.0 = Debug|Any CPU
		{ACEF88D5-DADD-46DA-BAE1-2144D63F4C83}.HWSW|Any CPU.ActiveCfg = Release|Any CPU
		{ACEF88D5-DADD-46DA-BAE1-2144D63F4C83}.HWSW|Any CPU.Build.0 = Release|Any CPU
		{ACEF88D5-DADD-46DA-BAE1-2144D63F4C83}.HWSW|x86.ActiveCfg = Release|Any CPU
		{ACEF88D5-DADD-46DA-BAE1-2144D63F4C83}.HWSW|x86.Build.0 = Release|Any CPU
		{ACEF88D5-DADD-46DA-BAE1-2144D63F4C83}.Internal|Any CPU.ActiveCfg = Release|Any CPU
		{ACEF88D5-DADD-46DA-BAE1-2144D63F4C83}.Internal|Any CPU.Build.0 = Release|Any CPU
		{ACEF88D5-DADD-46DA-BAE1-2144D63F4C83}.Internal|x86.ActiveCfg = Release|Any CPU
		{ACEF88D5-DADD-46DA-BAE1-2144D63F4C83}.Internal|x86.Build.0 = Release|Any CPU
		{ACEF88D5-DADD-46DA-BAE1-2144D63F4C83}.QED|Any CPU.ActiveCfg = QED|Any CPU
		{ACEF88D5-DADD-46DA-BAE1-2144D63F4C83}.QED|Any CPU.Build.0 = QED|Any CPU
		{ACEF88D5-DADD-46DA-BAE1-2144D63F4C83}.QED|x86.ActiveCfg = QED|Any CPU
		{ACEF88D5-DADD-46DA-BAE1-2144D63F4C83}.QED|x86.Build.0 = QED|Any CPU
		{ACEF88D5-DADD-46DA-BAE1-2144D63F4C83}.Release|Any CPU.ActiveCfg = Release|Any CPU
		{ACEF88D5-DADD-46DA-BAE1-2144D63F4C83}.Release|Any CPU.Build.0 = Release|Any CPU
		{ACEF88D5-DADD-46DA-BAE1-2144D63F4C83}.Release|x86.ActiveCfg = Release|Any CPU
		{ACEF88D5-DADD-46DA-BAE1-2144D63F4C83}.Release|x86.Build.0 = Release|Any CPU
		{ACEF88D5-DADD-46DA-BAE1-2144D63F4C83}.z3apidebug|Any CPU.ActiveCfg = QED|Any CPU
		{ACEF88D5-DADD-46DA-BAE1-2144D63F4C83}.z3apidebug|Any CPU.Build.0 = QED|Any CPU
		{ACEF88D5-DADD-46DA-BAE1-2144D63F4C83}.z3apidebug|x86.ActiveCfg = QED|Any CPU
		{ACEF88D5-DADD-46DA-BAE1-2144D63F4C83}.z3apidebug|x86.Build.0 = QED|Any CPU
		{FCD3AC7F-9DFD-46C8-AB1E-09F0B0F16DC5}.Checked|Any CPU.ActiveCfg = Checked|Any CPU
		{FCD3AC7F-9DFD-46C8-AB1E-09F0B0F16DC5}.Checked|Any CPU.Build.0 = Checked|Any CPU
		{FCD3AC7F-9DFD-46C8-AB1E-09F0B0F16DC5}.Checked|x86.ActiveCfg = Checked|Any CPU
		{FCD3AC7F-9DFD-46C8-AB1E-09F0B0F16DC5}.Checked|x86.Build.0 = Checked|Any CPU
		{FCD3AC7F-9DFD-46C8-AB1E-09F0B0F16DC5}.Debug|Any CPU.ActiveCfg = Debug|Any CPU
		{FCD3AC7F-9DFD-46C8-AB1E-09F0B0F16DC5}.Debug|Any CPU.Build.0 = Debug|Any CPU
		{FCD3AC7F-9DFD-46C8-AB1E-09F0B0F16DC5}.Debug|x86.ActiveCfg = Debug|Any CPU
		{FCD3AC7F-9DFD-46C8-AB1E-09F0B0F16DC5}.Debug|x86.Build.0 = Debug|Any CPU
		{FCD3AC7F-9DFD-46C8-AB1E-09F0B0F16DC5}.HWSW|Any CPU.ActiveCfg = Release|Any CPU
		{FCD3AC7F-9DFD-46C8-AB1E-09F0B0F16DC5}.HWSW|Any CPU.Build.0 = Release|Any CPU
		{FCD3AC7F-9DFD-46C8-AB1E-09F0B0F16DC5}.HWSW|x86.ActiveCfg = Release|Any CPU
		{FCD3AC7F-9DFD-46C8-AB1E-09F0B0F16DC5}.HWSW|x86.Build.0 = Release|Any CPU
		{FCD3AC7F-9DFD-46C8-AB1E-09F0B0F16DC5}.Internal|Any CPU.ActiveCfg = Release|Any CPU
		{FCD3AC7F-9DFD-46C8-AB1E-09F0B0F16DC5}.Internal|Any CPU.Build.0 = Release|Any CPU
		{FCD3AC7F-9DFD-46C8-AB1E-09F0B0F16DC5}.Internal|x86.ActiveCfg = Release|Any CPU
		{FCD3AC7F-9DFD-46C8-AB1E-09F0B0F16DC5}.Internal|x86.Build.0 = Release|Any CPU
		{FCD3AC7F-9DFD-46C8-AB1E-09F0B0F16DC5}.QED|Any CPU.ActiveCfg = QED|Any CPU
		{FCD3AC7F-9DFD-46C8-AB1E-09F0B0F16DC5}.QED|Any CPU.Build.0 = QED|Any CPU
		{FCD3AC7F-9DFD-46C8-AB1E-09F0B0F16DC5}.QED|x86.ActiveCfg = QED|Any CPU
		{FCD3AC7F-9DFD-46C8-AB1E-09F0B0F16DC5}.QED|x86.Build.0 = QED|Any CPU
		{FCD3AC7F-9DFD-46C8-AB1E-09F0B0F16DC5}.Release|Any CPU.ActiveCfg = Release|Any CPU
		{FCD3AC7F-9DFD-46C8-AB1E-09F0B0F16DC5}.Release|Any CPU.Build.0 = Release|Any CPU
		{FCD3AC7F-9DFD-46C8-AB1E-09F0B0F16DC5}.Release|x86.ActiveCfg = Release|Any CPU
		{FCD3AC7F-9DFD-46C8-AB1E-09F0B0F16DC5}.Release|x86.Build.0 = Release|Any CPU
		{FCD3AC7F-9DFD-46C8-AB1E-09F0B0F16DC5}.z3apidebug|Any CPU.ActiveCfg = QED|Any CPU
		{FCD3AC7F-9DFD-46C8-AB1E-09F0B0F16DC5}.z3apidebug|Any CPU.Build.0 = QED|Any CPU
		{FCD3AC7F-9DFD-46C8-AB1E-09F0B0F16DC5}.z3apidebug|x86.ActiveCfg = QED|Any CPU
		{FCD3AC7F-9DFD-46C8-AB1E-09F0B0F16DC5}.z3apidebug|x86.Build.0 = QED|Any CPU
		{56FFDBCA-7D14-43B8-A6CA-22A20E417EE1}.Checked|Any CPU.ActiveCfg = Checked|Any CPU
		{56FFDBCA-7D14-43B8-A6CA-22A20E417EE1}.Checked|Any CPU.Build.0 = Checked|Any CPU
		{56FFDBCA-7D14-43B8-A6CA-22A20E417EE1}.Checked|x86.ActiveCfg = Checked|Any CPU
		{56FFDBCA-7D14-43B8-A6CA-22A20E417EE1}.Checked|x86.Build.0 = Checked|Any CPU
		{56FFDBCA-7D14-43B8-A6CA-22A20E417EE1}.Debug|Any CPU.ActiveCfg = Debug|Any CPU
		{56FFDBCA-7D14-43B8-A6CA-22A20E417EE1}.Debug|Any CPU.Build.0 = Debug|Any CPU
		{56FFDBCA-7D14-43B8-A6CA-22A20E417EE1}.Debug|x86.ActiveCfg = Debug|Any CPU
		{56FFDBCA-7D14-43B8-A6CA-22A20E417EE1}.Debug|x86.Build.0 = Debug|Any CPU
		{56FFDBCA-7D14-43B8-A6CA-22A20E417EE1}.HWSW|Any CPU.ActiveCfg = z3apidebug|Any CPU
		{56FFDBCA-7D14-43B8-A6CA-22A20E417EE1}.HWSW|Any CPU.Build.0 = z3apidebug|Any CPU
		{56FFDBCA-7D14-43B8-A6CA-22A20E417EE1}.HWSW|x86.ActiveCfg = z3apidebug|Any CPU
		{56FFDBCA-7D14-43B8-A6CA-22A20E417EE1}.HWSW|x86.Build.0 = z3apidebug|Any CPU
		{56FFDBCA-7D14-43B8-A6CA-22A20E417EE1}.Internal|Any CPU.ActiveCfg = z3apidebug|Any CPU
		{56FFDBCA-7D14-43B8-A6CA-22A20E417EE1}.Internal|Any CPU.Build.0 = z3apidebug|Any CPU
		{56FFDBCA-7D14-43B8-A6CA-22A20E417EE1}.Internal|x86.ActiveCfg = z3apidebug|Any CPU
		{56FFDBCA-7D14-43B8-A6CA-22A20E417EE1}.Internal|x86.Build.0 = z3apidebug|Any CPU
		{56FFDBCA-7D14-43B8-A6CA-22A20E417EE1}.QED|Any CPU.ActiveCfg = QED|Any CPU
		{56FFDBCA-7D14-43B8-A6CA-22A20E417EE1}.QED|Any CPU.Build.0 = QED|Any CPU
		{56FFDBCA-7D14-43B8-A6CA-22A20E417EE1}.QED|x86.ActiveCfg = QED|Any CPU
		{56FFDBCA-7D14-43B8-A6CA-22A20E417EE1}.QED|x86.Build.0 = QED|Any CPU
		{56FFDBCA-7D14-43B8-A6CA-22A20E417EE1}.Release|Any CPU.ActiveCfg = Release|Any CPU
		{56FFDBCA-7D14-43B8-A6CA-22A20E417EE1}.Release|Any CPU.Build.0 = Release|Any CPU
		{56FFDBCA-7D14-43B8-A6CA-22A20E417EE1}.Release|x86.ActiveCfg = Release|Any CPU
		{56FFDBCA-7D14-43B8-A6CA-22A20E417EE1}.Release|x86.Build.0 = Release|Any CPU
		{56FFDBCA-7D14-43B8-A6CA-22A20E417EE1}.z3apidebug|Any CPU.ActiveCfg = z3apidebug|Any CPU
		{56FFDBCA-7D14-43B8-A6CA-22A20E417EE1}.z3apidebug|Any CPU.Build.0 = z3apidebug|Any CPU
		{56FFDBCA-7D14-43B8-A6CA-22A20E417EE1}.z3apidebug|x86.ActiveCfg = z3apidebug|Any CPU
		{56FFDBCA-7D14-43B8-A6CA-22A20E417EE1}.z3apidebug|x86.Build.0 = z3apidebug|Any CPU
		{E1F10180-C7B9-4147-B51F-FA1B701966DC}.Checked|Any CPU.ActiveCfg = Checked|Any CPU
		{E1F10180-C7B9-4147-B51F-FA1B701966DC}.Checked|Any CPU.Build.0 = Checked|Any CPU
		{E1F10180-C7B9-4147-B51F-FA1B701966DC}.Checked|x86.ActiveCfg = Checked|Any CPU
		{E1F10180-C7B9-4147-B51F-FA1B701966DC}.Checked|x86.Build.0 = Checked|Any CPU
		{E1F10180-C7B9-4147-B51F-FA1B701966DC}.Debug|Any CPU.ActiveCfg = Debug|Any CPU
		{E1F10180-C7B9-4147-B51F-FA1B701966DC}.Debug|Any CPU.Build.0 = Debug|Any CPU
		{E1F10180-C7B9-4147-B51F-FA1B701966DC}.Debug|x86.ActiveCfg = Debug|Any CPU
		{E1F10180-C7B9-4147-B51F-FA1B701966DC}.Debug|x86.Build.0 = Debug|Any CPU
		{E1F10180-C7B9-4147-B51F-FA1B701966DC}.HWSW|Any CPU.ActiveCfg = z3apidebug|Any CPU
		{E1F10180-C7B9-4147-B51F-FA1B701966DC}.HWSW|Any CPU.Build.0 = z3apidebug|Any CPU
		{E1F10180-C7B9-4147-B51F-FA1B701966DC}.HWSW|x86.ActiveCfg = z3apidebug|Any CPU
		{E1F10180-C7B9-4147-B51F-FA1B701966DC}.HWSW|x86.Build.0 = z3apidebug|Any CPU
		{E1F10180-C7B9-4147-B51F-FA1B701966DC}.Internal|Any CPU.ActiveCfg = z3apidebug|Any CPU
		{E1F10180-C7B9-4147-B51F-FA1B701966DC}.Internal|Any CPU.Build.0 = z3apidebug|Any CPU
		{E1F10180-C7B9-4147-B51F-FA1B701966DC}.Internal|x86.ActiveCfg = z3apidebug|Any CPU
		{E1F10180-C7B9-4147-B51F-FA1B701966DC}.Internal|x86.Build.0 = z3apidebug|Any CPU
		{E1F10180-C7B9-4147-B51F-FA1B701966DC}.QED|Any CPU.ActiveCfg = QED|Any CPU
		{E1F10180-C7B9-4147-B51F-FA1B701966DC}.QED|Any CPU.Build.0 = QED|Any CPU
		{E1F10180-C7B9-4147-B51F-FA1B701966DC}.QED|x86.ActiveCfg = QED|Any CPU
		{E1F10180-C7B9-4147-B51F-FA1B701966DC}.QED|x86.Build.0 = QED|Any CPU
		{E1F10180-C7B9-4147-B51F-FA1B701966DC}.Release|Any CPU.ActiveCfg = Release|Any CPU
		{E1F10180-C7B9-4147-B51F-FA1B701966DC}.Release|Any CPU.Build.0 = Release|Any CPU
		{E1F10180-C7B9-4147-B51F-FA1B701966DC}.Release|x86.ActiveCfg = Release|Any CPU
		{E1F10180-C7B9-4147-B51F-FA1B701966DC}.Release|x86.Build.0 = Release|Any CPU
		{E1F10180-C7B9-4147-B51F-FA1B701966DC}.z3apidebug|Any CPU.ActiveCfg = z3apidebug|Any CPU
		{E1F10180-C7B9-4147-B51F-FA1B701966DC}.z3apidebug|Any CPU.Build.0 = z3apidebug|Any CPU
		{E1F10180-C7B9-4147-B51F-FA1B701966DC}.z3apidebug|x86.ActiveCfg = z3apidebug|Any CPU
		{E1F10180-C7B9-4147-B51F-FA1B701966DC}.z3apidebug|x86.Build.0 = z3apidebug|Any CPU
		{9B163AA3-36BC-4AFB-88AB-79BC9E97E401}.Checked|Any CPU.ActiveCfg = Checked|Any CPU
		{9B163AA3-36BC-4AFB-88AB-79BC9E97E401}.Checked|Any CPU.Build.0 = Checked|Any CPU
		{9B163AA3-36BC-4AFB-88AB-79BC9E97E401}.Checked|x86.ActiveCfg = Checked|Any CPU
		{9B163AA3-36BC-4AFB-88AB-79BC9E97E401}.Checked|x86.Build.0 = Checked|Any CPU
		{9B163AA3-36BC-4AFB-88AB-79BC9E97E401}.Debug|Any CPU.ActiveCfg = Debug|Any CPU
		{9B163AA3-36BC-4AFB-88AB-79BC9E97E401}.Debug|Any CPU.Build.0 = Debug|Any CPU
		{9B163AA3-36BC-4AFB-88AB-79BC9E97E401}.Debug|x86.ActiveCfg = Debug|Any CPU
		{9B163AA3-36BC-4AFB-88AB-79BC9E97E401}.Debug|x86.Build.0 = Debug|Any CPU
		{9B163AA3-36BC-4AFB-88AB-79BC9E97E401}.HWSW|Any CPU.ActiveCfg = QED|Any CPU
		{9B163AA3-36BC-4AFB-88AB-79BC9E97E401}.HWSW|Any CPU.Build.0 = QED|Any CPU
		{9B163AA3-36BC-4AFB-88AB-79BC9E97E401}.HWSW|x86.ActiveCfg = QED|Any CPU
		{9B163AA3-36BC-4AFB-88AB-79BC9E97E401}.HWSW|x86.Build.0 = QED|Any CPU
		{9B163AA3-36BC-4AFB-88AB-79BC9E97E401}.Internal|Any CPU.ActiveCfg = QED|Any CPU
		{9B163AA3-36BC-4AFB-88AB-79BC9E97E401}.Internal|Any CPU.Build.0 = QED|Any CPU
		{9B163AA3-36BC-4AFB-88AB-79BC9E97E401}.Internal|x86.ActiveCfg = QED|Any CPU
		{9B163AA3-36BC-4AFB-88AB-79BC9E97E401}.Internal|x86.Build.0 = QED|Any CPU
		{9B163AA3-36BC-4AFB-88AB-79BC9E97E401}.QED|Any CPU.ActiveCfg = QED|Any CPU
		{9B163AA3-36BC-4AFB-88AB-79BC9E97E401}.QED|Any CPU.Build.0 = QED|Any CPU
		{9B163AA3-36BC-4AFB-88AB-79BC9E97E401}.QED|x86.ActiveCfg = QED|Any CPU
		{9B163AA3-36BC-4AFB-88AB-79BC9E97E401}.QED|x86.Build.0 = QED|Any CPU
		{9B163AA3-36BC-4AFB-88AB-79BC9E97E401}.Release|Any CPU.ActiveCfg = Release|Any CPU
		{9B163AA3-36BC-4AFB-88AB-79BC9E97E401}.Release|Any CPU.Build.0 = Release|Any CPU
		{9B163AA3-36BC-4AFB-88AB-79BC9E97E401}.Release|x86.ActiveCfg = Release|Any CPU
		{9B163AA3-36BC-4AFB-88AB-79BC9E97E401}.Release|x86.Build.0 = Release|Any CPU
		{9B163AA3-36BC-4AFB-88AB-79BC9E97E401}.z3apidebug|Any CPU.ActiveCfg = z3apidebug|Any CPU
		{9B163AA3-36BC-4AFB-88AB-79BC9E97E401}.z3apidebug|Any CPU.Build.0 = z3apidebug|Any CPU
		{9B163AA3-36BC-4AFB-88AB-79BC9E97E401}.z3apidebug|x86.ActiveCfg = z3apidebug|Any CPU
		{9B163AA3-36BC-4AFB-88AB-79BC9E97E401}.z3apidebug|x86.Build.0 = z3apidebug|Any CPU
		{884386A3-58E9-40BB-A273-B24976775553}.Checked|Any CPU.ActiveCfg = QED|Any CPU
		{884386A3-58E9-40BB-A273-B24976775553}.Checked|Any CPU.Build.0 = QED|Any CPU
		{884386A3-58E9-40BB-A273-B24976775553}.Checked|x86.ActiveCfg = QED|Any CPU
		{884386A3-58E9-40BB-A273-B24976775553}.Checked|x86.Build.0 = QED|Any CPU
		{884386A3-58E9-40BB-A273-B24976775553}.Debug|Any CPU.ActiveCfg = Debug|Any CPU
		{884386A3-58E9-40BB-A273-B24976775553}.Debug|Any CPU.Build.0 = Debug|Any CPU
		{884386A3-58E9-40BB-A273-B24976775553}.Debug|x86.ActiveCfg = Debug|Any CPU
		{884386A3-58E9-40BB-A273-B24976775553}.Debug|x86.Build.0 = Debug|Any CPU
		{884386A3-58E9-40BB-A273-B24976775553}.HWSW|Any CPU.ActiveCfg = QED|Any CPU
		{884386A3-58E9-40BB-A273-B24976775553}.HWSW|Any CPU.Build.0 = QED|Any CPU
		{884386A3-58E9-40BB-A273-B24976775553}.HWSW|x86.ActiveCfg = QED|Any CPU
		{884386A3-58E9-40BB-A273-B24976775553}.HWSW|x86.Build.0 = QED|Any CPU
		{884386A3-58E9-40BB-A273-B24976775553}.Internal|Any CPU.ActiveCfg = QED|Any CPU
		{884386A3-58E9-40BB-A273-B24976775553}.Internal|Any CPU.Build.0 = QED|Any CPU
		{884386A3-58E9-40BB-A273-B24976775553}.Internal|x86.ActiveCfg = QED|Any CPU
		{884386A3-58E9-40BB-A273-B24976775553}.Internal|x86.Build.0 = QED|Any CPU
		{884386A3-58E9-40BB-A273-B24976775553}.QED|Any CPU.ActiveCfg = QED|Any CPU
		{884386A3-58E9-40BB-A273-B24976775553}.QED|Any CPU.Build.0 = QED|Any CPU
		{884386A3-58E9-40BB-A273-B24976775553}.QED|x86.ActiveCfg = QED|Any CPU
		{884386A3-58E9-40BB-A273-B24976775553}.QED|x86.Build.0 = QED|Any CPU
		{884386A3-58E9-40BB-A273-B24976775553}.Release|Any CPU.ActiveCfg = Release|Any CPU
		{884386A3-58E9-40BB-A273-B24976775553}.Release|Any CPU.Build.0 = Release|Any CPU
		{884386A3-58E9-40BB-A273-B24976775553}.Release|x86.ActiveCfg = Release|Any CPU
		{884386A3-58E9-40BB-A273-B24976775553}.Release|x86.Build.0 = Release|Any CPU
		{884386A3-58E9-40BB-A273-B24976775553}.z3apidebug|Any CPU.ActiveCfg = QED|Any CPU
		{884386A3-58E9-40BB-A273-B24976775553}.z3apidebug|Any CPU.Build.0 = QED|Any CPU
		{884386A3-58E9-40BB-A273-B24976775553}.z3apidebug|x86.ActiveCfg = QED|Any CPU
		{884386A3-58E9-40BB-A273-B24976775553}.z3apidebug|x86.Build.0 = QED|Any CPU
		{AFAA5CE1-C41B-44F0-88F8-FD8A43826D44}.Checked|Any CPU.ActiveCfg = QED|Any CPU
		{AFAA5CE1-C41B-44F0-88F8-FD8A43826D44}.Checked|Any CPU.Build.0 = QED|Any CPU
		{AFAA5CE1-C41B-44F0-88F8-FD8A43826D44}.Checked|x86.ActiveCfg = QED|Any CPU
		{AFAA5CE1-C41B-44F0-88F8-FD8A43826D44}.Checked|x86.Build.0 = QED|Any CPU
		{AFAA5CE1-C41B-44F0-88F8-FD8A43826D44}.Debug|Any CPU.ActiveCfg = Debug|Any CPU
		{AFAA5CE1-C41B-44F0-88F8-FD8A43826D44}.Debug|Any CPU.Build.0 = Debug|Any CPU
		{AFAA5CE1-C41B-44F0-88F8-FD8A43826D44}.Debug|x86.ActiveCfg = Debug|Any CPU
		{AFAA5CE1-C41B-44F0-88F8-FD8A43826D44}.Debug|x86.Build.0 = Debug|Any CPU
		{AFAA5CE1-C41B-44F0-88F8-FD8A43826D44}.HWSW|Any CPU.ActiveCfg = QED|Any CPU
		{AFAA5CE1-C41B-44F0-88F8-FD8A43826D44}.HWSW|Any CPU.Build.0 = QED|Any CPU
		{AFAA5CE1-C41B-44F0-88F8-FD8A43826D44}.HWSW|x86.ActiveCfg = QED|Any CPU
		{AFAA5CE1-C41B-44F0-88F8-FD8A43826D44}.HWSW|x86.Build.0 = QED|Any CPU
		{AFAA5CE1-C41B-44F0-88F8-FD8A43826D44}.Internal|Any CPU.ActiveCfg = QED|Any CPU
		{AFAA5CE1-C41B-44F0-88F8-FD8A43826D44}.Internal|Any CPU.Build.0 = QED|Any CPU
		{AFAA5CE1-C41B-44F0-88F8-FD8A43826D44}.Internal|x86.ActiveCfg = QED|Any CPU
		{AFAA5CE1-C41B-44F0-88F8-FD8A43826D44}.Internal|x86.Build.0 = QED|Any CPU
		{AFAA5CE1-C41B-44F0-88F8-FD8A43826D44}.QED|Any CPU.ActiveCfg = QED|Any CPU
		{AFAA5CE1-C41B-44F0-88F8-FD8A43826D44}.QED|Any CPU.Build.0 = QED|Any CPU
		{AFAA5CE1-C41B-44F0-88F8-FD8A43826D44}.QED|x86.ActiveCfg = QED|Any CPU
		{AFAA5CE1-C41B-44F0-88F8-FD8A43826D44}.QED|x86.Build.0 = QED|Any CPU
		{AFAA5CE1-C41B-44F0-88F8-FD8A43826D44}.Release|Any CPU.ActiveCfg = Release|Any CPU
		{AFAA5CE1-C41B-44F0-88F8-FD8A43826D44}.Release|Any CPU.Build.0 = Release|Any CPU
		{AFAA5CE1-C41B-44F0-88F8-FD8A43826D44}.Release|x86.ActiveCfg = Release|Any CPU
		{AFAA5CE1-C41B-44F0-88F8-FD8A43826D44}.Release|x86.Build.0 = Release|Any CPU
		{AFAA5CE1-C41B-44F0-88F8-FD8A43826D44}.z3apidebug|Any CPU.ActiveCfg = QED|Any CPU
		{AFAA5CE1-C41B-44F0-88F8-FD8A43826D44}.z3apidebug|Any CPU.Build.0 = QED|Any CPU
		{AFAA5CE1-C41B-44F0-88F8-FD8A43826D44}.z3apidebug|x86.ActiveCfg = QED|Any CPU
		{AFAA5CE1-C41B-44F0-88F8-FD8A43826D44}.z3apidebug|x86.Build.0 = QED|Any CPU
	EndGlobalSection
	GlobalSection(SolutionProperties) = preSolution
		HideSolutionNode = FALSE
	EndGlobalSection
	GlobalSection(NestedProjects) = preSolution
		{0EFA3E43-690B-48DC-A72C-384A3EA7F31F} = {247E7FAB-27D9-4AE7-9240-C421725A9B8A}
		{43DFAD18-3E35-4558-9BE2-CAFF6B5BA8A0} = {247E7FAB-27D9-4AE7-9240-C421725A9B8A}
		{ACCC0156-0921-43ED-8F67-AD8BDC8CDE31} = {247E7FAB-27D9-4AE7-9240-C421725A9B8A}
		{D07B8E38-E172-47F4-AD02-0373014A46D3} = {247E7FAB-27D9-4AE7-9240-C421725A9B8A}
		{B230A69C-C466-4065-B9C1-84D80E76D802} = {247E7FAB-27D9-4AE7-9240-C421725A9B8A}
		{EAA5EB79-D475-4601-A59B-825C191CD25F} = {247E7FAB-27D9-4AE7-9240-C421725A9B8A}
		{69A2B0B8-BCAC-4101-AE7A-556FCC58C06E} = {247E7FAB-27D9-4AE7-9240-C421725A9B8A}
		{CF41E903-78EB-43BA-A355-E5FEB5ECECD4} = {247E7FAB-27D9-4AE7-9240-C421725A9B8A}
		{ACEF88D5-DADD-46DA-BAE1-2144D63F4C83} = {247E7FAB-27D9-4AE7-9240-C421725A9B8A}
		{FCD3AC7F-9DFD-46C8-AB1E-09F0B0F16DC5} = {247E7FAB-27D9-4AE7-9240-C421725A9B8A}
		{56FFDBCA-7D14-43B8-A6CA-22A20E417EE1} = {247E7FAB-27D9-4AE7-9240-C421725A9B8A}
		{E1F10180-C7B9-4147-B51F-FA1B701966DC} = {247E7FAB-27D9-4AE7-9240-C421725A9B8A}
		{9B163AA3-36BC-4AFB-88AB-79BC9E97E401} = {247E7FAB-27D9-4AE7-9240-C421725A9B8A}
		{884386A3-58E9-40BB-A273-B24976775553} = {247E7FAB-27D9-4AE7-9240-C421725A9B8A}
		{AFAA5CE1-C41B-44F0-88F8-FD8A43826D44} = {247E7FAB-27D9-4AE7-9240-C421725A9B8A}
	EndGlobalSection
EndGlobal
