
Microsoft Visual Studio Solution File, Format Version 12.00
# Visual Studio 15
VisualStudioVersion = 15.0.27428.2005
MinimumVisualStudioVersion = 10.0.40219.1
Project("{FAE04EC0-301F-11D3-BF4B-00C04F79EFBC}") = "InstrumentAVP", "InstrumentAVP\InstrumentAVP.csproj", "{EC9C2E99-5072-4966-89F8-59E0747B8C49}"
EndProject
Global
	GlobalSection(SolutionConfigurationPlatforms) = preSolution
		Debug|Any CPU = Debug|Any CPU
		Release|Any CPU = Release|Any CPU
	EndGlobalSection
	GlobalSection(ProjectConfigurationPlatforms) = postSolution
		{EC9C2E99-5072-4966-89F8-59E0747B8C49}.Debug|Any CPU.ActiveCfg = Debug|Any CPU
		{EC9C2E99-5072-4966-89F8-59E0747B8C49}.Debug|Any CPU.Build.0 = Debug|Any CPU
		{EC9C2E99-5072-4966-89F8-59E0747B8C49}.Release|Any CPU.ActiveCfg = Release|Any CPU
		{EC9C2E99-5072-4966-89F8-59E0747B8C49}.Release|Any CPU.Build.0 = Release|Any CPU
	EndGlobalSection
	GlobalSection(SolutionProperties) = preSolution
		HideSolutionNode = FALSE
	EndGlobalSection
	GlobalSection(ExtensibilityGlobals) = postSolution
		SolutionGuid = {B146EE94-0AFF-4990-BFDC-73375221C772}
	EndGlobalSection
EndGlobal
