
Microsoft Visual Studio Solution File, Format Version 12.00
# Visual Studio 2013
VisualStudioVersion = 12.0.21005.1
MinimumVisualStudioVersion = 10.0.40219.1
Project("{FAE04EC0-301F-11D3-BF4B-00C04F79EFBC}") = "PropInst", "PropInst\PropInst.csproj", "{2E6D6D14-3927-4A7E-8AF3-2E87D220797D}"
EndProject
Project("{FAE04EC0-301F-11D3-BF4B-00C04F79EFBC}") = "CorralUtil", "..\..\source\Util\CorralUtil.csproj", "{186DE4BD-014D-47C7-A914-831EA98116A9}"
EndProject
Project("{FAE04EC0-301F-11D3-BF4B-00C04F79EFBC}") = "PropInstUtils", "..\..\source\PropInstUtils\PropInstUtils.csproj", "{D2FE84CF-A502-4941-877E-5F82DAFE4D57}"
EndProject
Global
	GlobalSection(SolutionConfigurationPlatforms) = preSolution
		Debug|Any CPU = Debug|Any CPU
		HWSW|Any CPU = HWSW|Any CPU
		Internal|Any CPU = Internal|Any CPU
		Release|Any CPU = Release|Any CPU
	EndGlobalSection
	GlobalSection(ProjectConfigurationPlatforms) = postSolution
		{2E6D6D14-3927-4A7E-8AF3-2E87D220797D}.Debug|Any CPU.ActiveCfg = Debug|Any CPU
		{2E6D6D14-3927-4A7E-8AF3-2E87D220797D}.Debug|Any CPU.Build.0 = Debug|Any CPU
		{2E6D6D14-3927-4A7E-8AF3-2E87D220797D}.HWSW|Any CPU.ActiveCfg = Release|Any CPU
		{2E6D6D14-3927-4A7E-8AF3-2E87D220797D}.HWSW|Any CPU.Build.0 = Release|Any CPU
		{2E6D6D14-3927-4A7E-8AF3-2E87D220797D}.Internal|Any CPU.ActiveCfg = Release|Any CPU
		{2E6D6D14-3927-4A7E-8AF3-2E87D220797D}.Internal|Any CPU.Build.0 = Release|Any CPU
		{2E6D6D14-3927-4A7E-8AF3-2E87D220797D}.Release|Any CPU.ActiveCfg = Release|Any CPU
		{2E6D6D14-3927-4A7E-8AF3-2E87D220797D}.Release|Any CPU.Build.0 = Release|Any CPU
		{186DE4BD-014D-47C7-A914-831EA98116A9}.Debug|Any CPU.ActiveCfg = Debug|Any CPU
		{186DE4BD-014D-47C7-A914-831EA98116A9}.Debug|Any CPU.Build.0 = Debug|Any CPU
		{186DE4BD-014D-47C7-A914-831EA98116A9}.HWSW|Any CPU.ActiveCfg = HWSW|Any CPU
		{186DE4BD-014D-47C7-A914-831EA98116A9}.HWSW|Any CPU.Build.0 = HWSW|Any CPU
		{186DE4BD-014D-47C7-A914-831EA98116A9}.Internal|Any CPU.ActiveCfg = Internal|Any CPU
		{186DE4BD-014D-47C7-A914-831EA98116A9}.Internal|Any CPU.Build.0 = Internal|Any CPU
		{186DE4BD-014D-47C7-A914-831EA98116A9}.Release|Any CPU.ActiveCfg = Release|Any CPU
		{186DE4BD-014D-47C7-A914-831EA98116A9}.Release|Any CPU.Build.0 = Release|Any CPU
		{D2FE84CF-A502-4941-877E-5F82DAFE4D57}.Debug|Any CPU.ActiveCfg = Debug|Any CPU
		{D2FE84CF-A502-4941-877E-5F82DAFE4D57}.Debug|Any CPU.Build.0 = Debug|Any CPU
		{D2FE84CF-A502-4941-877E-5F82DAFE4D57}.HWSW|Any CPU.ActiveCfg = Release|Any CPU
		{D2FE84CF-A502-4941-877E-5F82DAFE4D57}.HWSW|Any CPU.Build.0 = Release|Any CPU
		{D2FE84CF-A502-4941-877E-5F82DAFE4D57}.Internal|Any CPU.ActiveCfg = Release|Any CPU
		{D2FE84CF-A502-4941-877E-5F82DAFE4D57}.Internal|Any CPU.Build.0 = Release|Any CPU
		{D2FE84CF-A502-4941-877E-5F82DAFE4D57}.Release|Any CPU.ActiveCfg = Release|Any CPU
		{D2FE84CF-A502-4941-877E-5F82DAFE4D57}.Release|Any CPU.Build.0 = Release|Any CPU
	EndGlobalSection
	GlobalSection(SolutionProperties) = preSolution
		HideSolutionNode = FALSE
	EndGlobalSection
EndGlobal
