
Microsoft Visual Studio Solution File, Format Version 12.00
# Visual Studio Version 16
VisualStudioVersion = 16.0.29519.87
MinimumVisualStudioVersion = 10.0.40219.1
Project("{FAE04EC0-301F-11D3-BF4B-00C04F79EFBC}") = "LocalServerInCsharp", "LocalServerInCsharp\LocalServerInCsharp.csproj", "{99FAD1C1-4C51-42DA-8A8B-6C7E3B4F4DB3}"
	ProjectSection(ProjectDependencies) = postProject
		{CF41E903-78EB-43BA-A355-E5FEB5ECECD4} = {CF41E903-78EB-43BA-A355-E5FEB5ECECD4}
		{CB49F405-32DE-4B41-B49D-5F8E54E43100} = {CB49F405-32DE-4B41-B49D-5F8E54E43100}
		{529AC312-BB91-4154-8BA3-7CA8743E0434} = {529AC312-BB91-4154-8BA3-7CA8743E0434}
		{43DFAD18-3E35-4558-9BE2-CAFF6B5BA8A0} = {43DFAD18-3E35-4558-9BE2-CAFF6B5BA8A0}
		{B5007B19-6D3A-4746-B5FF-B60F679C8A01} = {B5007B19-6D3A-4746-B5FF-B60F679C8A01}
		{21E83B2A-AECC-445C-8FD6-12AFB87716E5} = {21E83B2A-AECC-445C-8FD6-12AFB87716E5}
		{D07B8E38-E172-47F4-AD02-0373014A46D3} = {D07B8E38-E172-47F4-AD02-0373014A46D3}
		{0EFA3E43-690B-48DC-A72C-384A3EA7F31F} = {0EFA3E43-690B-48DC-A72C-384A3EA7F31F}
		{ACCC0156-0921-43ED-8F67-AD8BDC8CDE31} = {ACCC0156-0921-43ED-8F67-AD8BDC8CDE31}
		{437B3C57-A7E7-4D99-A027-4BB4E5105E7A} = {437B3C57-A7E7-4D99-A027-4BB4E5105E7A}
		{B05D046D-A620-4233-9D52-0255C7A69760} = {B05D046D-A620-4233-9D52-0255C7A69760}
		{EAA5EB79-D475-4601-A59B-825C191CD25F} = {EAA5EB79-D475-4601-A59B-825C191CD25F}
		{FCD3AC7F-9DFD-46C8-AB1E-09F0B0F16DC5} = {FCD3AC7F-9DFD-46C8-AB1E-09F0B0F16DC5}
		{E1F10180-C7B9-4147-B51F-FA1B701966DC} = {E1F10180-C7B9-4147-B51F-FA1B701966DC}
		{B230A69C-C466-4065-B9C1-84D80E76D802} = {B230A69C-C466-4065-B9C1-84D80E76D802}
		{2417259E-803F-4017-A3B4-5F3C87470D2E} = {2417259E-803F-4017-A3B4-5F3C87470D2E}
		{9B163AA3-36BC-4AFB-88AB-79BC9E97E401} = {9B163AA3-36BC-4AFB-88AB-79BC9E97E401}		
		{6532B8A9-8CC2-4D7F-9D5E-7669841B6871} = {6532B8A9-8CC2-4D7F-9D5E-7669841B6871}
		{69A2B0B8-BCAC-4101-AE7A-556FCC58C06E} = {69A2B0B8-BCAC-4101-AE7A-556FCC58C06E}
		{186DE4BD-014D-47C7-A914-831EA98116A9} = {186DE4BD-014D-47C7-A914-831EA98116A9}
		{56FFDBCA-7D14-43B8-A6CA-22A20E417EE1} = {56FFDBCA-7D14-43B8-A6CA-22A20E417EE1}
		{ACEF88D5-DADD-46DA-BAE1-2144D63F4C83} = {ACEF88D5-DADD-46DA-BAE1-2144D63F4C83}
		{AFAA5CE1-C41B-44F0-88F8-FD8A43826D44} = {AFAA5CE1-C41B-44F0-88F8-FD8A43826D44}
		{F2AF6BEB-EBA6-46FE-987A-8438603C4290} = {F2AF6BEB-EBA6-46FE-987A-8438603C4290}
	EndProjectSection
EndProject
Project("{FAE04EC0-301F-11D3-BF4B-00C04F79EFBC}") = "cba", "..\..\..\cba.csproj", "{B05D046D-A620-4233-9D52-0255C7A69760}"
EndProject
Project("{FAE04EC0-301F-11D3-BF4B-00C04F79EFBC}") = "BctCleanup", "..\..\..\source\BctCleanup\BctCleanup.csproj", "{CB49F405-32DE-4B41-B49D-5F8E54E43100}"
EndProject
Project("{FAE04EC0-301F-11D3-BF4B-00C04F79EFBC}") = "ConcurrentHoudini", "..\..\..\source\ConcurrentHoudini\ConcurrentHoudini.csproj", "{529AC312-BB91-4154-8BA3-7CA8743E0434}"
EndProject
Project("{FAE04EC0-301F-11D3-BF4B-00C04F79EFBC}") = "CoreLib", "..\..\..\source\CoreLib\CoreLib.csproj", "{437B3C57-A7E7-4D99-A027-4BB4E5105E7A}"
EndProject
Project("{FAE04EC0-301F-11D3-BF4B-00C04F79EFBC}") = "ExplainError", "..\..\..\source\ExplainError\ExplainError.csproj", "{2417259E-803F-4017-A3B4-5F3C87470D2E}"
EndProject
Project("{FAE04EC0-301F-11D3-BF4B-00C04F79EFBC}") = "HavocCleanup", "..\..\..\source\HavocCleanup\HavocCleanup.csproj", "{21E83B2A-AECC-445C-8FD6-12AFB87716E5}"
EndProject
Project("{FAE04EC0-301F-11D3-BF4B-00C04F79EFBC}") = "HoudiniLite", "..\..\..\source\HoudiniLite\HoudiniLite.csproj", "{B5007B19-6D3A-4746-B5FF-B60F679C8A01}"
EndProject
Project("{FAE04EC0-301F-11D3-BF4B-00C04F79EFBC}") = "ProgTransformation", "..\..\..\source\ProgTransformation\ProgTransformation.csproj", "{6532B8A9-8CC2-4D7F-9D5E-7669841B6871}"
EndProject
Project("{FAE04EC0-301F-11D3-BF4B-00C04F79EFBC}") = "CorralUtil", "..\..\..\source\Util\CorralUtil.csproj", "{186DE4BD-014D-47C7-A914-831EA98116A9}"
EndProject
Project("{2150E333-8FDC-42A3-9474-1A3956D46DE8}") = "boogie", "boogie", "{7AFDC516-B94B-43FA-BBB8-58E988ABD0CB}"
EndProject
Project("{FAE04EC0-301F-11D3-BF4B-00C04F79EFBC}") = "AbsInt", "..\..\..\boogie\Source\AbsInt\AbsInt.csproj", "{0EFA3E43-690B-48DC-A72C-384A3EA7F31F}"
EndProject
Project("{FAE04EC0-301F-11D3-BF4B-00C04F79EFBC}") = "Basetypes", "..\..\..\boogie\Source\Basetypes\Basetypes.csproj", "{43DFAD18-3E35-4558-9BE2-CAFF6B5BA8A0}"
EndProject
Project("{FAE04EC0-301F-11D3-BF4B-00C04F79EFBC}") = "CodeContractsExtender", "..\..\..\boogie\Source\CodeContractsExtender\CodeContractsExtender.csproj", "{ACCC0156-0921-43ED-8F67-AD8BDC8CDE31}"
EndProject
Project("{FAE04EC0-301F-11D3-BF4B-00C04F79EFBC}") = "Concurrency", "..\..\..\boogie\Source\Concurrency\Concurrency.csproj", "{D07B8E38-E172-47F4-AD02-0373014A46D3}"
EndProject
Project("{FAE04EC0-301F-11D3-BF4B-00C04F79EFBC}") = "Core", "..\..\..\boogie\Source\Core\Core.csproj", "{B230A69C-C466-4065-B9C1-84D80E76D802}"
EndProject
Project("{FAE04EC0-301F-11D3-BF4B-00C04F79EFBC}") = "ExecutionEngine", "..\..\..\boogie\Source\ExecutionEngine\ExecutionEngine.csproj", "{EAA5EB79-D475-4601-A59B-825C191CD25F}"
EndProject
Project("{FAE04EC0-301F-11D3-BF4B-00C04F79EFBC}") = "Graph", "..\..\..\boogie\Source\Graph\Graph.csproj", "{69A2B0B8-BCAC-4101-AE7A-556FCC58C06E}"
EndProject
Project("{FAE04EC0-301F-11D3-BF4B-00C04F79EFBC}") = "Houdini", "..\..\..\boogie\Source\Houdini\Houdini.csproj", "{CF41E903-78EB-43BA-A355-E5FEB5ECECD4}"
EndProject
Project("{FAE04EC0-301F-11D3-BF4B-00C04F79EFBC}") = "Model", "..\..\..\boogie\Source\Model\Model.csproj", "{ACEF88D5-DADD-46DA-BAE1-2144D63F4C83}"
EndProject
Project("{FAE04EC0-301F-11D3-BF4B-00C04F79EFBC}") = "ParserHelper", "..\..\..\boogie\Source\ParserHelper\ParserHelper.csproj", "{FCD3AC7F-9DFD-46C8-AB1E-09F0B0F16DC5}"
EndProject
Project("{FAE04EC0-301F-11D3-BF4B-00C04F79EFBC}") = "Predication", "..\..\..\boogie\Source\Predication\Predication.csproj", "{AFAA5CE1-C41B-44F0-88F8-FD8A43826D44}"
EndProject
Project("{FAE04EC0-301F-11D3-BF4B-00C04F79EFBC}") = "SMTLib", "..\..\..\boogie\Source\Provers\SMTLib\SMTLib.csproj", "{9B163AA3-36BC-4AFB-88AB-79BC9E97E401}"
EndProject
Project("{FAE04EC0-301F-11D3-BF4B-00C04F79EFBC}") = "VCExpr", "..\..\..\boogie\Source\VCExpr\VCExpr.csproj", "{56FFDBCA-7D14-43B8-A6CA-22A20E417EE1}"
EndProject
Project("{FAE04EC0-301F-11D3-BF4B-00C04F79EFBC}") = "VCGeneration", "..\..\..\boogie\Source\VCGeneration\VCGeneration.csproj", "{E1F10180-C7B9-4147-B51F-FA1B701966DC}"
EndProject
Project("{FAE04EC0-301F-11D3-BF4B-00C04F79EFBC}") = "Client", "..\Client\Client\Client.csproj", "{F2AF6BEB-EBA6-46FE-987A-8438603C4290}"
EndProject
Global
	GlobalSection(SolutionConfigurationPlatforms) = preSolution
		Checked|Any CPU = Checked|Any CPU
		Checked|x86 = Checked|x86
		Debug|Any CPU = Debug|Any CPU
		Debug|x86 = Debug|x86
		HWSW|Any CPU = HWSW|Any CPU
		HWSW|x86 = HWSW|x86
		Internal|Any CPU = Internal|Any CPU
		Internal|x86 = Internal|x86
		Release|Any CPU = Release|Any CPU
		Release|x86 = Release|x86
	EndGlobalSection
	GlobalSection(ProjectConfigurationPlatforms) = postSolution
		{99FAD1C1-4C51-42DA-8A8B-6C7E3B4F4DB3}.Checked|Any CPU.ActiveCfg = Release|Any CPU
		{99FAD1C1-4C51-42DA-8A8B-6C7E3B4F4DB3}.Checked|Any CPU.Build.0 = Release|Any CPU
		{99FAD1C1-4C51-42DA-8A8B-6C7E3B4F4DB3}.Checked|x86.ActiveCfg = Release|Any CPU
		{99FAD1C1-4C51-42DA-8A8B-6C7E3B4F4DB3}.Checked|x86.Build.0 = Release|Any CPU
		{99FAD1C1-4C51-42DA-8A8B-6C7E3B4F4DB3}.Debug|Any CPU.ActiveCfg = Debug|Any CPU
		{99FAD1C1-4C51-42DA-8A8B-6C7E3B4F4DB3}.Debug|Any CPU.Build.0 = Debug|Any CPU
		{99FAD1C1-4C51-42DA-8A8B-6C7E3B4F4DB3}.Debug|x86.ActiveCfg = Debug|Any CPU
		{99FAD1C1-4C51-42DA-8A8B-6C7E3B4F4DB3}.Debug|x86.Build.0 = Debug|Any CPU
		{99FAD1C1-4C51-42DA-8A8B-6C7E3B4F4DB3}.HWSW|Any CPU.ActiveCfg = Release|Any CPU
		{99FAD1C1-4C51-42DA-8A8B-6C7E3B4F4DB3}.HWSW|Any CPU.Build.0 = Release|Any CPU
		{99FAD1C1-4C51-42DA-8A8B-6C7E3B4F4DB3}.HWSW|x86.ActiveCfg = Release|Any CPU
		{99FAD1C1-4C51-42DA-8A8B-6C7E3B4F4DB3}.HWSW|x86.Build.0 = Release|Any CPU
		{99FAD1C1-4C51-42DA-8A8B-6C7E3B4F4DB3}.Internal|Any CPU.ActiveCfg = Release|Any CPU
		{99FAD1C1-4C51-42DA-8A8B-6C7E3B4F4DB3}.Internal|Any CPU.Build.0 = Release|Any CPU
		{99FAD1C1-4C51-42DA-8A8B-6C7E3B4F4DB3}.Internal|x86.ActiveCfg = Release|Any CPU
		{99FAD1C1-4C51-42DA-8A8B-6C7E3B4F4DB3}.Internal|x86.Build.0 = Release|Any CPU
		{99FAD1C1-4C51-42DA-8A8B-6C7E3B4F4DB3}.Release|Any CPU.ActiveCfg = Release|Any CPU
		{99FAD1C1-4C51-42DA-8A8B-6C7E3B4F4DB3}.Release|Any CPU.Build.0 = Release|Any CPU
		{99FAD1C1-4C51-42DA-8A8B-6C7E3B4F4DB3}.Release|x86.ActiveCfg = Release|Any CPU
		{99FAD1C1-4C51-42DA-8A8B-6C7E3B4F4DB3}.Release|x86.Build.0 = Release|Any CPU
		{B05D046D-A620-4233-9D52-0255C7A69760}.Checked|Any CPU.ActiveCfg = HWSW|Any CPU
		{B05D046D-A620-4233-9D52-0255C7A69760}.Checked|Any CPU.Build.0 = HWSW|Any CPU
		{B05D046D-A620-4233-9D52-0255C7A69760}.Checked|x86.ActiveCfg = HWSW|Any CPU
		{B05D046D-A620-4233-9D52-0255C7A69760}.Checked|x86.Build.0 = HWSW|Any CPU
		{B05D046D-A620-4233-9D52-0255C7A69760}.Debug|Any CPU.ActiveCfg = Debug|Any CPU
		{B05D046D-A620-4233-9D52-0255C7A69760}.Debug|Any CPU.Build.0 = Debug|Any CPU
		{B05D046D-A620-4233-9D52-0255C7A69760}.Debug|x86.ActiveCfg = Debug|Any CPU
		{B05D046D-A620-4233-9D52-0255C7A69760}.Debug|x86.Build.0 = Debug|Any CPU
		{B05D046D-A620-4233-9D52-0255C7A69760}.HWSW|Any CPU.ActiveCfg = HWSW|Any CPU
		{B05D046D-A620-4233-9D52-0255C7A69760}.HWSW|Any CPU.Build.0 = HWSW|Any CPU
		{B05D046D-A620-4233-9D52-0255C7A69760}.HWSW|x86.ActiveCfg = HWSW|Any CPU
		{B05D046D-A620-4233-9D52-0255C7A69760}.HWSW|x86.Build.0 = HWSW|Any CPU
		{B05D046D-A620-4233-9D52-0255C7A69760}.Internal|Any CPU.ActiveCfg = Internal|Any CPU
		{B05D046D-A620-4233-9D52-0255C7A69760}.Internal|Any CPU.Build.0 = Internal|Any CPU
		{B05D046D-A620-4233-9D52-0255C7A69760}.Internal|x86.ActiveCfg = Internal|Any CPU
		{B05D046D-A620-4233-9D52-0255C7A69760}.Internal|x86.Build.0 = Internal|Any CPU
		{B05D046D-A620-4233-9D52-0255C7A69760}.Release|Any CPU.ActiveCfg = Release|Any CPU
		{B05D046D-A620-4233-9D52-0255C7A69760}.Release|Any CPU.Build.0 = Release|Any CPU
		{B05D046D-A620-4233-9D52-0255C7A69760}.Release|x86.ActiveCfg = Release|Any CPU
		{B05D046D-A620-4233-9D52-0255C7A69760}.Release|x86.Build.0 = Release|Any CPU
		{CB49F405-32DE-4B41-B49D-5F8E54E43100}.Checked|Any CPU.ActiveCfg = HWSW|x86
		{CB49F405-32DE-4B41-B49D-5F8E54E43100}.Checked|Any CPU.Build.0 = HWSW|x86
		{CB49F405-32DE-4B41-B49D-5F8E54E43100}.Checked|x86.ActiveCfg = HWSW|x86
		{CB49F405-32DE-4B41-B49D-5F8E54E43100}.Checked|x86.Build.0 = HWSW|x86
		{CB49F405-32DE-4B41-B49D-5F8E54E43100}.Debug|Any CPU.ActiveCfg = Debug|x86
		{CB49F405-32DE-4B41-B49D-5F8E54E43100}.Debug|x86.ActiveCfg = Debug|x86
		{CB49F405-32DE-4B41-B49D-5F8E54E43100}.Debug|x86.Build.0 = Debug|x86
		{CB49F405-32DE-4B41-B49D-5F8E54E43100}.HWSW|Any CPU.ActiveCfg = HWSW|x86
		{CB49F405-32DE-4B41-B49D-5F8E54E43100}.HWSW|x86.ActiveCfg = HWSW|x86
		{CB49F405-32DE-4B41-B49D-5F8E54E43100}.HWSW|x86.Build.0 = HWSW|x86
		{CB49F405-32DE-4B41-B49D-5F8E54E43100}.Internal|Any CPU.ActiveCfg = HWSW|x86
		{CB49F405-32DE-4B41-B49D-5F8E54E43100}.Internal|Any CPU.Build.0 = HWSW|x86
		{CB49F405-32DE-4B41-B49D-5F8E54E43100}.Internal|x86.ActiveCfg = HWSW|x86
		{CB49F405-32DE-4B41-B49D-5F8E54E43100}.Internal|x86.Build.0 = HWSW|x86
		{CB49F405-32DE-4B41-B49D-5F8E54E43100}.Release|Any CPU.ActiveCfg = Release|x86
		{CB49F405-32DE-4B41-B49D-5F8E54E43100}.Release|x86.ActiveCfg = Release|x86
		{CB49F405-32DE-4B41-B49D-5F8E54E43100}.Release|x86.Build.0 = Release|x86
		{529AC312-BB91-4154-8BA3-7CA8743E0434}.Checked|Any CPU.ActiveCfg = Release|x86
		{529AC312-BB91-4154-8BA3-7CA8743E0434}.Checked|Any CPU.Build.0 = Release|x86
		{529AC312-BB91-4154-8BA3-7CA8743E0434}.Checked|x86.ActiveCfg = Release|x86
		{529AC312-BB91-4154-8BA3-7CA8743E0434}.Checked|x86.Build.0 = Release|x86
		{529AC312-BB91-4154-8BA3-7CA8743E0434}.Debug|Any CPU.ActiveCfg = Debug|x86
		{529AC312-BB91-4154-8BA3-7CA8743E0434}.Debug|x86.ActiveCfg = Debug|x86
		{529AC312-BB91-4154-8BA3-7CA8743E0434}.Debug|x86.Build.0 = Debug|x86
		{529AC312-BB91-4154-8BA3-7CA8743E0434}.HWSW|Any CPU.ActiveCfg = Release|x86
		{529AC312-BB91-4154-8BA3-7CA8743E0434}.HWSW|Any CPU.Build.0 = Release|x86
		{529AC312-BB91-4154-8BA3-7CA8743E0434}.HWSW|x86.ActiveCfg = Release|x86
		{529AC312-BB91-4154-8BA3-7CA8743E0434}.HWSW|x86.Build.0 = Release|x86
		{529AC312-BB91-4154-8BA3-7CA8743E0434}.Internal|Any CPU.ActiveCfg = Release|x86
		{529AC312-BB91-4154-8BA3-7CA8743E0434}.Internal|Any CPU.Build.0 = Release|x86
		{529AC312-BB91-4154-8BA3-7CA8743E0434}.Internal|x86.ActiveCfg = Release|x86
		{529AC312-BB91-4154-8BA3-7CA8743E0434}.Internal|x86.Build.0 = Release|x86
		{529AC312-BB91-4154-8BA3-7CA8743E0434}.Release|Any CPU.ActiveCfg = Release|x86
		{529AC312-BB91-4154-8BA3-7CA8743E0434}.Release|x86.ActiveCfg = Release|x86
		{529AC312-BB91-4154-8BA3-7CA8743E0434}.Release|x86.Build.0 = Release|x86
		{437B3C57-A7E7-4D99-A027-4BB4E5105E7A}.Checked|Any CPU.ActiveCfg = HWSW|Any CPU
		{437B3C57-A7E7-4D99-A027-4BB4E5105E7A}.Checked|Any CPU.Build.0 = HWSW|Any CPU
		{437B3C57-A7E7-4D99-A027-4BB4E5105E7A}.Checked|x86.ActiveCfg = HWSW|Any CPU
		{437B3C57-A7E7-4D99-A027-4BB4E5105E7A}.Checked|x86.Build.0 = HWSW|Any CPU
		{437B3C57-A7E7-4D99-A027-4BB4E5105E7A}.Debug|Any CPU.ActiveCfg = Debug|Any CPU
		{437B3C57-A7E7-4D99-A027-4BB4E5105E7A}.Debug|Any CPU.Build.0 = Debug|Any CPU
		{437B3C57-A7E7-4D99-A027-4BB4E5105E7A}.Debug|x86.ActiveCfg = Debug|Any CPU
		{437B3C57-A7E7-4D99-A027-4BB4E5105E7A}.Debug|x86.Build.0 = Debug|Any CPU
		{437B3C57-A7E7-4D99-A027-4BB4E5105E7A}.HWSW|Any CPU.ActiveCfg = HWSW|Any CPU
		{437B3C57-A7E7-4D99-A027-4BB4E5105E7A}.HWSW|Any CPU.Build.0 = HWSW|Any CPU
		{437B3C57-A7E7-4D99-A027-4BB4E5105E7A}.HWSW|x86.ActiveCfg = HWSW|Any CPU
		{437B3C57-A7E7-4D99-A027-4BB4E5105E7A}.HWSW|x86.Build.0 = HWSW|Any CPU
		{437B3C57-A7E7-4D99-A027-4BB4E5105E7A}.Internal|Any CPU.ActiveCfg = Internal|Any CPU
		{437B3C57-A7E7-4D99-A027-4BB4E5105E7A}.Internal|Any CPU.Build.0 = Internal|Any CPU
		{437B3C57-A7E7-4D99-A027-4BB4E5105E7A}.Internal|x86.ActiveCfg = Internal|Any CPU
		{437B3C57-A7E7-4D99-A027-4BB4E5105E7A}.Internal|x86.Build.0 = Internal|Any CPU
		{437B3C57-A7E7-4D99-A027-4BB4E5105E7A}.Release|Any CPU.ActiveCfg = Release|Any CPU
		{437B3C57-A7E7-4D99-A027-4BB4E5105E7A}.Release|Any CPU.Build.0 = Release|Any CPU
		{437B3C57-A7E7-4D99-A027-4BB4E5105E7A}.Release|x86.ActiveCfg = Release|Any CPU
		{437B3C57-A7E7-4D99-A027-4BB4E5105E7A}.Release|x86.Build.0 = Release|Any CPU
		{2417259E-803F-4017-A3B4-5F3C87470D2E}.Checked|Any CPU.ActiveCfg = Release|Any CPU
		{2417259E-803F-4017-A3B4-5F3C87470D2E}.Checked|Any CPU.Build.0 = Release|Any CPU
		{2417259E-803F-4017-A3B4-5F3C87470D2E}.Checked|x86.ActiveCfg = Release|Any CPU
		{2417259E-803F-4017-A3B4-5F3C87470D2E}.Checked|x86.Build.0 = Release|Any CPU
		{2417259E-803F-4017-A3B4-5F3C87470D2E}.Debug|Any CPU.ActiveCfg = Debug|Any CPU
		{2417259E-803F-4017-A3B4-5F3C87470D2E}.Debug|Any CPU.Build.0 = Debug|Any CPU
		{2417259E-803F-4017-A3B4-5F3C87470D2E}.Debug|x86.ActiveCfg = Debug|Any CPU
		{2417259E-803F-4017-A3B4-5F3C87470D2E}.Debug|x86.Build.0 = Debug|Any CPU
		{2417259E-803F-4017-A3B4-5F3C87470D2E}.HWSW|Any CPU.ActiveCfg = Release|Any CPU
		{2417259E-803F-4017-A3B4-5F3C87470D2E}.HWSW|Any CPU.Build.0 = Release|Any CPU
		{2417259E-803F-4017-A3B4-5F3C87470D2E}.HWSW|x86.ActiveCfg = Release|Any CPU
		{2417259E-803F-4017-A3B4-5F3C87470D2E}.HWSW|x86.Build.0 = Release|Any CPU
		{2417259E-803F-4017-A3B4-5F3C87470D2E}.Internal|Any CPU.ActiveCfg = Release|Any CPU
		{2417259E-803F-4017-A3B4-5F3C87470D2E}.Internal|Any CPU.Build.0 = Release|Any CPU
		{2417259E-803F-4017-A3B4-5F3C87470D2E}.Internal|x86.ActiveCfg = Release|Any CPU
		{2417259E-803F-4017-A3B4-5F3C87470D2E}.Internal|x86.Build.0 = Release|Any CPU
		{2417259E-803F-4017-A3B4-5F3C87470D2E}.Release|Any CPU.ActiveCfg = Release|Any CPU
		{2417259E-803F-4017-A3B4-5F3C87470D2E}.Release|Any CPU.Build.0 = Release|Any CPU
		{2417259E-803F-4017-A3B4-5F3C87470D2E}.Release|x86.ActiveCfg = Release|Any CPU
		{2417259E-803F-4017-A3B4-5F3C87470D2E}.Release|x86.Build.0 = Release|Any CPU
		{21E83B2A-AECC-445C-8FD6-12AFB87716E5}.Checked|Any CPU.ActiveCfg = HWSW|Any CPU
		{21E83B2A-AECC-445C-8FD6-12AFB87716E5}.Checked|Any CPU.Build.0 = HWSW|Any CPU
		{21E83B2A-AECC-445C-8FD6-12AFB87716E5}.Checked|x86.ActiveCfg = HWSW|Any CPU
		{21E83B2A-AECC-445C-8FD6-12AFB87716E5}.Checked|x86.Build.0 = HWSW|Any CPU
		{21E83B2A-AECC-445C-8FD6-12AFB87716E5}.Debug|Any CPU.ActiveCfg = Debug|Any CPU
		{21E83B2A-AECC-445C-8FD6-12AFB87716E5}.Debug|Any CPU.Build.0 = Debug|Any CPU
		{21E83B2A-AECC-445C-8FD6-12AFB87716E5}.Debug|x86.ActiveCfg = Debug|Any CPU
		{21E83B2A-AECC-445C-8FD6-12AFB87716E5}.Debug|x86.Build.0 = Debug|Any CPU
		{21E83B2A-AECC-445C-8FD6-12AFB87716E5}.HWSW|Any CPU.ActiveCfg = HWSW|Any CPU
		{21E83B2A-AECC-445C-8FD6-12AFB87716E5}.HWSW|Any CPU.Build.0 = HWSW|Any CPU
		{21E83B2A-AECC-445C-8FD6-12AFB87716E5}.HWSW|x86.ActiveCfg = HWSW|Any CPU
		{21E83B2A-AECC-445C-8FD6-12AFB87716E5}.HWSW|x86.Build.0 = HWSW|Any CPU
		{21E83B2A-AECC-445C-8FD6-12AFB87716E5}.Internal|Any CPU.ActiveCfg = Internal|Any CPU
		{21E83B2A-AECC-445C-8FD6-12AFB87716E5}.Internal|Any CPU.Build.0 = Internal|Any CPU
		{21E83B2A-AECC-445C-8FD6-12AFB87716E5}.Internal|x86.ActiveCfg = Internal|Any CPU
		{21E83B2A-AECC-445C-8FD6-12AFB87716E5}.Internal|x86.Build.0 = Internal|Any CPU
		{21E83B2A-AECC-445C-8FD6-12AFB87716E5}.Release|Any CPU.ActiveCfg = Release|Any CPU
		{21E83B2A-AECC-445C-8FD6-12AFB87716E5}.Release|Any CPU.Build.0 = Release|Any CPU
		{21E83B2A-AECC-445C-8FD6-12AFB87716E5}.Release|x86.ActiveCfg = Release|Any CPU
		{21E83B2A-AECC-445C-8FD6-12AFB87716E5}.Release|x86.Build.0 = Release|Any CPU
		{B5007B19-6D3A-4746-B5FF-B60F679C8A01}.Checked|Any CPU.ActiveCfg = Release|Any CPU
		{B5007B19-6D3A-4746-B5FF-B60F679C8A01}.Checked|Any CPU.Build.0 = Release|Any CPU
		{B5007B19-6D3A-4746-B5FF-B60F679C8A01}.Checked|x86.ActiveCfg = Release|Any CPU
		{B5007B19-6D3A-4746-B5FF-B60F679C8A01}.Checked|x86.Build.0 = Release|Any CPU
		{B5007B19-6D3A-4746-B5FF-B60F679C8A01}.Debug|Any CPU.ActiveCfg = Debug|Any CPU
		{B5007B19-6D3A-4746-B5FF-B60F679C8A01}.Debug|Any CPU.Build.0 = Debug|Any CPU
		{B5007B19-6D3A-4746-B5FF-B60F679C8A01}.Debug|x86.ActiveCfg = Debug|Any CPU
		{B5007B19-6D3A-4746-B5FF-B60F679C8A01}.Debug|x86.Build.0 = Debug|Any CPU
		{B5007B19-6D3A-4746-B5FF-B60F679C8A01}.HWSW|Any CPU.ActiveCfg = Release|Any CPU
		{B5007B19-6D3A-4746-B5FF-B60F679C8A01}.HWSW|Any CPU.Build.0 = Release|Any CPU
		{B5007B19-6D3A-4746-B5FF-B60F679C8A01}.HWSW|x86.ActiveCfg = Release|Any CPU
		{B5007B19-6D3A-4746-B5FF-B60F679C8A01}.HWSW|x86.Build.0 = Release|Any CPU
		{B5007B19-6D3A-4746-B5FF-B60F679C8A01}.Internal|Any CPU.ActiveCfg = Release|Any CPU
		{B5007B19-6D3A-4746-B5FF-B60F679C8A01}.Internal|Any CPU.Build.0 = Release|Any CPU
		{B5007B19-6D3A-4746-B5FF-B60F679C8A01}.Internal|x86.ActiveCfg = Release|Any CPU
		{B5007B19-6D3A-4746-B5FF-B60F679C8A01}.Internal|x86.Build.0 = Release|Any CPU
		{B5007B19-6D3A-4746-B5FF-B60F679C8A01}.Release|Any CPU.ActiveCfg = Release|Any CPU
		{B5007B19-6D3A-4746-B5FF-B60F679C8A01}.Release|Any CPU.Build.0 = Release|Any CPU
		{B5007B19-6D3A-4746-B5FF-B60F679C8A01}.Release|x86.ActiveCfg = Release|Any CPU
		{B5007B19-6D3A-4746-B5FF-B60F679C8A01}.Release|x86.Build.0 = Release|Any CPU
		{6532B8A9-8CC2-4D7F-9D5E-7669841B6871}.Checked|Any CPU.ActiveCfg = HWSW|Any CPU
		{6532B8A9-8CC2-4D7F-9D5E-7669841B6871}.Checked|Any CPU.Build.0 = HWSW|Any CPU
		{6532B8A9-8CC2-4D7F-9D5E-7669841B6871}.Checked|x86.ActiveCfg = HWSW|Any CPU
		{6532B8A9-8CC2-4D7F-9D5E-7669841B6871}.Checked|x86.Build.0 = HWSW|Any CPU
		{6532B8A9-8CC2-4D7F-9D5E-7669841B6871}.Debug|Any CPU.ActiveCfg = Debug|Any CPU
		{6532B8A9-8CC2-4D7F-9D5E-7669841B6871}.Debug|Any CPU.Build.0 = Debug|Any CPU
		{6532B8A9-8CC2-4D7F-9D5E-7669841B6871}.Debug|x86.ActiveCfg = Debug|Any CPU
		{6532B8A9-8CC2-4D7F-9D5E-7669841B6871}.Debug|x86.Build.0 = Debug|Any CPU
		{6532B8A9-8CC2-4D7F-9D5E-7669841B6871}.HWSW|Any CPU.ActiveCfg = HWSW|Any CPU
		{6532B8A9-8CC2-4D7F-9D5E-7669841B6871}.HWSW|Any CPU.Build.0 = HWSW|Any CPU
		{6532B8A9-8CC2-4D7F-9D5E-7669841B6871}.HWSW|x86.ActiveCfg = HWSW|Any CPU
		{6532B8A9-8CC2-4D7F-9D5E-7669841B6871}.HWSW|x86.Build.0 = HWSW|Any CPU
		{6532B8A9-8CC2-4D7F-9D5E-7669841B6871}.Internal|Any CPU.ActiveCfg = Internal|Any CPU
		{6532B8A9-8CC2-4D7F-9D5E-7669841B6871}.Internal|Any CPU.Build.0 = Internal|Any CPU
		{6532B8A9-8CC2-4D7F-9D5E-7669841B6871}.Internal|x86.ActiveCfg = Internal|Any CPU
		{6532B8A9-8CC2-4D7F-9D5E-7669841B6871}.Internal|x86.Build.0 = Internal|Any CPU
		{6532B8A9-8CC2-4D7F-9D5E-7669841B6871}.Release|Any CPU.ActiveCfg = Release|Any CPU
		{6532B8A9-8CC2-4D7F-9D5E-7669841B6871}.Release|Any CPU.Build.0 = Release|Any CPU
		{6532B8A9-8CC2-4D7F-9D5E-7669841B6871}.Release|x86.ActiveCfg = Release|Any CPU
		{6532B8A9-8CC2-4D7F-9D5E-7669841B6871}.Release|x86.Build.0 = Release|Any CPU
		{186DE4BD-014D-47C7-A914-831EA98116A9}.Checked|Any CPU.ActiveCfg = HWSW|Any CPU
		{186DE4BD-014D-47C7-A914-831EA98116A9}.Checked|Any CPU.Build.0 = HWSW|Any CPU
		{186DE4BD-014D-47C7-A914-831EA98116A9}.Checked|x86.ActiveCfg = HWSW|Any CPU
		{186DE4BD-014D-47C7-A914-831EA98116A9}.Checked|x86.Build.0 = HWSW|Any CPU
		{186DE4BD-014D-47C7-A914-831EA98116A9}.Debug|Any CPU.ActiveCfg = Debug|Any CPU
		{186DE4BD-014D-47C7-A914-831EA98116A9}.Debug|Any CPU.Build.0 = Debug|Any CPU
		{186DE4BD-014D-47C7-A914-831EA98116A9}.Debug|x86.ActiveCfg = Debug|Any CPU
		{186DE4BD-014D-47C7-A914-831EA98116A9}.Debug|x86.Build.0 = Debug|Any CPU
		{186DE4BD-014D-47C7-A914-831EA98116A9}.HWSW|Any CPU.ActiveCfg = HWSW|Any CPU
		{186DE4BD-014D-47C7-A914-831EA98116A9}.HWSW|Any CPU.Build.0 = HWSW|Any CPU
		{186DE4BD-014D-47C7-A914-831EA98116A9}.HWSW|x86.ActiveCfg = HWSW|Any CPU
		{186DE4BD-014D-47C7-A914-831EA98116A9}.HWSW|x86.Build.0 = HWSW|Any CPU
		{186DE4BD-014D-47C7-A914-831EA98116A9}.Internal|Any CPU.ActiveCfg = Internal|Any CPU
		{186DE4BD-014D-47C7-A914-831EA98116A9}.Internal|Any CPU.Build.0 = Internal|Any CPU
		{186DE4BD-014D-47C7-A914-831EA98116A9}.Internal|x86.ActiveCfg = Internal|Any CPU
		{186DE4BD-014D-47C7-A914-831EA98116A9}.Internal|x86.Build.0 = Internal|Any CPU
		{186DE4BD-014D-47C7-A914-831EA98116A9}.Release|Any CPU.ActiveCfg = Release|Any CPU
		{186DE4BD-014D-47C7-A914-831EA98116A9}.Release|Any CPU.Build.0 = Release|Any CPU
		{186DE4BD-014D-47C7-A914-831EA98116A9}.Release|x86.ActiveCfg = Release|Any CPU
		{186DE4BD-014D-47C7-A914-831EA98116A9}.Release|x86.Build.0 = Release|Any CPU
		{0EFA3E43-690B-48DC-A72C-384A3EA7F31F}.Checked|Any CPU.ActiveCfg = Checked|Any CPU
		{0EFA3E43-690B-48DC-A72C-384A3EA7F31F}.Checked|Any CPU.Build.0 = Checked|Any CPU
		{0EFA3E43-690B-48DC-A72C-384A3EA7F31F}.Checked|x86.ActiveCfg = Checked|x86
		{0EFA3E43-690B-48DC-A72C-384A3EA7F31F}.Checked|x86.Build.0 = Checked|x86
		{0EFA3E43-690B-48DC-A72C-384A3EA7F31F}.Debug|Any CPU.ActiveCfg = Debug|Any CPU
		{0EFA3E43-690B-48DC-A72C-384A3EA7F31F}.Debug|Any CPU.Build.0 = Debug|Any CPU
		{0EFA3E43-690B-48DC-A72C-384A3EA7F31F}.Debug|x86.ActiveCfg = Debug|x86
		{0EFA3E43-690B-48DC-A72C-384A3EA7F31F}.Debug|x86.Build.0 = Debug|x86
		{0EFA3E43-690B-48DC-A72C-384A3EA7F31F}.HWSW|Any CPU.ActiveCfg = Checked|Any CPU
		{0EFA3E43-690B-48DC-A72C-384A3EA7F31F}.HWSW|Any CPU.Build.0 = Checked|Any CPU
		{0EFA3E43-690B-48DC-A72C-384A3EA7F31F}.HWSW|x86.ActiveCfg = Checked|x86
		{0EFA3E43-690B-48DC-A72C-384A3EA7F31F}.HWSW|x86.Build.0 = Checked|x86
		{0EFA3E43-690B-48DC-A72C-384A3EA7F31F}.Internal|Any CPU.ActiveCfg = Checked|Any CPU
		{0EFA3E43-690B-48DC-A72C-384A3EA7F31F}.Internal|Any CPU.Build.0 = Checked|Any CPU
		{0EFA3E43-690B-48DC-A72C-384A3EA7F31F}.Internal|x86.ActiveCfg = Checked|x86
		{0EFA3E43-690B-48DC-A72C-384A3EA7F31F}.Internal|x86.Build.0 = Checked|x86
		{0EFA3E43-690B-48DC-A72C-384A3EA7F31F}.Release|Any CPU.ActiveCfg = Release|Any CPU
		{0EFA3E43-690B-48DC-A72C-384A3EA7F31F}.Release|Any CPU.Build.0 = Release|Any CPU
		{0EFA3E43-690B-48DC-A72C-384A3EA7F31F}.Release|x86.ActiveCfg = Release|x86
		{0EFA3E43-690B-48DC-A72C-384A3EA7F31F}.Release|x86.Build.0 = Release|x86
		{43DFAD18-3E35-4558-9BE2-CAFF6B5BA8A0}.Checked|Any CPU.ActiveCfg = Checked|Any CPU
		{43DFAD18-3E35-4558-9BE2-CAFF6B5BA8A0}.Checked|Any CPU.Build.0 = Checked|Any CPU
		{43DFAD18-3E35-4558-9BE2-CAFF6B5BA8A0}.Checked|x86.ActiveCfg = Checked|Any CPU
		{43DFAD18-3E35-4558-9BE2-CAFF6B5BA8A0}.Checked|x86.Build.0 = Checked|Any CPU
		{43DFAD18-3E35-4558-9BE2-CAFF6B5BA8A0}.Debug|Any CPU.ActiveCfg = Debug|Any CPU
		{43DFAD18-3E35-4558-9BE2-CAFF6B5BA8A0}.Debug|Any CPU.Build.0 = Debug|Any CPU
		{43DFAD18-3E35-4558-9BE2-CAFF6B5BA8A0}.Debug|x86.ActiveCfg = Debug|Any CPU
		{43DFAD18-3E35-4558-9BE2-CAFF6B5BA8A0}.Debug|x86.Build.0 = Debug|Any CPU
		{43DFAD18-3E35-4558-9BE2-CAFF6B5BA8A0}.HWSW|Any CPU.ActiveCfg = Checked|Any CPU
		{43DFAD18-3E35-4558-9BE2-CAFF6B5BA8A0}.HWSW|Any CPU.Build.0 = Checked|Any CPU
		{43DFAD18-3E35-4558-9BE2-CAFF6B5BA8A0}.HWSW|x86.ActiveCfg = Checked|Any CPU
		{43DFAD18-3E35-4558-9BE2-CAFF6B5BA8A0}.HWSW|x86.Build.0 = Checked|Any CPU
		{43DFAD18-3E35-4558-9BE2-CAFF6B5BA8A0}.Internal|Any CPU.ActiveCfg = Checked|Any CPU
		{43DFAD18-3E35-4558-9BE2-CAFF6B5BA8A0}.Internal|Any CPU.Build.0 = Checked|Any CPU
		{43DFAD18-3E35-4558-9BE2-CAFF6B5BA8A0}.Internal|x86.ActiveCfg = Checked|Any CPU
		{43DFAD18-3E35-4558-9BE2-CAFF6B5BA8A0}.Internal|x86.Build.0 = Checked|Any CPU
		{43DFAD18-3E35-4558-9BE2-CAFF6B5BA8A0}.Release|Any CPU.ActiveCfg = Release|Any CPU
		{43DFAD18-3E35-4558-9BE2-CAFF6B5BA8A0}.Release|Any CPU.Build.0 = Release|Any CPU
		{43DFAD18-3E35-4558-9BE2-CAFF6B5BA8A0}.Release|x86.ActiveCfg = Release|Any CPU
		{43DFAD18-3E35-4558-9BE2-CAFF6B5BA8A0}.Release|x86.Build.0 = Release|Any CPU
		{ACCC0156-0921-43ED-8F67-AD8BDC8CDE31}.Checked|Any CPU.ActiveCfg = Checked|Any CPU
		{ACCC0156-0921-43ED-8F67-AD8BDC8CDE31}.Checked|Any CPU.Build.0 = Checked|Any CPU
		{ACCC0156-0921-43ED-8F67-AD8BDC8CDE31}.Checked|x86.ActiveCfg = Checked|Any CPU
		{ACCC0156-0921-43ED-8F67-AD8BDC8CDE31}.Checked|x86.Build.0 = Checked|Any CPU
		{ACCC0156-0921-43ED-8F67-AD8BDC8CDE31}.Debug|Any CPU.ActiveCfg = Debug|Any CPU
		{ACCC0156-0921-43ED-8F67-AD8BDC8CDE31}.Debug|Any CPU.Build.0 = Debug|Any CPU
		{ACCC0156-0921-43ED-8F67-AD8BDC8CDE31}.Debug|x86.ActiveCfg = Debug|Any CPU
		{ACCC0156-0921-43ED-8F67-AD8BDC8CDE31}.Debug|x86.Build.0 = Debug|Any CPU
		{ACCC0156-0921-43ED-8F67-AD8BDC8CDE31}.HWSW|Any CPU.ActiveCfg = Checked|Any CPU
		{ACCC0156-0921-43ED-8F67-AD8BDC8CDE31}.HWSW|Any CPU.Build.0 = Checked|Any CPU
		{ACCC0156-0921-43ED-8F67-AD8BDC8CDE31}.HWSW|x86.ActiveCfg = Checked|Any CPU
		{ACCC0156-0921-43ED-8F67-AD8BDC8CDE31}.HWSW|x86.Build.0 = Checked|Any CPU
		{ACCC0156-0921-43ED-8F67-AD8BDC8CDE31}.Internal|Any CPU.ActiveCfg = Checked|Any CPU
		{ACCC0156-0921-43ED-8F67-AD8BDC8CDE31}.Internal|Any CPU.Build.0 = Checked|Any CPU
		{ACCC0156-0921-43ED-8F67-AD8BDC8CDE31}.Internal|x86.ActiveCfg = Checked|Any CPU
		{ACCC0156-0921-43ED-8F67-AD8BDC8CDE31}.Internal|x86.Build.0 = Checked|Any CPU
		{ACCC0156-0921-43ED-8F67-AD8BDC8CDE31}.Release|Any CPU.ActiveCfg = Release|Any CPU
		{ACCC0156-0921-43ED-8F67-AD8BDC8CDE31}.Release|Any CPU.Build.0 = Release|Any CPU
		{ACCC0156-0921-43ED-8F67-AD8BDC8CDE31}.Release|x86.ActiveCfg = Release|Any CPU
		{ACCC0156-0921-43ED-8F67-AD8BDC8CDE31}.Release|x86.Build.0 = Release|Any CPU
		{D07B8E38-E172-47F4-AD02-0373014A46D3}.Checked|Any CPU.ActiveCfg = Release|Any CPU
		{D07B8E38-E172-47F4-AD02-0373014A46D3}.Checked|Any CPU.Build.0 = Release|Any CPU
		{D07B8E38-E172-47F4-AD02-0373014A46D3}.Checked|x86.ActiveCfg = Release|Any CPU
		{D07B8E38-E172-47F4-AD02-0373014A46D3}.Checked|x86.Build.0 = Release|Any CPU
		{D07B8E38-E172-47F4-AD02-0373014A46D3}.Debug|Any CPU.ActiveCfg = Debug|Any CPU
		{D07B8E38-E172-47F4-AD02-0373014A46D3}.Debug|Any CPU.Build.0 = Debug|Any CPU
		{D07B8E38-E172-47F4-AD02-0373014A46D3}.Debug|x86.ActiveCfg = Debug|Any CPU
		{D07B8E38-E172-47F4-AD02-0373014A46D3}.Debug|x86.Build.0 = Debug|Any CPU
		{D07B8E38-E172-47F4-AD02-0373014A46D3}.HWSW|Any CPU.ActiveCfg = Release|Any CPU
		{D07B8E38-E172-47F4-AD02-0373014A46D3}.HWSW|Any CPU.Build.0 = Release|Any CPU
		{D07B8E38-E172-47F4-AD02-0373014A46D3}.HWSW|x86.ActiveCfg = Release|Any CPU
		{D07B8E38-E172-47F4-AD02-0373014A46D3}.HWSW|x86.Build.0 = Release|Any CPU
		{D07B8E38-E172-47F4-AD02-0373014A46D3}.Internal|Any CPU.ActiveCfg = Release|Any CPU
		{D07B8E38-E172-47F4-AD02-0373014A46D3}.Internal|Any CPU.Build.0 = Release|Any CPU
		{D07B8E38-E172-47F4-AD02-0373014A46D3}.Internal|x86.ActiveCfg = Release|Any CPU
		{D07B8E38-E172-47F4-AD02-0373014A46D3}.Internal|x86.Build.0 = Release|Any CPU
		{D07B8E38-E172-47F4-AD02-0373014A46D3}.Release|Any CPU.ActiveCfg = Release|Any CPU
		{D07B8E38-E172-47F4-AD02-0373014A46D3}.Release|Any CPU.Build.0 = Release|Any CPU
		{D07B8E38-E172-47F4-AD02-0373014A46D3}.Release|x86.ActiveCfg = Release|Any CPU
		{D07B8E38-E172-47F4-AD02-0373014A46D3}.Release|x86.Build.0 = Release|Any CPU
		{B230A69C-C466-4065-B9C1-84D80E76D802}.Checked|Any CPU.ActiveCfg = Checked|Any CPU
		{B230A69C-C466-4065-B9C1-84D80E76D802}.Checked|Any CPU.Build.0 = Checked|Any CPU
		{B230A69C-C466-4065-B9C1-84D80E76D802}.Checked|x86.ActiveCfg = Checked|Any CPU
		{B230A69C-C466-4065-B9C1-84D80E76D802}.Checked|x86.Build.0 = Checked|Any CPU
		{B230A69C-C466-4065-B9C1-84D80E76D802}.Debug|Any CPU.ActiveCfg = Debug|Any CPU
		{B230A69C-C466-4065-B9C1-84D80E76D802}.Debug|Any CPU.Build.0 = Debug|Any CPU
		{B230A69C-C466-4065-B9C1-84D80E76D802}.Debug|x86.ActiveCfg = Debug|Any CPU
		{B230A69C-C466-4065-B9C1-84D80E76D802}.Debug|x86.Build.0 = Debug|Any CPU
		{B230A69C-C466-4065-B9C1-84D80E76D802}.HWSW|Any CPU.ActiveCfg = Checked|Any CPU
		{B230A69C-C466-4065-B9C1-84D80E76D802}.HWSW|Any CPU.Build.0 = Checked|Any CPU
		{B230A69C-C466-4065-B9C1-84D80E76D802}.HWSW|x86.ActiveCfg = Checked|Any CPU
		{B230A69C-C466-4065-B9C1-84D80E76D802}.HWSW|x86.Build.0 = Checked|Any CPU
		{B230A69C-C466-4065-B9C1-84D80E76D802}.Internal|Any CPU.ActiveCfg = Checked|Any CPU
		{B230A69C-C466-4065-B9C1-84D80E76D802}.Internal|Any CPU.Build.0 = Checked|Any CPU
		{B230A69C-C466-4065-B9C1-84D80E76D802}.Internal|x86.ActiveCfg = Checked|Any CPU
		{B230A69C-C466-4065-B9C1-84D80E76D802}.Internal|x86.Build.0 = Checked|Any CPU
		{B230A69C-C466-4065-B9C1-84D80E76D802}.Release|Any CPU.ActiveCfg = Release|Any CPU
		{B230A69C-C466-4065-B9C1-84D80E76D802}.Release|Any CPU.Build.0 = Release|Any CPU
		{B230A69C-C466-4065-B9C1-84D80E76D802}.Release|x86.ActiveCfg = Release|Any CPU
		{B230A69C-C466-4065-B9C1-84D80E76D802}.Release|x86.Build.0 = Release|Any CPU		
		{EAA5EB79-D475-4601-A59B-825C191CD25F}.Checked|Any CPU.ActiveCfg = Release|Any CPU
		{EAA5EB79-D475-4601-A59B-825C191CD25F}.Checked|Any CPU.Build.0 = Release|Any CPU
		{EAA5EB79-D475-4601-A59B-825C191CD25F}.Checked|x86.ActiveCfg = Release|Any CPU
		{EAA5EB79-D475-4601-A59B-825C191CD25F}.Checked|x86.Build.0 = Release|Any CPU
		{EAA5EB79-D475-4601-A59B-825C191CD25F}.Debug|Any CPU.ActiveCfg = Debug|Any CPU
		{EAA5EB79-D475-4601-A59B-825C191CD25F}.Debug|Any CPU.Build.0 = Debug|Any CPU
		{EAA5EB79-D475-4601-A59B-825C191CD25F}.Debug|x86.ActiveCfg = Debug|Any CPU
		{EAA5EB79-D475-4601-A59B-825C191CD25F}.Debug|x86.Build.0 = Debug|Any CPU
		{EAA5EB79-D475-4601-A59B-825C191CD25F}.HWSW|Any CPU.ActiveCfg = Release|Any CPU
		{EAA5EB79-D475-4601-A59B-825C191CD25F}.HWSW|Any CPU.Build.0 = Release|Any CPU
		{EAA5EB79-D475-4601-A59B-825C191CD25F}.HWSW|x86.ActiveCfg = Release|Any CPU
		{EAA5EB79-D475-4601-A59B-825C191CD25F}.HWSW|x86.Build.0 = Release|Any CPU
		{EAA5EB79-D475-4601-A59B-825C191CD25F}.Internal|Any CPU.ActiveCfg = Release|Any CPU
		{EAA5EB79-D475-4601-A59B-825C191CD25F}.Internal|Any CPU.Build.0 = Release|Any CPU
		{EAA5EB79-D475-4601-A59B-825C191CD25F}.Internal|x86.ActiveCfg = Release|Any CPU
		{EAA5EB79-D475-4601-A59B-825C191CD25F}.Internal|x86.Build.0 = Release|Any CPU
		{EAA5EB79-D475-4601-A59B-825C191CD25F}.Release|Any CPU.ActiveCfg = Release|Any CPU
		{EAA5EB79-D475-4601-A59B-825C191CD25F}.Release|Any CPU.Build.0 = Release|Any CPU
		{EAA5EB79-D475-4601-A59B-825C191CD25F}.Release|x86.ActiveCfg = Release|Any CPU
		{EAA5EB79-D475-4601-A59B-825C191CD25F}.Release|x86.Build.0 = Release|Any CPU
		{69A2B0B8-BCAC-4101-AE7A-556FCC58C06E}.Checked|Any CPU.ActiveCfg = Checked|Any CPU
		{69A2B0B8-BCAC-4101-AE7A-556FCC58C06E}.Checked|Any CPU.Build.0 = Checked|Any CPU
		{69A2B0B8-BCAC-4101-AE7A-556FCC58C06E}.Checked|x86.ActiveCfg = Checked|Any CPU
		{69A2B0B8-BCAC-4101-AE7A-556FCC58C06E}.Checked|x86.Build.0 = Checked|Any CPU
		{69A2B0B8-BCAC-4101-AE7A-556FCC58C06E}.Debug|Any CPU.ActiveCfg = Debug|Any CPU
		{69A2B0B8-BCAC-4101-AE7A-556FCC58C06E}.Debug|Any CPU.Build.0 = Debug|Any CPU
		{69A2B0B8-BCAC-4101-AE7A-556FCC58C06E}.Debug|x86.ActiveCfg = Debug|Any CPU
		{69A2B0B8-BCAC-4101-AE7A-556FCC58C06E}.Debug|x86.Build.0 = Debug|Any CPU
		{69A2B0B8-BCAC-4101-AE7A-556FCC58C06E}.HWSW|Any CPU.ActiveCfg = Checked|Any CPU
		{69A2B0B8-BCAC-4101-AE7A-556FCC58C06E}.HWSW|Any CPU.Build.0 = Checked|Any CPU
		{69A2B0B8-BCAC-4101-AE7A-556FCC58C06E}.HWSW|x86.ActiveCfg = Checked|Any CPU
		{69A2B0B8-BCAC-4101-AE7A-556FCC58C06E}.HWSW|x86.Build.0 = Checked|Any CPU
		{69A2B0B8-BCAC-4101-AE7A-556FCC58C06E}.Internal|Any CPU.ActiveCfg = Checked|Any CPU
		{69A2B0B8-BCAC-4101-AE7A-556FCC58C06E}.Internal|Any CPU.Build.0 = Checked|Any CPU
		{69A2B0B8-BCAC-4101-AE7A-556FCC58C06E}.Internal|x86.ActiveCfg = Checked|Any CPU
		{69A2B0B8-BCAC-4101-AE7A-556FCC58C06E}.Internal|x86.Build.0 = Checked|Any CPU
		{69A2B0B8-BCAC-4101-AE7A-556FCC58C06E}.Release|Any CPU.ActiveCfg = Release|Any CPU
		{69A2B0B8-BCAC-4101-AE7A-556FCC58C06E}.Release|Any CPU.Build.0 = Release|Any CPU
		{69A2B0B8-BCAC-4101-AE7A-556FCC58C06E}.Release|x86.ActiveCfg = Release|Any CPU
		{69A2B0B8-BCAC-4101-AE7A-556FCC58C06E}.Release|x86.Build.0 = Release|Any CPU
		{CF41E903-78EB-43BA-A355-E5FEB5ECECD4}.Checked|Any CPU.ActiveCfg = Checked|Any CPU
		{CF41E903-78EB-43BA-A355-E5FEB5ECECD4}.Checked|Any CPU.Build.0 = Checked|Any CPU
		{CF41E903-78EB-43BA-A355-E5FEB5ECECD4}.Checked|x86.ActiveCfg = Checked|Any CPU
		{CF41E903-78EB-43BA-A355-E5FEB5ECECD4}.Checked|x86.Build.0 = Checked|Any CPU
		{CF41E903-78EB-43BA-A355-E5FEB5ECECD4}.Debug|Any CPU.ActiveCfg = Debug|Any CPU
		{CF41E903-78EB-43BA-A355-E5FEB5ECECD4}.Debug|Any CPU.Build.0 = Debug|Any CPU
		{CF41E903-78EB-43BA-A355-E5FEB5ECECD4}.Debug|x86.ActiveCfg = Debug|Any CPU
		{CF41E903-78EB-43BA-A355-E5FEB5ECECD4}.Debug|x86.Build.0 = Debug|Any CPU
		{CF41E903-78EB-43BA-A355-E5FEB5ECECD4}.HWSW|Any CPU.ActiveCfg = Checked|Any CPU
		{CF41E903-78EB-43BA-A355-E5FEB5ECECD4}.HWSW|Any CPU.Build.0 = Checked|Any CPU
		{CF41E903-78EB-43BA-A355-E5FEB5ECECD4}.HWSW|x86.ActiveCfg = Checked|Any CPU
		{CF41E903-78EB-43BA-A355-E5FEB5ECECD4}.HWSW|x86.Build.0 = Checked|Any CPU
		{CF41E903-78EB-43BA-A355-E5FEB5ECECD4}.Internal|Any CPU.ActiveCfg = Checked|Any CPU
		{CF41E903-78EB-43BA-A355-E5FEB5ECECD4}.Internal|Any CPU.Build.0 = Checked|Any CPU
		{CF41E903-78EB-43BA-A355-E5FEB5ECECD4}.Internal|x86.ActiveCfg = Checked|Any CPU
		{CF41E903-78EB-43BA-A355-E5FEB5ECECD4}.Internal|x86.Build.0 = Checked|Any CPU
		{CF41E903-78EB-43BA-A355-E5FEB5ECECD4}.Release|Any CPU.ActiveCfg = Release|Any CPU
		{CF41E903-78EB-43BA-A355-E5FEB5ECECD4}.Release|Any CPU.Build.0 = Release|Any CPU
		{CF41E903-78EB-43BA-A355-E5FEB5ECECD4}.Release|x86.ActiveCfg = Release|Any CPU
		{CF41E903-78EB-43BA-A355-E5FEB5ECECD4}.Release|x86.Build.0 = Release|Any CPU
		{ACEF88D5-DADD-46DA-BAE1-2144D63F4C83}.Checked|Any CPU.ActiveCfg = Checked|Any CPU
		{ACEF88D5-DADD-46DA-BAE1-2144D63F4C83}.Checked|Any CPU.Build.0 = Checked|Any CPU
		{ACEF88D5-DADD-46DA-BAE1-2144D63F4C83}.Checked|x86.ActiveCfg = Checked|Any CPU
		{ACEF88D5-DADD-46DA-BAE1-2144D63F4C83}.Checked|x86.Build.0 = Checked|Any CPU
		{ACEF88D5-DADD-46DA-BAE1-2144D63F4C83}.Debug|Any CPU.ActiveCfg = Debug|Any CPU
		{ACEF88D5-DADD-46DA-BAE1-2144D63F4C83}.Debug|Any CPU.Build.0 = Debug|Any CPU
		{ACEF88D5-DADD-46DA-BAE1-2144D63F4C83}.Debug|x86.ActiveCfg = Debug|Any CPU
		{ACEF88D5-DADD-46DA-BAE1-2144D63F4C83}.Debug|x86.Build.0 = Debug|Any CPU
		{ACEF88D5-DADD-46DA-BAE1-2144D63F4C83}.HWSW|Any CPU.ActiveCfg = Checked|Any CPU
		{ACEF88D5-DADD-46DA-BAE1-2144D63F4C83}.HWSW|Any CPU.Build.0 = Checked|Any CPU
		{ACEF88D5-DADD-46DA-BAE1-2144D63F4C83}.HWSW|x86.ActiveCfg = Checked|Any CPU
		{ACEF88D5-DADD-46DA-BAE1-2144D63F4C83}.HWSW|x86.Build.0 = Checked|Any CPU
		{ACEF88D5-DADD-46DA-BAE1-2144D63F4C83}.Internal|Any CPU.ActiveCfg = Checked|Any CPU
		{ACEF88D5-DADD-46DA-BAE1-2144D63F4C83}.Internal|Any CPU.Build.0 = Checked|Any CPU
		{ACEF88D5-DADD-46DA-BAE1-2144D63F4C83}.Internal|x86.ActiveCfg = Checked|Any CPU
		{ACEF88D5-DADD-46DA-BAE1-2144D63F4C83}.Internal|x86.Build.0 = Checked|Any CPU
		{ACEF88D5-DADD-46DA-BAE1-2144D63F4C83}.Release|Any CPU.ActiveCfg = Release|Any CPU
		{ACEF88D5-DADD-46DA-BAE1-2144D63F4C83}.Release|Any CPU.Build.0 = Release|Any CPU
		{ACEF88D5-DADD-46DA-BAE1-2144D63F4C83}.Release|x86.ActiveCfg = Release|Any CPU
		{ACEF88D5-DADD-46DA-BAE1-2144D63F4C83}.Release|x86.Build.0 = Release|Any CPU
		{FCD3AC7F-9DFD-46C8-AB1E-09F0B0F16DC5}.Checked|Any CPU.ActiveCfg = Checked|Any CPU
		{FCD3AC7F-9DFD-46C8-AB1E-09F0B0F16DC5}.Checked|Any CPU.Build.0 = Checked|Any CPU
		{FCD3AC7F-9DFD-46C8-AB1E-09F0B0F16DC5}.Checked|x86.ActiveCfg = Checked|Any CPU
		{FCD3AC7F-9DFD-46C8-AB1E-09F0B0F16DC5}.Checked|x86.Build.0 = Checked|Any CPU
		{FCD3AC7F-9DFD-46C8-AB1E-09F0B0F16DC5}.Debug|Any CPU.ActiveCfg = Debug|Any CPU
		{FCD3AC7F-9DFD-46C8-AB1E-09F0B0F16DC5}.Debug|Any CPU.Build.0 = Debug|Any CPU
		{FCD3AC7F-9DFD-46C8-AB1E-09F0B0F16DC5}.Debug|x86.ActiveCfg = Debug|Any CPU
		{FCD3AC7F-9DFD-46C8-AB1E-09F0B0F16DC5}.Debug|x86.Build.0 = Debug|Any CPU
		{FCD3AC7F-9DFD-46C8-AB1E-09F0B0F16DC5}.HWSW|Any CPU.ActiveCfg = Checked|Any CPU
		{FCD3AC7F-9DFD-46C8-AB1E-09F0B0F16DC5}.HWSW|Any CPU.Build.0 = Checked|Any CPU
		{FCD3AC7F-9DFD-46C8-AB1E-09F0B0F16DC5}.HWSW|x86.ActiveCfg = Checked|Any CPU
		{FCD3AC7F-9DFD-46C8-AB1E-09F0B0F16DC5}.HWSW|x86.Build.0 = Checked|Any CPU
		{FCD3AC7F-9DFD-46C8-AB1E-09F0B0F16DC5}.Internal|Any CPU.ActiveCfg = Checked|Any CPU
		{FCD3AC7F-9DFD-46C8-AB1E-09F0B0F16DC5}.Internal|Any CPU.Build.0 = Checked|Any CPU
		{FCD3AC7F-9DFD-46C8-AB1E-09F0B0F16DC5}.Internal|x86.ActiveCfg = Checked|Any CPU
		{FCD3AC7F-9DFD-46C8-AB1E-09F0B0F16DC5}.Internal|x86.Build.0 = Checked|Any CPU
		{FCD3AC7F-9DFD-46C8-AB1E-09F0B0F16DC5}.Release|Any CPU.ActiveCfg = Release|Any CPU
		{FCD3AC7F-9DFD-46C8-AB1E-09F0B0F16DC5}.Release|Any CPU.Build.0 = Release|Any CPU
		{FCD3AC7F-9DFD-46C8-AB1E-09F0B0F16DC5}.Release|x86.ActiveCfg = Release|Any CPU
		{FCD3AC7F-9DFD-46C8-AB1E-09F0B0F16DC5}.Release|x86.Build.0 = Release|Any CPU
		{AFAA5CE1-C41B-44F0-88F8-FD8A43826D44}.Checked|Any CPU.ActiveCfg = Release|Any CPU
		{AFAA5CE1-C41B-44F0-88F8-FD8A43826D44}.Checked|Any CPU.Build.0 = Release|Any CPU
		{AFAA5CE1-C41B-44F0-88F8-FD8A43826D44}.Checked|x86.ActiveCfg = Release|Any CPU
		{AFAA5CE1-C41B-44F0-88F8-FD8A43826D44}.Checked|x86.Build.0 = Release|Any CPU
		{AFAA5CE1-C41B-44F0-88F8-FD8A43826D44}.Debug|Any CPU.ActiveCfg = Debug|Any CPU
		{AFAA5CE1-C41B-44F0-88F8-FD8A43826D44}.Debug|Any CPU.Build.0 = Debug|Any CPU
		{AFAA5CE1-C41B-44F0-88F8-FD8A43826D44}.Debug|x86.ActiveCfg = Debug|Any CPU
		{AFAA5CE1-C41B-44F0-88F8-FD8A43826D44}.Debug|x86.Build.0 = Debug|Any CPU
		{AFAA5CE1-C41B-44F0-88F8-FD8A43826D44}.HWSW|Any CPU.ActiveCfg = Release|Any CPU
		{AFAA5CE1-C41B-44F0-88F8-FD8A43826D44}.HWSW|Any CPU.Build.0 = Release|Any CPU
		{AFAA5CE1-C41B-44F0-88F8-FD8A43826D44}.HWSW|x86.ActiveCfg = Release|Any CPU
		{AFAA5CE1-C41B-44F0-88F8-FD8A43826D44}.HWSW|x86.Build.0 = Release|Any CPU
		{AFAA5CE1-C41B-44F0-88F8-FD8A43826D44}.Internal|Any CPU.ActiveCfg = Release|Any CPU
		{AFAA5CE1-C41B-44F0-88F8-FD8A43826D44}.Internal|Any CPU.Build.0 = Release|Any CPU
		{AFAA5CE1-C41B-44F0-88F8-FD8A43826D44}.Internal|x86.ActiveCfg = Release|Any CPU
		{AFAA5CE1-C41B-44F0-88F8-FD8A43826D44}.Internal|x86.Build.0 = Release|Any CPU
		{AFAA5CE1-C41B-44F0-88F8-FD8A43826D44}.Release|Any CPU.ActiveCfg = Release|Any CPU
		{AFAA5CE1-C41B-44F0-88F8-FD8A43826D44}.Release|Any CPU.Build.0 = Release|Any CPU
		{AFAA5CE1-C41B-44F0-88F8-FD8A43826D44}.Release|x86.ActiveCfg = Release|Any CPU
		{AFAA5CE1-C41B-44F0-88F8-FD8A43826D44}.Release|x86.Build.0 = Release|Any CPU
		{9B163AA3-36BC-4AFB-88AB-79BC9E97E401}.Checked|Any CPU.ActiveCfg = Checked|Any CPU
		{9B163AA3-36BC-4AFB-88AB-79BC9E97E401}.Checked|Any CPU.Build.0 = Checked|Any CPU
		{9B163AA3-36BC-4AFB-88AB-79BC9E97E401}.Checked|x86.ActiveCfg = Checked|Any CPU
		{9B163AA3-36BC-4AFB-88AB-79BC9E97E401}.Checked|x86.Build.0 = Checked|Any CPU
		{9B163AA3-36BC-4AFB-88AB-79BC9E97E401}.Debug|Any CPU.ActiveCfg = Debug|Any CPU
		{9B163AA3-36BC-4AFB-88AB-79BC9E97E401}.Debug|Any CPU.Build.0 = Debug|Any CPU
		{9B163AA3-36BC-4AFB-88AB-79BC9E97E401}.Debug|x86.ActiveCfg = Debug|Any CPU
		{9B163AA3-36BC-4AFB-88AB-79BC9E97E401}.Debug|x86.Build.0 = Debug|Any CPU
		{9B163AA3-36BC-4AFB-88AB-79BC9E97E401}.HWSW|Any CPU.ActiveCfg = Checked|Any CPU
		{9B163AA3-36BC-4AFB-88AB-79BC9E97E401}.HWSW|Any CPU.Build.0 = Checked|Any CPU
		{9B163AA3-36BC-4AFB-88AB-79BC9E97E401}.HWSW|x86.ActiveCfg = Checked|Any CPU
		{9B163AA3-36BC-4AFB-88AB-79BC9E97E401}.HWSW|x86.Build.0 = Checked|Any CPU
		{9B163AA3-36BC-4AFB-88AB-79BC9E97E401}.Internal|Any CPU.ActiveCfg = Checked|Any CPU
		{9B163AA3-36BC-4AFB-88AB-79BC9E97E401}.Internal|Any CPU.Build.0 = Checked|Any CPU
		{9B163AA3-36BC-4AFB-88AB-79BC9E97E401}.Internal|x86.ActiveCfg = Checked|Any CPU
		{9B163AA3-36BC-4AFB-88AB-79BC9E97E401}.Internal|x86.Build.0 = Checked|Any CPU
		{9B163AA3-36BC-4AFB-88AB-79BC9E97E401}.Release|Any CPU.ActiveCfg = Release|Any CPU
		{9B163AA3-36BC-4AFB-88AB-79BC9E97E401}.Release|Any CPU.Build.0 = Release|Any CPU
		{9B163AA3-36BC-4AFB-88AB-79BC9E97E401}.Release|x86.ActiveCfg = Release|Any CPU
		{9B163AA3-36BC-4AFB-88AB-79BC9E97E401}.Release|x86.Build.0 = Release|Any CPU
		{56FFDBCA-7D14-43B8-A6CA-22A20E417EE1}.Checked|Any CPU.ActiveCfg = Checked|Any CPU
		{56FFDBCA-7D14-43B8-A6CA-22A20E417EE1}.Checked|Any CPU.Build.0 = Checked|Any CPU
		{56FFDBCA-7D14-43B8-A6CA-22A20E417EE1}.Checked|x86.ActiveCfg = Checked|Any CPU
		{56FFDBCA-7D14-43B8-A6CA-22A20E417EE1}.Checked|x86.Build.0 = Checked|Any CPU
		{56FFDBCA-7D14-43B8-A6CA-22A20E417EE1}.Debug|Any CPU.ActiveCfg = Debug|Any CPU
		{56FFDBCA-7D14-43B8-A6CA-22A20E417EE1}.Debug|Any CPU.Build.0 = Debug|Any CPU
		{56FFDBCA-7D14-43B8-A6CA-22A20E417EE1}.Debug|x86.ActiveCfg = Debug|Any CPU
		{56FFDBCA-7D14-43B8-A6CA-22A20E417EE1}.Debug|x86.Build.0 = Debug|Any CPU
		{56FFDBCA-7D14-43B8-A6CA-22A20E417EE1}.HWSW|Any CPU.ActiveCfg = Checked|Any CPU
		{56FFDBCA-7D14-43B8-A6CA-22A20E417EE1}.HWSW|Any CPU.Build.0 = Checked|Any CPU
		{56FFDBCA-7D14-43B8-A6CA-22A20E417EE1}.HWSW|x86.ActiveCfg = Checked|Any CPU
		{56FFDBCA-7D14-43B8-A6CA-22A20E417EE1}.HWSW|x86.Build.0 = Checked|Any CPU
		{56FFDBCA-7D14-43B8-A6CA-22A20E417EE1}.Internal|Any CPU.ActiveCfg = Checked|Any CPU
		{56FFDBCA-7D14-43B8-A6CA-22A20E417EE1}.Internal|Any CPU.Build.0 = Checked|Any CPU
		{56FFDBCA-7D14-43B8-A6CA-22A20E417EE1}.Internal|x86.ActiveCfg = Checked|Any CPU
		{56FFDBCA-7D14-43B8-A6CA-22A20E417EE1}.Internal|x86.Build.0 = Checked|Any CPU
		{56FFDBCA-7D14-43B8-A6CA-22A20E417EE1}.Release|Any CPU.ActiveCfg = Release|Any CPU
		{56FFDBCA-7D14-43B8-A6CA-22A20E417EE1}.Release|Any CPU.Build.0 = Release|Any CPU
		{56FFDBCA-7D14-43B8-A6CA-22A20E417EE1}.Release|x86.ActiveCfg = Release|Any CPU
		{56FFDBCA-7D14-43B8-A6CA-22A20E417EE1}.Release|x86.Build.0 = Release|Any CPU
		{E1F10180-C7B9-4147-B51F-FA1B701966DC}.Checked|Any CPU.ActiveCfg = Checked|Any CPU
		{E1F10180-C7B9-4147-B51F-FA1B701966DC}.Checked|Any CPU.Build.0 = Checked|Any CPU
		{E1F10180-C7B9-4147-B51F-FA1B701966DC}.Checked|x86.ActiveCfg = Checked|Any CPU
		{E1F10180-C7B9-4147-B51F-FA1B701966DC}.Checked|x86.Build.0 = Checked|Any CPU
		{E1F10180-C7B9-4147-B51F-FA1B701966DC}.Debug|Any CPU.ActiveCfg = Debug|Any CPU
		{E1F10180-C7B9-4147-B51F-FA1B701966DC}.Debug|Any CPU.Build.0 = Debug|Any CPU
		{E1F10180-C7B9-4147-B51F-FA1B701966DC}.Debug|x86.ActiveCfg = Debug|Any CPU
		{E1F10180-C7B9-4147-B51F-FA1B701966DC}.Debug|x86.Build.0 = Debug|Any CPU
		{E1F10180-C7B9-4147-B51F-FA1B701966DC}.HWSW|Any CPU.ActiveCfg = Checked|Any CPU
		{E1F10180-C7B9-4147-B51F-FA1B701966DC}.HWSW|Any CPU.Build.0 = Checked|Any CPU
		{E1F10180-C7B9-4147-B51F-FA1B701966DC}.HWSW|x86.ActiveCfg = Checked|Any CPU
		{E1F10180-C7B9-4147-B51F-FA1B701966DC}.HWSW|x86.Build.0 = Checked|Any CPU
		{E1F10180-C7B9-4147-B51F-FA1B701966DC}.Internal|Any CPU.ActiveCfg = Checked|Any CPU
		{E1F10180-C7B9-4147-B51F-FA1B701966DC}.Internal|Any CPU.Build.0 = Checked|Any CPU
		{E1F10180-C7B9-4147-B51F-FA1B701966DC}.Internal|x86.ActiveCfg = Checked|Any CPU
		{E1F10180-C7B9-4147-B51F-FA1B701966DC}.Internal|x86.Build.0 = Checked|Any CPU
		{E1F10180-C7B9-4147-B51F-FA1B701966DC}.Release|Any CPU.ActiveCfg = Release|Any CPU
		{E1F10180-C7B9-4147-B51F-FA1B701966DC}.Release|Any CPU.Build.0 = Release|Any CPU
		{E1F10180-C7B9-4147-B51F-FA1B701966DC}.Release|x86.ActiveCfg = Release|Any CPU
		{E1F10180-C7B9-4147-B51F-FA1B701966DC}.Release|x86.Build.0 = Release|Any CPU
		{F2AF6BEB-EBA6-46FE-987A-8438603C4290}.Checked|Any CPU.ActiveCfg = Release|Any CPU
		{F2AF6BEB-EBA6-46FE-987A-8438603C4290}.Checked|Any CPU.Build.0 = Release|Any CPU
		{F2AF6BEB-EBA6-46FE-987A-8438603C4290}.Checked|x86.ActiveCfg = Release|Any CPU
		{F2AF6BEB-EBA6-46FE-987A-8438603C4290}.Checked|x86.Build.0 = Release|Any CPU
		{F2AF6BEB-EBA6-46FE-987A-8438603C4290}.Debug|Any CPU.ActiveCfg = Debug|Any CPU
		{F2AF6BEB-EBA6-46FE-987A-8438603C4290}.Debug|Any CPU.Build.0 = Debug|Any CPU
		{F2AF6BEB-EBA6-46FE-987A-8438603C4290}.Debug|x86.ActiveCfg = Debug|Any CPU
		{F2AF6BEB-EBA6-46FE-987A-8438603C4290}.Debug|x86.Build.0 = Debug|Any CPU
		{F2AF6BEB-EBA6-46FE-987A-8438603C4290}.HWSW|Any CPU.ActiveCfg = Release|Any CPU
		{F2AF6BEB-EBA6-46FE-987A-8438603C4290}.HWSW|Any CPU.Build.0 = Release|Any CPU
		{F2AF6BEB-EBA6-46FE-987A-8438603C4290}.HWSW|x86.ActiveCfg = Release|Any CPU
		{F2AF6BEB-EBA6-46FE-987A-8438603C4290}.HWSW|x86.Build.0 = Release|Any CPU
		{F2AF6BEB-EBA6-46FE-987A-8438603C4290}.Internal|Any CPU.ActiveCfg = Release|Any CPU
		{F2AF6BEB-EBA6-46FE-987A-8438603C4290}.Internal|Any CPU.Build.0 = Release|Any CPU
		{F2AF6BEB-EBA6-46FE-987A-8438603C4290}.Internal|x86.ActiveCfg = Release|Any CPU
		{F2AF6BEB-EBA6-46FE-987A-8438603C4290}.Internal|x86.Build.0 = Release|Any CPU
		{F2AF6BEB-EBA6-46FE-987A-8438603C4290}.Release|Any CPU.ActiveCfg = Release|Any CPU
		{F2AF6BEB-EBA6-46FE-987A-8438603C4290}.Release|Any CPU.Build.0 = Release|Any CPU
		{F2AF6BEB-EBA6-46FE-987A-8438603C4290}.Release|x86.ActiveCfg = Release|Any CPU
		{F2AF6BEB-EBA6-46FE-987A-8438603C4290}.Release|x86.Build.0 = Release|Any CPU
	EndGlobalSection
	GlobalSection(SolutionProperties) = preSolution
		HideSolutionNode = FALSE
	EndGlobalSection
	GlobalSection(NestedProjects) = preSolution
		{0EFA3E43-690B-48DC-A72C-384A3EA7F31F} = {7AFDC516-B94B-43FA-BBB8-58E988ABD0CB}
		{43DFAD18-3E35-4558-9BE2-CAFF6B5BA8A0} = {7AFDC516-B94B-43FA-BBB8-58E988ABD0CB}
		{ACCC0156-0921-43ED-8F67-AD8BDC8CDE31} = {7AFDC516-B94B-43FA-BBB8-58E988ABD0CB}
		{D07B8E38-E172-47F4-AD02-0373014A46D3} = {7AFDC516-B94B-43FA-BBB8-58E988ABD0CB}
		{B230A69C-C466-4065-B9C1-84D80E76D802} = {7AFDC516-B94B-43FA-BBB8-58E988ABD0CB}		
		{EAA5EB79-D475-4601-A59B-825C191CD25F} = {7AFDC516-B94B-43FA-BBB8-58E988ABD0CB}
		{69A2B0B8-BCAC-4101-AE7A-556FCC58C06E} = {7AFDC516-B94B-43FA-BBB8-58E988ABD0CB}
		{CF41E903-78EB-43BA-A355-E5FEB5ECECD4} = {7AFDC516-B94B-43FA-BBB8-58E988ABD0CB}
		{ACEF88D5-DADD-46DA-BAE1-2144D63F4C83} = {7AFDC516-B94B-43FA-BBB8-58E988ABD0CB}
		{FCD3AC7F-9DFD-46C8-AB1E-09F0B0F16DC5} = {7AFDC516-B94B-43FA-BBB8-58E988ABD0CB}
		{AFAA5CE1-C41B-44F0-88F8-FD8A43826D44} = {7AFDC516-B94B-43FA-BBB8-58E988ABD0CB}
		{9B163AA3-36BC-4AFB-88AB-79BC9E97E401} = {7AFDC516-B94B-43FA-BBB8-58E988ABD0CB}
		{56FFDBCA-7D14-43B8-A6CA-22A20E417EE1} = {7AFDC516-B94B-43FA-BBB8-58E988ABD0CB}
		{E1F10180-C7B9-4147-B51F-FA1B701966DC} = {7AFDC516-B94B-43FA-BBB8-58E988ABD0CB}
	EndGlobalSection
	GlobalSection(ExtensibilityGlobals) = postSolution
		SolutionGuid = {AE77E083-C703-4418-A89F-6B6708F84E7E}
	EndGlobalSection
EndGlobal
