
Microsoft Visual Studio Solution File, Format Version 12.00
# Visual Studio 15
VisualStudioVersion = 15.0.26124.0
MinimumVisualStudioVersion = 15.0.26124.0
Project("{FAE04EC0-301F-11D3-BF4B-00C04F79EFBC}") = "AliasAnalysis", "AliasAnalysis\AliasAnalysis.csproj", "{F86F556F-DA1B-4D17-875E-A818BDA16FAD}"
EndProject
Project("{FAE04EC0-301F-11D3-BF4B-00C04F79EFBC}") = "AngelicVerifier", "AngelicVerifier\AngelicVerifier.csproj", "{BBE5A082-E83B-4F6B-BCEE-192A68FA73BD}"
EndProject
Project("{FAE04EC0-301F-11D3-BF4B-00C04F79EFBC}") = "AvHarnessInstrumentation", "AvHarnessInstrumentation\AvHarnessInstrumentation.csproj", "{1243CABF-B4BB-4CE5-9C7A-0FC814492ECE}"
EndProject
Project("{FAE04EC0-301F-11D3-BF4B-00C04F79EFBC}") = "AvUtil", "AvUtil\AvUtil.csproj", "{0D135F2A-E5ED-4674-B0A1-56883EB06D4B}"
EndProject
Project("{FAE04EC0-301F-11D3-BF4B-00C04F79EFBC}") = "CoreLib", "CoreLib\CoreLib.csproj", "{77960A91-B1F6-4BAC-B8BD-EE8AF2D1E55D}"
EndProject
Project("{FAE04EC0-301F-11D3-BF4B-00C04F79EFBC}") = "Corral", "Corral\Corral.csproj", "{966B310D-9304-4EC8-BFFB-C6F345928CB7}"
EndProject
Project("{FAE04EC0-301F-11D3-BF4B-00C04F79EFBC}") = "ExplainError", "ExplainError\ExplainError.csproj", "{78D40727-AF11-4B1E-A71F-F2AF41D9E79A}"
EndProject
Project("{FAE04EC0-301F-11D3-BF4B-00C04F79EFBC}") = "FastAvn", "FastAvn\FastAvn.csproj", "{4E9DC810-3039-45EC-BC4D-EC7EF8D2BE17}"
EndProject
Project("{FAE04EC0-301F-11D3-BF4B-00C04F79EFBC}") = "ProgTransformation", "ProgTransformation\ProgTransformation.csproj", "{204D7554-D47F-401E-A5FE-8BA5BB9E6845}"
EndProject
Project("{FAE04EC0-301F-11D3-BF4B-00C04F79EFBC}") = "PropInst", "PropInst\PropInst.csproj", "{C4C4D82E-9E7D-419E-8FB2-9454D6E3EC96}"
EndProject
Project("{FAE04EC0-301F-11D3-BF4B-00C04F79EFBC}") = "PropInstUtils", "propinstutils\PropInstUtils.csproj", "{D1D95427-0E5F-46D0-BF53-CD7DA0DE28D1}"
EndProject
Project("{FAE04EC0-301F-11D3-BF4B-00C04F79EFBC}") = "CorralUtil", "Util\CorralUtil.csproj", "{89137ED6-5B69-4FAF-9CF5-B9ADE353C00F}"
EndProject
Global
	GlobalSection(SolutionConfigurationPlatforms) = preSolution
		Debug|Any CPU = Debug|Any CPU
		Debug|x64 = Debug|x64
		Debug|x86 = Debug|x86
		Release|Any CPU = Release|Any CPU
		Release|x64 = Release|x64
		Release|x86 = Release|x86
	EndGlobalSection
	GlobalSection(SolutionProperties) = preSolution
		HideSolutionNode = FALSE
	EndGlobalSection
	GlobalSection(ProjectConfigurationPlatforms) = postSolution
		{F86F556F-DA1B-4D17-875E-A818BDA16FAD}.Debug|Any CPU.ActiveCfg = Debug|Any CPU
		{F86F556F-DA1B-4D17-875E-A818BDA16FAD}.Debug|Any CPU.Build.0 = Debug|Any CPU
		{F86F556F-DA1B-4D17-875E-A818BDA16FAD}.Debug|x64.ActiveCfg = Debug|Any CPU
		{F86F556F-DA1B-4D17-875E-A818BDA16FAD}.Debug|x64.Build.0 = Debug|Any CPU
		{F86F556F-DA1B-4D17-875E-A818BDA16FAD}.Debug|x86.ActiveCfg = Debug|Any CPU
		{F86F556F-DA1B-4D17-875E-A818BDA16FAD}.Debug|x86.Build.0 = Debug|Any CPU
		{F86F556F-DA1B-4D17-875E-A818BDA16FAD}.Release|Any CPU.ActiveCfg = Release|Any CPU
		{F86F556F-DA1B-4D17-875E-A818BDA16FAD}.Release|Any CPU.Build.0 = Release|Any CPU
		{F86F556F-DA1B-4D17-875E-A818BDA16FAD}.Release|x64.ActiveCfg = Release|Any CPU
		{F86F556F-DA1B-4D17-875E-A818BDA16FAD}.Release|x64.Build.0 = Release|Any CPU
		{F86F556F-DA1B-4D17-875E-A818BDA16FAD}.Release|x86.ActiveCfg = Release|Any CPU
		{F86F556F-DA1B-4D17-875E-A818BDA16FAD}.Release|x86.Build.0 = Release|Any CPU
		{BBE5A082-E83B-4F6B-BCEE-192A68FA73BD}.Debug|Any CPU.ActiveCfg = Debug|Any CPU
		{BBE5A082-E83B-4F6B-BCEE-192A68FA73BD}.Debug|Any CPU.Build.0 = Debug|Any CPU
		{BBE5A082-E83B-4F6B-BCEE-192A68FA73BD}.Debug|x64.ActiveCfg = Debug|Any CPU
		{BBE5A082-E83B-4F6B-BCEE-192A68FA73BD}.Debug|x64.Build.0 = Debug|Any CPU
		{BBE5A082-E83B-4F6B-BCEE-192A68FA73BD}.Debug|x86.ActiveCfg = Debug|Any CPU
		{BBE5A082-E83B-4F6B-BCEE-192A68FA73BD}.Debug|x86.Build.0 = Debug|Any CPU
		{BBE5A082-E83B-4F6B-BCEE-192A68FA73BD}.Release|Any CPU.ActiveCfg = Release|Any CPU
		{BBE5A082-E83B-4F6B-BCEE-192A68FA73BD}.Release|Any CPU.Build.0 = Release|Any CPU
		{BBE5A082-E83B-4F6B-BCEE-192A68FA73BD}.Release|x64.ActiveCfg = Release|Any CPU
		{BBE5A082-E83B-4F6B-BCEE-192A68FA73BD}.Release|x64.Build.0 = Release|Any CPU
		{BBE5A082-E83B-4F6B-BCEE-192A68FA73BD}.Release|x86.ActiveCfg = Release|Any CPU
		{BBE5A082-E83B-4F6B-BCEE-192A68FA73BD}.Release|x86.Build.0 = Release|Any CPU
		{1243CABF-B4BB-4CE5-9C7A-0FC814492ECE}.Debug|Any CPU.ActiveCfg = Debug|Any CPU
		{1243CABF-B4BB-4CE5-9C7A-0FC814492ECE}.Debug|Any CPU.Build.0 = Debug|Any CPU
		{1243CABF-B4BB-4CE5-9C7A-0FC814492ECE}.Debug|x64.ActiveCfg = Debug|Any CPU
		{1243CABF-B4BB-4CE5-9C7A-0FC814492ECE}.Debug|x64.Build.0 = Debug|Any CPU
		{1243CABF-B4BB-4CE5-9C7A-0FC814492ECE}.Debug|x86.ActiveCfg = Debug|Any CPU
		{1243CABF-B4BB-4CE5-9C7A-0FC814492ECE}.Debug|x86.Build.0 = Debug|Any CPU
		{1243CABF-B4BB-4CE5-9C7A-0FC814492ECE}.Release|Any CPU.ActiveCfg = Release|Any CPU
		{1243CABF-B4BB-4CE5-9C7A-0FC814492ECE}.Release|Any CPU.Build.0 = Release|Any CPU
		{1243CABF-B4BB-4CE5-9C7A-0FC814492ECE}.Release|x64.ActiveCfg = Release|Any CPU
		{1243CABF-B4BB-4CE5-9C7A-0FC814492ECE}.Release|x64.Build.0 = Release|Any CPU
		{1243CABF-B4BB-4CE5-9C7A-0FC814492ECE}.Release|x86.ActiveCfg = Release|Any CPU
		{1243CABF-B4BB-4CE5-9C7A-0FC814492ECE}.Release|x86.Build.0 = Release|Any CPU
		{0D135F2A-E5ED-4674-B0A1-56883EB06D4B}.Debug|Any CPU.ActiveCfg = Debug|Any CPU
		{0D135F2A-E5ED-4674-B0A1-56883EB06D4B}.Debug|Any CPU.Build.0 = Debug|Any CPU
		{0D135F2A-E5ED-4674-B0A1-56883EB06D4B}.Debug|x64.ActiveCfg = Debug|Any CPU
		{0D135F2A-E5ED-4674-B0A1-56883EB06D4B}.Debug|x64.Build.0 = Debug|Any CPU
		{0D135F2A-E5ED-4674-B0A1-56883EB06D4B}.Debug|x86.ActiveCfg = Debug|Any CPU
		{0D135F2A-E5ED-4674-B0A1-56883EB06D4B}.Debug|x86.Build.0 = Debug|Any CPU
		{0D135F2A-E5ED-4674-B0A1-56883EB06D4B}.Release|Any CPU.ActiveCfg = Release|Any CPU
		{0D135F2A-E5ED-4674-B0A1-56883EB06D4B}.Release|Any CPU.Build.0 = Release|Any CPU
		{0D135F2A-E5ED-4674-B0A1-56883EB06D4B}.Release|x64.ActiveCfg = Release|Any CPU
		{0D135F2A-E5ED-4674-B0A1-56883EB06D4B}.Release|x64.Build.0 = Release|Any CPU
		{0D135F2A-E5ED-4674-B0A1-56883EB06D4B}.Release|x86.ActiveCfg = Release|Any CPU
		{0D135F2A-E5ED-4674-B0A1-56883EB06D4B}.Release|x86.Build.0 = Release|Any CPU
		{77960A91-B1F6-4BAC-B8BD-EE8AF2D1E55D}.Debug|Any CPU.ActiveCfg = Debug|Any CPU
		{77960A91-B1F6-4BAC-B8BD-EE8AF2D1E55D}.Debug|Any CPU.Build.0 = Debug|Any CPU
		{77960A91-B1F6-4BAC-B8BD-EE8AF2D1E55D}.Debug|x64.ActiveCfg = Debug|Any CPU
		{77960A91-B1F6-4BAC-B8BD-EE8AF2D1E55D}.Debug|x64.Build.0 = Debug|Any CPU
		{77960A91-B1F6-4BAC-B8BD-EE8AF2D1E55D}.Debug|x86.ActiveCfg = Debug|Any CPU
		{77960A91-B1F6-4BAC-B8BD-EE8AF2D1E55D}.Debug|x86.Build.0 = Debug|Any CPU
		{77960A91-B1F6-4BAC-B8BD-EE8AF2D1E55D}.Release|Any CPU.ActiveCfg = Release|Any CPU
		{77960A91-B1F6-4BAC-B8BD-EE8AF2D1E55D}.Release|Any CPU.Build.0 = Release|Any CPU
		{77960A91-B1F6-4BAC-B8BD-EE8AF2D1E55D}.Release|x64.ActiveCfg = Release|Any CPU
		{77960A91-B1F6-4BAC-B8BD-EE8AF2D1E55D}.Release|x64.Build.0 = Release|Any CPU
		{77960A91-B1F6-4BAC-B8BD-EE8AF2D1E55D}.Release|x86.ActiveCfg = Release|Any CPU
		{77960A91-B1F6-4BAC-B8BD-EE8AF2D1E55D}.Release|x86.Build.0 = Release|Any CPU
		{966B310D-9304-4EC8-BFFB-C6F345928CB7}.Debug|Any CPU.ActiveCfg = Debug|Any CPU
		{966B310D-9304-4EC8-BFFB-C6F345928CB7}.Debug|Any CPU.Build.0 = Debug|Any CPU
		{966B310D-9304-4EC8-BFFB-C6F345928CB7}.Debug|x64.ActiveCfg = Debug|Any CPU
		{966B310D-9304-4EC8-BFFB-C6F345928CB7}.Debug|x64.Build.0 = Debug|Any CPU
		{966B310D-9304-4EC8-BFFB-C6F345928CB7}.Debug|x86.ActiveCfg = Debug|Any CPU
		{966B310D-9304-4EC8-BFFB-C6F345928CB7}.Debug|x86.Build.0 = Debug|Any CPU
		{966B310D-9304-4EC8-BFFB-C6F345928CB7}.Release|Any CPU.ActiveCfg = Release|Any CPU
		{966B310D-9304-4EC8-BFFB-C6F345928CB7}.Release|Any CPU.Build.0 = Release|Any CPU
		{966B310D-9304-4EC8-BFFB-C6F345928CB7}.Release|x64.ActiveCfg = Release|Any CPU
		{966B310D-9304-4EC8-BFFB-C6F345928CB7}.Release|x64.Build.0 = Release|Any CPU
		{966B310D-9304-4EC8-BFFB-C6F345928CB7}.Release|x86.ActiveCfg = Release|Any CPU
		{966B310D-9304-4EC8-BFFB-C6F345928CB7}.Release|x86.Build.0 = Release|Any CPU
		{78D40727-AF11-4B1E-A71F-F2AF41D9E79A}.Debug|Any CPU.ActiveCfg = Debug|Any CPU
		{78D40727-AF11-4B1E-A71F-F2AF41D9E79A}.Debug|Any CPU.Build.0 = Debug|Any CPU
		{78D40727-AF11-4B1E-A71F-F2AF41D9E79A}.Debug|x64.ActiveCfg = Debug|Any CPU
		{78D40727-AF11-4B1E-A71F-F2AF41D9E79A}.Debug|x64.Build.0 = Debug|Any CPU
		{78D40727-AF11-4B1E-A71F-F2AF41D9E79A}.Debug|x86.ActiveCfg = Debug|Any CPU
		{78D40727-AF11-4B1E-A71F-F2AF41D9E79A}.Debug|x86.Build.0 = Debug|Any CPU
		{78D40727-AF11-4B1E-A71F-F2AF41D9E79A}.Release|Any CPU.ActiveCfg = Release|Any CPU
		{78D40727-AF11-4B1E-A71F-F2AF41D9E79A}.Release|Any CPU.Build.0 = Release|Any CPU
		{78D40727-AF11-4B1E-A71F-F2AF41D9E79A}.Release|x64.ActiveCfg = Release|Any CPU
		{78D40727-AF11-4B1E-A71F-F2AF41D9E79A}.Release|x64.Build.0 = Release|Any CPU
		{78D40727-AF11-4B1E-A71F-F2AF41D9E79A}.Release|x86.ActiveCfg = Release|Any CPU
		{78D40727-AF11-4B1E-A71F-F2AF41D9E79A}.Release|x86.Build.0 = Release|Any CPU
		{4E9DC810-3039-45EC-BC4D-EC7EF8D2BE17}.Debug|Any CPU.ActiveCfg = Debug|Any CPU
		{4E9DC810-3039-45EC-BC4D-EC7EF8D2BE17}.Debug|Any CPU.Build.0 = Debug|Any CPU
		{4E9DC810-3039-45EC-BC4D-EC7EF8D2BE17}.Debug|x64.ActiveCfg = Debug|Any CPU
		{4E9DC810-3039-45EC-BC4D-EC7EF8D2BE17}.Debug|x64.Build.0 = Debug|Any CPU
		{4E9DC810-3039-45EC-BC4D-EC7EF8D2BE17}.Debug|x86.ActiveCfg = Debug|Any CPU
		{4E9DC810-3039-45EC-BC4D-EC7EF8D2BE17}.Debug|x86.Build.0 = Debug|Any CPU
		{4E9DC810-3039-45EC-BC4D-EC7EF8D2BE17}.Release|Any CPU.ActiveCfg = Release|Any CPU
		{4E9DC810-3039-45EC-BC4D-EC7EF8D2BE17}.Release|Any CPU.Build.0 = Release|Any CPU
		{4E9DC810-3039-45EC-BC4D-EC7EF8D2BE17}.Release|x64.ActiveCfg = Release|Any CPU
		{4E9DC810-3039-45EC-BC4D-EC7EF8D2BE17}.Release|x64.Build.0 = Release|Any CPU
		{4E9DC810-3039-45EC-BC4D-EC7EF8D2BE17}.Release|x86.ActiveCfg = Release|Any CPU
		{4E9DC810-3039-45EC-BC4D-EC7EF8D2BE17}.Release|x86.Build.0 = Release|Any CPU
		{204D7554-D47F-401E-A5FE-8BA5BB9E6845}.Debug|Any CPU.ActiveCfg = Debug|Any CPU
		{204D7554-D47F-401E-A5FE-8BA5BB9E6845}.Debug|Any CPU.Build.0 = Debug|Any CPU
		{204D7554-D47F-401E-A5FE-8BA5BB9E6845}.Debug|x64.ActiveCfg = Debug|Any CPU
		{204D7554-D47F-401E-A5FE-8BA5BB9E6845}.Debug|x64.Build.0 = Debug|Any CPU
		{204D7554-D47F-401E-A5FE-8BA5BB9E6845}.Debug|x86.ActiveCfg = Debug|Any CPU
		{204D7554-D47F-401E-A5FE-8BA5BB9E6845}.Debug|x86.Build.0 = Debug|Any CPU
		{204D7554-D47F-401E-A5FE-8BA5BB9E6845}.Release|Any CPU.ActiveCfg = Release|Any CPU
		{204D7554-D47F-401E-A5FE-8BA5BB9E6845}.Release|Any CPU.Build.0 = Release|Any CPU
		{204D7554-D47F-401E-A5FE-8BA5BB9E6845}.Release|x64.ActiveCfg = Release|Any CPU
		{204D7554-D47F-401E-A5FE-8BA5BB9E6845}.Release|x64.Build.0 = Release|Any CPU
		{204D7554-D47F-401E-A5FE-8BA5BB9E6845}.Release|x86.ActiveCfg = Release|Any CPU
		{204D7554-D47F-401E-A5FE-8BA5BB9E6845}.Release|x86.Build.0 = Release|Any CPU
		{C4C4D82E-9E7D-419E-8FB2-9454D6E3EC96}.Debug|Any CPU.ActiveCfg = Debug|Any CPU
		{C4C4D82E-9E7D-419E-8FB2-9454D6E3EC96}.Debug|Any CPU.Build.0 = Debug|Any CPU
		{C4C4D82E-9E7D-419E-8FB2-9454D6E3EC96}.Debug|x64.ActiveCfg = Debug|Any CPU
		{C4C4D82E-9E7D-419E-8FB2-9454D6E3EC96}.Debug|x64.Build.0 = Debug|Any CPU
		{C4C4D82E-9E7D-419E-8FB2-9454D6E3EC96}.Debug|x86.ActiveCfg = Debug|Any CPU
		{C4C4D82E-9E7D-419E-8FB2-9454D6E3EC96}.Debug|x86.Build.0 = Debug|Any CPU
		{C4C4D82E-9E7D-419E-8FB2-9454D6E3EC96}.Release|Any CPU.ActiveCfg = Release|Any CPU
		{C4C4D82E-9E7D-419E-8FB2-9454D6E3EC96}.Release|Any CPU.Build.0 = Release|Any CPU
		{C4C4D82E-9E7D-419E-8FB2-9454D6E3EC96}.Release|x64.ActiveCfg = Release|Any CPU
		{C4C4D82E-9E7D-419E-8FB2-9454D6E3EC96}.Release|x64.Build.0 = Release|Any CPU
		{C4C4D82E-9E7D-419E-8FB2-9454D6E3EC96}.Release|x86.ActiveCfg = Release|Any CPU
		{C4C4D82E-9E7D-419E-8FB2-9454D6E3EC96}.Release|x86.Build.0 = Release|Any CPU
		{D1D95427-0E5F-46D0-BF53-CD7DA0DE28D1}.Debug|Any CPU.ActiveCfg = Debug|Any CPU
		{D1D95427-0E5F-46D0-BF53-CD7DA0DE28D1}.Debug|Any CPU.Build.0 = Debug|Any CPU
		{D1D95427-0E5F-46D0-BF53-CD7DA0DE28D1}.Debug|x64.ActiveCfg = Debug|Any CPU
		{D1D95427-0E5F-46D0-BF53-CD7DA0DE28D1}.Debug|x64.Build.0 = Debug|Any CPU
		{D1D95427-0E5F-46D0-BF53-CD7DA0DE28D1}.Debug|x86.ActiveCfg = Debug|Any CPU
		{D1D95427-0E5F-46D0-BF53-CD7DA0DE28D1}.Debug|x86.Build.0 = Debug|Any CPU
		{D1D95427-0E5F-46D0-BF53-CD7DA0DE28D1}.Release|Any CPU.ActiveCfg = Release|Any CPU
		{D1D95427-0E5F-46D0-BF53-CD7DA0DE28D1}.Release|Any CPU.Build.0 = Release|Any CPU
		{D1D95427-0E5F-46D0-BF53-CD7DA0DE28D1}.Release|x64.ActiveCfg = Release|Any CPU
		{D1D95427-0E5F-46D0-BF53-CD7DA0DE28D1}.Release|x64.Build.0 = Release|Any CPU
		{D1D95427-0E5F-46D0-BF53-CD7DA0DE28D1}.Release|x86.ActiveCfg = Release|Any CPU
		{D1D95427-0E5F-46D0-BF53-CD7DA0DE28D1}.Release|x86.Build.0 = Release|Any CPU
		{89137ED6-5B69-4FAF-9CF5-B9ADE353C00F}.Debug|Any CPU.ActiveCfg = Debug|Any CPU
		{89137ED6-5B69-4FAF-9CF5-B9ADE353C00F}.Debug|Any CPU.Build.0 = Debug|Any CPU
		{89137ED6-5B69-4FAF-9CF5-B9ADE353C00F}.Debug|x64.ActiveCfg = Debug|Any CPU
		{89137ED6-5B69-4FAF-9CF5-B9ADE353C00F}.Debug|x64.Build.0 = Debug|Any CPU
		{89137ED6-5B69-4FAF-9CF5-B9ADE353C00F}.Debug|x86.ActiveCfg = Debug|Any CPU
		{89137ED6-5B69-4FAF-9CF5-B9ADE353C00F}.Debug|x86.Build.0 = Debug|Any CPU
		{89137ED6-5B69-4FAF-9CF5-B9ADE353C00F}.Release|Any CPU.ActiveCfg = Release|Any CPU
		{89137ED6-5B69-4FAF-9CF5-B9ADE353C00F}.Release|Any CPU.Build.0 = Release|Any CPU
		{89137ED6-5B69-4FAF-9CF5-B9ADE353C00F}.Release|x64.ActiveCfg = Release|Any CPU
		{89137ED6-5B69-4FAF-9CF5-B9ADE353C00F}.Release|x64.Build.0 = Release|Any CPU
		{89137ED6-5B69-4FAF-9CF5-B9ADE353C00F}.Release|x86.ActiveCfg = Release|Any CPU
		{89137ED6-5B69-4FAF-9CF5-B9ADE353C00F}.Release|x86.Build.0 = Release|Any CPU
	EndGlobalSection
EndGlobal
