
Microsoft Visual Studio Solution File, Format Version 12.00
# Visual Studio 15
VisualStudioVersion = 15.0.26124.0
MinimumVisualStudioVersion = 15.0.26124.0
Project("{FAE04EC0-301F-11D3-BF4B-00C04F79EFBC}") = "Corral", "Corral\Corral.csproj", "{B4CA290E-83E7-4AE3-91BD-14D7FE7F5784}"
EndProject
Project("{FAE04EC0-301F-11D3-BF4B-00C04F79EFBC}") = "CoreLib", "CoreLib\CoreLib.csproj", "{2F636E82-804A-4173-B11F-3628CA621175}"
EndProject
Project("{FAE04EC0-301F-11D3-BF4B-00C04F79EFBC}") = "ExplainError", "ExplainError\ExplainError.csproj", "{C25890FA-0C4F-4062-AE94-344453FA9D3A}"
EndProject
Project("{FAE04EC0-301F-11D3-BF4B-00C04F79EFBC}") = "ProgTransformation", "ProgTransformation\ProgTransformation.csproj", "{1C49F422-03E5-4857-BC08-BF3BC93A6CB5}"
EndProject
Project("{FAE04EC0-301F-11D3-BF4B-00C04F79EFBC}") = "CorralUtil", "Util\CorralUtil.csproj", "{C388093B-0A11-4D90-B111-6C4C9F130819}"
EndProject
Global
	GlobalSection(SolutionConfigurationPlatforms) = preSolution
		Debug|Any CPU = Debug|Any CPU
		Debug|x64 = Debug|x64
		Debug|x86 = Debug|x86
		Release|Any CPU = Release|Any CPU
		Release|x64 = Release|x64
		Release|x86 = Release|x86
	EndGlobalSection
	GlobalSection(SolutionProperties) = preSolution
		HideSolutionNode = FALSE
	EndGlobalSection
	GlobalSection(ProjectConfigurationPlatforms) = postSolution
		{B4CA290E-83E7-4AE3-91BD-14D7FE7F5784}.Debug|Any CPU.ActiveCfg = Debug|Any CPU
		{B4CA290E-83E7-4AE3-91BD-14D7FE7F5784}.Debug|Any CPU.Build.0 = Debug|Any CPU
		{B4CA290E-83E7-4AE3-91BD-14D7FE7F5784}.Debug|x64.ActiveCfg = Debug|Any CPU
		{B4CA290E-83E7-4AE3-91BD-14D7FE7F5784}.Debug|x64.Build.0 = Debug|Any CPU
		{B4CA290E-83E7-4AE3-91BD-14D7FE7F5784}.Debug|x86.ActiveCfg = Debug|Any CPU
		{B4CA290E-83E7-4AE3-91BD-14D7FE7F5784}.Debug|x86.Build.0 = Debug|Any CPU
		{B4CA290E-83E7-4AE3-91BD-14D7FE7F5784}.Release|Any CPU.ActiveCfg = Release|Any CPU
		{B4CA290E-83E7-4AE3-91BD-14D7FE7F5784}.Release|Any CPU.Build.0 = Release|Any CPU
		{B4CA290E-83E7-4AE3-91BD-14D7FE7F5784}.Release|x64.ActiveCfg = Release|Any CPU
		{B4CA290E-83E7-4AE3-91BD-14D7FE7F5784}.Release|x64.Build.0 = Release|Any CPU
		{B4CA290E-83E7-4AE3-91BD-14D7FE7F5784}.Release|x86.ActiveCfg = Release|Any CPU
		{B4CA290E-83E7-4AE3-91BD-14D7FE7F5784}.Release|x86.Build.0 = Release|Any CPU
		{2F636E82-804A-4173-B11F-3628CA621175}.Debug|Any CPU.ActiveCfg = Debug|Any CPU
		{2F636E82-804A-4173-B11F-3628CA621175}.Debug|Any CPU.Build.0 = Debug|Any CPU
		{2F636E82-804A-4173-B11F-3628CA621175}.Debug|x64.ActiveCfg = Debug|Any CPU
		{2F636E82-804A-4173-B11F-3628CA621175}.Debug|x64.Build.0 = Debug|Any CPU
		{2F636E82-804A-4173-B11F-3628CA621175}.Debug|x86.ActiveCfg = Debug|Any CPU
		{2F636E82-804A-4173-B11F-3628CA621175}.Debug|x86.Build.0 = Debug|Any CPU
		{2F636E82-804A-4173-B11F-3628CA621175}.Release|Any CPU.ActiveCfg = Release|Any CPU
		{2F636E82-804A-4173-B11F-3628CA621175}.Release|Any CPU.Build.0 = Release|Any CPU
		{2F636E82-804A-4173-B11F-3628CA621175}.Release|x64.ActiveCfg = Release|Any CPU
		{2F636E82-804A-4173-B11F-3628CA621175}.Release|x64.Build.0 = Release|Any CPU
		{2F636E82-804A-4173-B11F-3628CA621175}.Release|x86.ActiveCfg = Release|Any CPU
		{2F636E82-804A-4173-B11F-3628CA621175}.Release|x86.Build.0 = Release|Any CPU
		{C25890FA-0C4F-4062-AE94-344453FA9D3A}.Debug|Any CPU.ActiveCfg = Debug|Any CPU
		{C25890FA-0C4F-4062-AE94-344453FA9D3A}.Debug|Any CPU.Build.0 = Debug|Any CPU
		{C25890FA-0C4F-4062-AE94-344453FA9D3A}.Debug|x64.ActiveCfg = Debug|Any CPU
		{C25890FA-0C4F-4062-AE94-344453FA9D3A}.Debug|x64.Build.0 = Debug|Any CPU
		{C25890FA-0C4F-4062-AE94-344453FA9D3A}.Debug|x86.ActiveCfg = Debug|Any CPU
		{C25890FA-0C4F-4062-AE94-344453FA9D3A}.Debug|x86.Build.0 = Debug|Any CPU
		{C25890FA-0C4F-4062-AE94-344453FA9D3A}.Release|Any CPU.ActiveCfg = Release|Any CPU
		{C25890FA-0C4F-4062-AE94-344453FA9D3A}.Release|Any CPU.Build.0 = Release|Any CPU
		{C25890FA-0C4F-4062-AE94-344453FA9D3A}.Release|x64.ActiveCfg = Release|Any CPU
		{C25890FA-0C4F-4062-AE94-344453FA9D3A}.Release|x64.Build.0 = Release|Any CPU
		{C25890FA-0C4F-4062-AE94-344453FA9D3A}.Release|x86.ActiveCfg = Release|Any CPU
		{C25890FA-0C4F-4062-AE94-344453FA9D3A}.Release|x86.Build.0 = Release|Any CPU
		{1C49F422-03E5-4857-BC08-BF3BC93A6CB5}.Debug|Any CPU.ActiveCfg = Debug|Any CPU
		{1C49F422-03E5-4857-BC08-BF3BC93A6CB5}.Debug|Any CPU.Build.0 = Debug|Any CPU
		{1C49F422-03E5-4857-BC08-BF3BC93A6CB5}.Debug|x64.ActiveCfg = Debug|Any CPU
		{1C49F422-03E5-4857-BC08-BF3BC93A6CB5}.Debug|x64.Build.0 = Debug|Any CPU
		{1C49F422-03E5-4857-BC08-BF3BC93A6CB5}.Debug|x86.ActiveCfg = Debug|Any CPU
		{1C49F422-03E5-4857-BC08-BF3BC93A6CB5}.Debug|x86.Build.0 = Debug|Any CPU
		{1C49F422-03E5-4857-BC08-BF3BC93A6CB5}.Release|Any CPU.ActiveCfg = Release|Any CPU
		{1C49F422-03E5-4857-BC08-BF3BC93A6CB5}.Release|Any CPU.Build.0 = Release|Any CPU
		{1C49F422-03E5-4857-BC08-BF3BC93A6CB5}.Release|x64.ActiveCfg = Release|Any CPU
		{1C49F422-03E5-4857-BC08-BF3BC93A6CB5}.Release|x64.Build.0 = Release|Any CPU
		{1C49F422-03E5-4857-BC08-BF3BC93A6CB5}.Release|x86.ActiveCfg = Release|Any CPU
		{1C49F422-03E5-4857-BC08-BF3BC93A6CB5}.Release|x86.Build.0 = Release|Any CPU
		{C388093B-0A11-4D90-B111-6C4C9F130819}.Debug|Any CPU.ActiveCfg = Debug|Any CPU
		{C388093B-0A11-4D90-B111-6C4C9F130819}.Debug|Any CPU.Build.0 = Debug|Any CPU
		{C388093B-0A11-4D90-B111-6C4C9F130819}.Debug|x64.ActiveCfg = Debug|Any CPU
		{C388093B-0A11-4D90-B111-6C4C9F130819}.Debug|x64.Build.0 = Debug|Any CPU
		{C388093B-0A11-4D90-B111-6C4C9F130819}.Debug|x86.ActiveCfg = Debug|Any CPU
		{C388093B-0A11-4D90-B111-6C4C9F130819}.Debug|x86.Build.0 = Debug|Any CPU
		{C388093B-0A11-4D90-B111-6C4C9F130819}.Release|Any CPU.ActiveCfg = Release|Any CPU
		{C388093B-0A11-4D90-B111-6C4C9F130819}.Release|Any CPU.Build.0 = Release|Any CPU
		{C388093B-0A11-4D90-B111-6C4C9F130819}.Release|x64.ActiveCfg = Release|Any CPU
		{C388093B-0A11-4D90-B111-6C4C9F130819}.Release|x64.Build.0 = Release|Any CPU
		{C388093B-0A11-4D90-B111-6C4C9F130819}.Release|x86.ActiveCfg = Release|Any CPU
		{C388093B-0A11-4D90-B111-6C4C9F130819}.Release|x86.Build.0 = Release|Any CPU
	EndGlobalSection
EndGlobal
